// !$*UTF8*$!
{
	archiveVersion = 1;
	classes = {
	};
	objectVersion = 55;
	objects = {

/* Begin PBXBuildFile section */
		78170C1529E4532D00AB52C9 /* ErrorView.xib in Resources */ = {isa = PBXBuildFile; fileRef = 78170C1429E4532D00AB52C9 /* ErrorView.xib */; };
		78170C1729E4542600AB52C9 /* ErrorView.swift in Sources */ = {isa = PBXBuildFile; fileRef = 78170C1629E4542600AB52C9 /* ErrorView.swift */; };
		798722CC2A311B280052B204 /* SharedAssets.xcassets in Resources */ = {isa = PBXBuildFile; fileRef = 798722CB2A311B280052B204 /* SharedAssets.xcassets */; };
		8076838D27B2C0AE00A24DF8 /* AppDelegate.swift in Sources */ = {isa = PBXBuildFile; fileRef = 8076838C27B2C0AE00A24DF8 /* AppDelegate.swift */; };
		8076838F27B2C0AE00A24DF8 /* SceneDelegate.swift in Sources */ = {isa = PBXBuildFile; fileRef = 8076838E27B2C0AE00A24DF8 /* SceneDelegate.swift */; };
		8076839127B2C0AE00A24DF8 /* ViewController.swift in Sources */ = {isa = PBXBuildFile; fileRef = 8076839027B2C0AE00A24DF8 /* ViewController.swift */; };
		8076839427B2C0AE00A24DF8 /* Main.storyboard in Resources */ = {isa = PBXBuildFile; fileRef = 8076839227B2C0AE00A24DF8 /* Main.storyboard */; };
		8076839627B2C0B000A24DF8 /* Assets.xcassets in Resources */ = {isa = PBXBuildFile; fileRef = 8076839527B2C0B000A24DF8 /* Assets.xcassets */; };
		8076839927B2C0B000A24DF8 /* LaunchScreen.storyboard in Resources */ = {isa = PBXBuildFile; fileRef = 8076839727B2C0B000A24DF8 /* LaunchScreen.storyboard */; };
		807683A127B2C45B00A24DF8 /* PlayerViewController.swift in Sources */ = {isa = PBXBuildFile; fileRef = 807683A027B2C45B00A24DF8 /* PlayerViewController.swift */; };
		807683A627B2E9FA00A24DF8 /* AdControls.xib in Resources */ = {isa = PBXBuildFile; fileRef = 807683A527B2E9FA00A24DF8 /* AdControls.xib */; };
		807683A827B2F32300A24DF8 /* AdControlsView.swift in Sources */ = {isa = PBXBuildFile; fileRef = 807683A727B2F32300A24DF8 /* AdControlsView.swift */; };
		807683AB27B2F49200A24DF8 /* XibView.swift in Sources */ = {isa = PBXBuildFile; fileRef = 807683AA27B2F49200A24DF8 /* XibView.swift */; };
		807683AE27B2F6DE00A24DF8 /* UIView.swift in Sources */ = {isa = PBXBuildFile; fileRef = 807683AD27B2F6DE00A24DF8 /* UIView.swift */; };
		807683B027B2FDBE00A24DF8 /* VideoControls.xib in Resources */ = {isa = PBXBuildFile; fileRef = 807683AF27B2FDBE00A24DF8 /* VideoControls.xib */; };
		807683B227B30DC600A24DF8 /* VideoControlsView.swift in Sources */ = {isa = PBXBuildFile; fileRef = 807683B127B30DC600A24DF8 /* VideoControlsView.swift */; };
		807683B427B3159C00A24DF8 /* PlayerViewManager.swift in Sources */ = {isa = PBXBuildFile; fileRef = 807683B327B3159C00A24DF8 /* PlayerViewManager.swift */; };
		807683B627B32B6000A24DF8 /* InterfaceButtonListener.swift in Sources */ = {isa = PBXBuildFile; fileRef = 807683B527B32B6000A24DF8 /* InterfaceButtonListener.swift */; };
		807683B827B35E6B00A24DF8 /* FullScreenPlayerViewController.swift in Sources */ = {isa = PBXBuildFile; fileRef = 807683B727B35E6B00A24DF8 /* FullScreenPlayerViewController.swift */; };
		E6D299EEEC104C9E2A162B57 /* Pods_Custom_UI.framework in Frameworks */ = {isa = PBXBuildFile; fileRef = 3EAC3A7013E76CBB40649B59 /* Pods_Custom_UI.framework */; };
/* End PBXBuildFile section */

/* Begin PBXFileReference section */
		3EAC3A7013E76CBB40649B59 /* Pods_Custom_UI.framework */ = {isa = PBXFileReference; explicitFileType = wrapper.framework; includeInIndex = 0; path = Pods_Custom_UI.framework; sourceTree = BUILT_PRODUCTS_DIR; };
		78170C1429E4532D00AB52C9 /* ErrorView.xib */ = {isa = PBXFileReference; lastKnownFileType = file.xib; path = ErrorView.xib; sourceTree = "<group>"; };
		78170C1629E4542600AB52C9 /* ErrorView.swift */ = {isa = PBXFileReference; lastKnownFileType = sourcecode.swift; path = ErrorView.swift; sourceTree = "<group>"; };
		798722CB2A311B280052B204 /* SharedAssets.xcassets */ = {isa = PBXFileReference; lastKnownFileType = folder.assetcatalog; name = SharedAssets.xcassets; path = ../../SharedAssets.xcassets; sourceTree = "<group>"; };
		8076838927B2C0AE00A24DF8 /* Custom UI.app */ = {isa = PBXFileReference; explicitFileType = wrapper.application; includeInIndex = 0; path = "Custom UI.app"; sourceTree = BUILT_PRODUCTS_DIR; };
		8076838C27B2C0AE00A24DF8 /* AppDelegate.swift */ = {isa = PBXFileReference; lastKnownFileType = sourcecode.swift; path = AppDelegate.swift; sourceTree = "<group>"; };
		8076838E27B2C0AE00A24DF8 /* SceneDelegate.swift */ = {isa = PBXFileReference; lastKnownFileType = sourcecode.swift; path = SceneDelegate.swift; sourceTree = "<group>"; };
		8076839027B2C0AE00A24DF8 /* ViewController.swift */ = {isa = PBXFileReference; lastKnownFileType = sourcecode.swift; path = ViewController.swift; sourceTree = "<group>"; };
		8076839327B2C0AE00A24DF8 /* Base */ = {isa = PBXFileReference; lastKnownFileType = file.storyboard; name = Base; path = Base.lproj/Main.storyboard; sourceTree = "<group>"; };
		8076839527B2C0B000A24DF8 /* Assets.xcassets */ = {isa = PBXFileReference; lastKnownFileType = folder.assetcatalog; path = Assets.xcassets; sourceTree = "<group>"; };
		8076839827B2C0B000A24DF8 /* Base */ = {isa = PBXFileReference; lastKnownFileType = file.storyboard; name = Base; path = Base.lproj/LaunchScreen.storyboard; sourceTree = "<group>"; };
		8076839A27B2C0B000A24DF8 /* Info.plist */ = {isa = PBXFileReference; lastKnownFileType = text.plist.xml; path = Info.plist; sourceTree = "<group>"; };
		807683A027B2C45B00A24DF8 /* PlayerViewController.swift */ = {isa = PBXFileReference; lastKnownFileType = sourcecode.swift; path = PlayerViewController.swift; sourceTree = "<group>"; };
		807683A527B2E9FA00A24DF8 /* AdControls.xib */ = {isa = PBXFileReference; lastKnownFileType = file.xib; path = AdControls.xib; sourceTree = "<group>"; };
		807683A727B2F32300A24DF8 /* AdControlsView.swift */ = {isa = PBXFileReference; lastKnownFileType = sourcecode.swift; path = AdControlsView.swift; sourceTree = "<group>"; };
		807683AA27B2F49200A24DF8 /* XibView.swift */ = {isa = PBXFileReference; lastKnownFileType = sourcecode.swift; path = XibView.swift; sourceTree = "<group>"; };
		807683AD27B2F6DE00A24DF8 /* UIView.swift */ = {isa = PBXFileReference; lastKnownFileType = sourcecode.swift; path = UIView.swift; sourceTree = "<group>"; };
		807683AF27B2FDBE00A24DF8 /* VideoControls.xib */ = {isa = PBXFileReference; lastKnownFileType = file.xib; path = VideoControls.xib; sourceTree = "<group>"; };
		807683B127B30DC600A24DF8 /* VideoControlsView.swift */ = {isa = PBXFileReference; lastKnownFileType = sourcecode.swift; path = VideoControlsView.swift; sourceTree = "<group>"; };
		807683B327B3159C00A24DF8 /* PlayerViewManager.swift */ = {isa = PBXFileReference; lastKnownFileType = sourcecode.swift; path = PlayerViewManager.swift; sourceTree = "<group>"; };
		807683B527B32B6000A24DF8 /* InterfaceButtonListener.swift */ = {isa = PBXFileReference; lastKnownFileType = sourcecode.swift; path = InterfaceButtonListener.swift; sourceTree = "<group>"; };
		807683B727B35E6B00A24DF8 /* FullScreenPlayerViewController.swift */ = {isa = PBXFileReference; lastKnownFileType = sourcecode.swift; path = FullScreenPlayerViewController.swift; sourceTree = "<group>"; };
		807683B927B3FD1500A24DF8 /* README.md */ = {isa = PBXFileReference; lastKnownFileType = net.daringfireball.markdown; path = README.md; sourceTree = "<group>"; };
		A554020BC0A926C37404D366 /* Pods-Custom UI.debug.xcconfig */ = {isa = PBXFileReference; includeInIndex = 1; lastKnownFileType = text.xcconfig; name = "Pods-Custom UI.debug.xcconfig"; path = "Target Support Files/Pods-Custom UI/Pods-Custom UI.debug.xcconfig"; sourceTree = "<group>"; };
		AC2D516550EDD22D5AC0C888 /* Pods-Custom UI.release.xcconfig */ = {isa = PBXFileReference; includeInIndex = 1; lastKnownFileType = text.xcconfig; name = "Pods-Custom UI.release.xcconfig"; path = "Target Support Files/Pods-Custom UI/Pods-Custom UI.release.xcconfig"; sourceTree = "<group>"; };
/* End PBXFileReference section */

/* Begin PBXFrameworksBuildPhase section */
		8076838627B2C0AE00A24DF8 /* Frameworks */ = {
			isa = PBXFrameworksBuildPhase;
			buildActionMask = 2147483647;
			files = (
				E6D299EEEC104C9E2A162B57 /* Pods_Custom_UI.framework in Frameworks */,
			);
			runOnlyForDeploymentPostprocessing = 0;
		};
/* End PBXFrameworksBuildPhase section */

/* Begin PBXGroup section */
		3F871CBC39D48FF0C39AEED1 /* Frameworks */ = {
			isa = PBXGroup;
			children = (
				3EAC3A7013E76CBB40649B59 /* Pods_Custom_UI.framework */,
			);
			name = Frameworks;
			sourceTree = "<group>";
		};
		8076838027B2C0AE00A24DF8 = {
			isa = PBXGroup;
			children = (
				807683B927B3FD1500A24DF8 /* README.md */,
				8076838B27B2C0AE00A24DF8 /* Custom UI */,
				8076838A27B2C0AE00A24DF8 /* Products */,
				9717EC764E6ABD682F2B97F2 /* Pods */,
				3F871CBC39D48FF0C39AEED1 /* Frameworks */,
			);
			sourceTree = "<group>";
		};
		8076838A27B2C0AE00A24DF8 /* Products */ = {
			isa = PBXGroup;
			children = (
				8076838927B2C0AE00A24DF8 /* Custom UI.app */,
			);
			name = Products;
			sourceTree = "<group>";
		};
		8076838B27B2C0AE00A24DF8 /* Custom UI */ = {
			isa = PBXGroup;
			children = (
				807683A327B2C47A00A24DF8 /* Application */,
				807683A227B2C46800A24DF8 /* Custom Player */,
				8076839227B2C0AE00A24DF8 /* Main.storyboard */,
				8076839527B2C0B000A24DF8 /* Assets.xcassets */,
				798722CB2A311B280052B204 /* SharedAssets.xcassets */,
				8076839727B2C0B000A24DF8 /* LaunchScreen.storyboard */,
				8076839A27B2C0B000A24DF8 /* Info.plist */,
			);
			path = "Custom UI";
			sourceTree = "<group>";
		};
		807683A227B2C46800A24DF8 /* Custom Player */ = {
			isa = PBXGroup;
			children = (
				807683AC27B2F6B400A24DF8 /* Extensions */,
				807683A927B2F47100A24DF8 /* Views */,
				807683A427B2E99300A24DF8 /* xibs */,
				807683A027B2C45B00A24DF8 /* PlayerViewController.swift */,
				807683B327B3159C00A24DF8 /* PlayerViewManager.swift */,
				807683B527B32B6000A24DF8 /* InterfaceButtonListener.swift */,
				807683B727B35E6B00A24DF8 /* FullScreenPlayerViewController.swift */,
			);
			path = "Custom Player";
			sourceTree = "<group>";
		};
		807683A327B2C47A00A24DF8 /* Application */ = {
			isa = PBXGroup;
			children = (
				8076838C27B2C0AE00A24DF8 /* AppDelegate.swift */,
				8076838E27B2C0AE00A24DF8 /* SceneDelegate.swift */,
				8076839027B2C0AE00A24DF8 /* ViewController.swift */,
			);
			path = Application;
			sourceTree = "<group>";
		};
		807683A427B2E99300A24DF8 /* xibs */ = {
			isa = PBXGroup;
			children = (
				807683A527B2E9FA00A24DF8 /* AdControls.xib */,
				78170C1429E4532D00AB52C9 /* ErrorView.xib */,
				807683AF27B2FDBE00A24DF8 /* VideoControls.xib */,
			);
			path = xibs;
			sourceTree = "<group>";
		};
		807683A927B2F47100A24DF8 /* Views */ = {
			isa = PBXGroup;
			children = (
				807683A727B2F32300A24DF8 /* AdControlsView.swift */,
				78170C1629E4542600AB52C9 /* ErrorView.swift */,
				807683B127B30DC600A24DF8 /* VideoControlsView.swift */,
				807683AA27B2F49200A24DF8 /* XibView.swift */,
			);
			path = Views;
			sourceTree = "<group>";
		};
		807683AC27B2F6B400A24DF8 /* Extensions */ = {
			isa = PBXGroup;
			children = (
				807683AD27B2F6DE00A24DF8 /* UIView.swift */,
			);
			path = Extensions;
			sourceTree = "<group>";
		};
		9717EC764E6ABD682F2B97F2 /* Pods */ = {
			isa = PBXGroup;
			children = (
				A554020BC0A926C37404D366 /* Pods-Custom UI.debug.xcconfig */,
				AC2D516550EDD22D5AC0C888 /* Pods-Custom UI.release.xcconfig */,
			);
			name = Pods;
			path = ../Pods;
			sourceTree = "<group>";
		};
/* End PBXGroup section */

/* Begin PBXNativeTarget section */
		8076838827B2C0AE00A24DF8 /* Custom UI */ = {
			isa = PBXNativeTarget;
			buildConfigurationList = 8076839D27B2C0B000A24DF8 /* Build configuration list for PBXNativeTarget "Custom UI" */;
			buildPhases = (
				8A56DBEB8A6D1C1C571B5D8E /* [CP] Check Pods Manifest.lock */,
				8076838527B2C0AE00A24DF8 /* Sources */,
				8076838627B2C0AE00A24DF8 /* Frameworks */,
				8076838727B2C0AE00A24DF8 /* Resources */,
				651F3DABD233878776433E05 /* [CP] Embed Pods Frameworks */,
			);
			buildRules = (
			);
			dependencies = (
			);
			name = "Custom UI";
			productName = "Custom UI";
			productReference = 8076838927B2C0AE00A24DF8 /* Custom UI.app */;
			productType = "com.apple.product-type.application";
		};
/* End PBXNativeTarget section */

/* Begin PBXProject section */
		8076838127B2C0AE00A24DF8 /* Project object */ = {
			isa = PBXProject;
			attributes = {
				BuildIndependentTargetsInParallel = 1;
				LastSwiftUpdateCheck = 1300;
				LastUpgradeCheck = 1300;
				TargetAttributes = {
					8076838827B2C0AE00A24DF8 = {
						CreatedOnToolsVersion = 13.0;
					};
				};
			};
			buildConfigurationList = 8076838427B2C0AE00A24DF8 /* Build configuration list for PBXProject "Custom UI" */;
			compatibilityVersion = "Xcode 13.0";
			developmentRegion = en;
			hasScannedForEncodings = 0;
			knownRegions = (
				en,
				Base,
			);
			mainGroup = 8076838027B2C0AE00A24DF8;
			productRefGroup = 8076838A27B2C0AE00A24DF8 /* Products */;
			projectDirPath = "";
			projectRoot = "";
			targets = (
				8076838827B2C0AE00A24DF8 /* Custom UI */,
			);
		};
/* End PBXProject section */

/* Begin PBXResourcesBuildPhase section */
		8076838727B2C0AE00A24DF8 /* Resources */ = {
			isa = PBXResourcesBuildPhase;
			buildActionMask = 2147483647;
			files = (
				807683A627B2E9FA00A24DF8 /* AdControls.xib in Resources */,
				8076839927B2C0B000A24DF8 /* LaunchScreen.storyboard in Resources */,
				8076839627B2C0B000A24DF8 /* Assets.xcassets in Resources */,
				78170C1529E4532D00AB52C9 /* ErrorView.xib in Resources */,
				798722CC2A311B280052B204 /* SharedAssets.xcassets in Resources */,
				807683B027B2FDBE00A24DF8 /* VideoControls.xib in Resources */,
				8076839427B2C0AE00A24DF8 /* Main.storyboard in Resources */,
			);
			runOnlyForDeploymentPostprocessing = 0;
		};
/* End PBXResourcesBuildPhase section */

/* Begin PBXShellScriptBuildPhase section */
		651F3DABD233878776433E05 /* [CP] Embed Pods Frameworks */ = {
			isa = PBXShellScriptBuildPhase;
			buildActionMask = 2147483647;
			files = (
			);
			inputFileListPaths = (
				"${PODS_ROOT}/Target Support Files/Pods-Custom UI/Pods-Custom UI-frameworks-${CONFIGURATION}-input-files.xcfilelist",
			);
			name = "[CP] Embed Pods Frameworks";
			outputFileListPaths = (
				"${PODS_ROOT}/Target Support Files/Pods-Custom UI/Pods-Custom UI-frameworks-${CONFIGURATION}-output-files.xcfilelist",
			);
			runOnlyForDeploymentPostprocessing = 0;
			shellPath = /bin/sh;
			shellScript = "\"${PODS_ROOT}/Target Support Files/Pods-Custom UI/Pods-Custom UI-frameworks.sh\"\n";
			showEnvVarsInLog = 0;
		};
		8A56DBEB8A6D1C1C571B5D8E /* [CP] Check Pods Manifest.lock */ = {
			isa = PBXShellScriptBuildPhase;
			buildActionMask = 2147483647;
			files = (
			);
			inputFileListPaths = (
			);
			inputPaths = (
				"${PODS_PODFILE_DIR_PATH}/Podfile.lock",
				"${PODS_ROOT}/Manifest.lock",
			);
			name = "[CP] Check Pods Manifest.lock";
			outputFileListPaths = (
			);
			outputPaths = (
				"$(DERIVED_FILE_DIR)/Pods-Custom UI-checkManifestLockResult.txt",
			);
			runOnlyForDeploymentPostprocessing = 0;
			shellPath = /bin/sh;
			shellScript = "diff \"${PODS_PODFILE_DIR_PATH}/Podfile.lock\" \"${PODS_ROOT}/Manifest.lock\" > /dev/null\nif [ $? != 0 ] ; then\n    # print error to STDERR\n    echo \"error: The sandbox is not in sync with the Podfile.lock. Run 'pod install' or update your CocoaPods installation.\" >&2\n    exit 1\nfi\n# This output is used by Xcode 'outputs' to avoid re-running this script phase.\necho \"SUCCESS\" > \"${SCRIPT_OUTPUT_FILE_0}\"\n";
			showEnvVarsInLog = 0;
		};
/* End PBXShellScriptBuildPhase section */

/* Begin PBXSourcesBuildPhase section */
		8076838527B2C0AE00A24DF8 /* Sources */ = {
			isa = PBXSourcesBuildPhase;
			buildActionMask = 2147483647;
			files = (
				807683B227B30DC600A24DF8 /* VideoControlsView.swift in Sources */,
				8076839127B2C0AE00A24DF8 /* ViewController.swift in Sources */,
				807683A127B2C45B00A24DF8 /* PlayerViewController.swift in Sources */,
				807683A827B2F32300A24DF8 /* AdControlsView.swift in Sources */,
				807683AE27B2F6DE00A24DF8 /* UIView.swift in Sources */,
				807683B627B32B6000A24DF8 /* InterfaceButtonListener.swift in Sources */,
				8076838D27B2C0AE00A24DF8 /* AppDelegate.swift in Sources */,
				78170C1729E4542600AB52C9 /* ErrorView.swift in Sources */,
				807683AB27B2F49200A24DF8 /* XibView.swift in Sources */,
				807683B827B35E6B00A24DF8 /* FullScreenPlayerViewController.swift in Sources */,
				8076838F27B2C0AE00A24DF8 /* SceneDelegate.swift in Sources */,
				807683B427B3159C00A24DF8 /* PlayerViewManager.swift in Sources */,
			);
			runOnlyForDeploymentPostprocessing = 0;
		};
/* End PBXSourcesBuildPhase section */

/* Begin PBXVariantGroup section */
		8076839227B2C0AE00A24DF8 /* Main.storyboard */ = {
			isa = PBXVariantGroup;
			children = (
				8076839327B2C0AE00A24DF8 /* Base */,
			);
			name = Main.storyboard;
			sourceTree = "<group>";
		};
		8076839727B2C0B000A24DF8 /* LaunchScreen.storyboard */ = {
			isa = PBXVariantGroup;
			children = (
				8076839827B2C0B000A24DF8 /* Base */,
			);
			name = LaunchScreen.storyboard;
			sourceTree = "<group>";
		};
/* End PBXVariantGroup section */

/* Begin XCBuildConfiguration section */
		8076839B27B2C0B000A24DF8 /* Debug */ = {
			isa = XCBuildConfiguration;
			buildSettings = {
				ALWAYS_SEARCH_USER_PATHS = NO;
				CLANG_ANALYZER_NONNULL = YES;
				CLANG_ANALYZER_NUMBER_OBJECT_CONVERSION = YES_AGGRESSIVE;
				CLANG_CXX_LANGUAGE_STANDARD = "gnu++17";
				CLANG_CXX_LIBRARY = "libc++";
				CLANG_ENABLE_MODULES = YES;
				CLANG_ENABLE_OBJC_ARC = YES;
				CLANG_ENABLE_OBJC_WEAK = YES;
				CLANG_WARN_BLOCK_CAPTURE_AUTORELEASING = YES;
				CLANG_WARN_BOOL_CONVERSION = YES;
				CLANG_WARN_COMMA = YES;
				CLANG_WARN_CONSTANT_CONVERSION = YES;
				CLANG_WARN_DEPRECATED_OBJC_IMPLEMENTATIONS = YES;
				CLANG_WARN_DIRECT_OBJC_ISA_USAGE = YES_ERROR;
				CLANG_WARN_DOCUMENTATION_COMMENTS = YES;
				CLANG_WARN_EMPTY_BODY = YES;
				CLANG_WARN_ENUM_CONVERSION = YES;
				CLANG_WARN_INFINITE_RECURSION = YES;
				CLANG_WARN_INT_CONVERSION = YES;
				CLANG_WARN_NON_LITERAL_NULL_CONVERSION = YES;
				CLANG_WARN_OBJC_IMPLICIT_RETAIN_SELF = YES;
				CLANG_WARN_OBJC_LITERAL_CONVERSION = YES;
				CLANG_WARN_OBJC_ROOT_CLASS = YES_ERROR;
				CLANG_WARN_QUOTED_INCLUDE_IN_FRAMEWORK_HEADER = YES;
				CLANG_WARN_RANGE_LOOP_ANALYSIS = YES;
				CLANG_WARN_STRICT_PROTOTYPES = YES;
				CLANG_WARN_SUSPICIOUS_MOVE = YES;
				CLANG_WARN_UNGUARDED_AVAILABILITY = YES_AGGRESSIVE;
				CLANG_WARN_UNREACHABLE_CODE = YES;
				CLANG_WARN__DUPLICATE_METHOD_MATCH = YES;
				COPY_PHASE_STRIP = NO;
				DEBUG_INFORMATION_FORMAT = dwarf;
				ENABLE_STRICT_OBJC_MSGSEND = YES;
				ENABLE_TESTABILITY = YES;
				GCC_C_LANGUAGE_STANDARD = gnu11;
				GCC_DYNAMIC_NO_PIC = NO;
				GCC_NO_COMMON_BLOCKS = YES;
				GCC_OPTIMIZATION_LEVEL = 0;
				GCC_PREPROCESSOR_DEFINITIONS = (
					"DEBUG=1",
					"$(inherited)",
				);
				GCC_WARN_64_TO_32_BIT_CONVERSION = YES;
				GCC_WARN_ABOUT_RETURN_TYPE = YES_ERROR;
				GCC_WARN_UNDECLARED_SELECTOR = YES;
				GCC_WARN_UNINITIALIZED_AUTOS = YES_AGGRESSIVE;
				GCC_WARN_UNUSED_FUNCTION = YES;
				GCC_WARN_UNUSED_VARIABLE = YES;
				IPHONEOS_DEPLOYMENT_TARGET = 12.0;
				MTL_ENABLE_DEBUG_INFO = INCLUDE_SOURCE;
				MTL_FAST_MATH = YES;
				ONLY_ACTIVE_ARCH = YES;
				SDKROOT = iphoneos;
				SWIFT_ACTIVE_COMPILATION_CONDITIONS = DEBUG;
				SWIFT_OPTIMIZATION_LEVEL = "-Onone";
			};
			name = Debug;
		};
		8076839C27B2C0B000A24DF8 /* Release */ = {
			isa = XCBuildConfiguration;
			buildSettings = {
				ALWAYS_SEARCH_USER_PATHS = NO;
				CLANG_ANALYZER_NONNULL = YES;
				CLANG_ANALYZER_NUMBER_OBJECT_CONVERSION = YES_AGGRESSIVE;
				CLANG_CXX_LANGUAGE_STANDARD = "gnu++17";
				CLANG_CXX_LIBRARY = "libc++";
				CLANG_ENABLE_MODULES = YES;
				CLANG_ENABLE_OBJC_ARC = YES;
				CLANG_ENABLE_OBJC_WEAK = YES;
				CLANG_WARN_BLOCK_CAPTURE_AUTORELEASING = YES;
				CLANG_WARN_BOOL_CONVERSION = YES;
				CLANG_WARN_COMMA = YES;
				CLANG_WARN_CONSTANT_CONVERSION = YES;
				CLANG_WARN_DEPRECATED_OBJC_IMPLEMENTATIONS = YES;
				CLANG_WARN_DIRECT_OBJC_ISA_USAGE = YES_ERROR;
				CLANG_WARN_DOCUMENTATION_COMMENTS = YES;
				CLANG_WARN_EMPTY_BODY = YES;
				CLANG_WARN_ENUM_CONVERSION = YES;
				CLANG_WARN_INFINITE_RECURSION = YES;
				CLANG_WARN_INT_CONVERSION = YES;
				CLANG_WARN_NON_LITERAL_NULL_CONVERSION = YES;
				CLANG_WARN_OBJC_IMPLICIT_RETAIN_SELF = YES;
				CLANG_WARN_OBJC_LITERAL_CONVERSION = YES;
				CLANG_WARN_OBJC_ROOT_CLASS = YES_ERROR;
				CLANG_WARN_QUOTED_INCLUDE_IN_FRAMEWORK_HEADER = YES;
				CLANG_WARN_RANGE_LOOP_ANALYSIS = YES;
				CLANG_WARN_STRICT_PROTOTYPES = YES;
				CLANG_WARN_SUSPICIOUS_MOVE = YES;
				CLANG_WARN_UNGUARDED_AVAILABILITY = YES_AGGRESSIVE;
				CLANG_WARN_UNREACHABLE_CODE = YES;
				CLANG_WARN__DUPLICATE_METHOD_MATCH = YES;
				COPY_PHASE_STRIP = NO;
				DEBUG_INFORMATION_FORMAT = "dwarf-with-dsym";
				ENABLE_NS_ASSERTIONS = NO;
				ENABLE_STRICT_OBJC_MSGSEND = YES;
				GCC_C_LANGUAGE_STANDARD = gnu11;
				GCC_NO_COMMON_BLOCKS = YES;
				GCC_WARN_64_TO_32_BIT_CONVERSION = YES;
				GCC_WARN_ABOUT_RETURN_TYPE = YES_ERROR;
				GCC_WARN_UNDECLARED_SELECTOR = YES;
				GCC_WARN_UNINITIALIZED_AUTOS = YES_AGGRESSIVE;
				GCC_WARN_UNUSED_FUNCTION = YES;
				GCC_WARN_UNUSED_VARIABLE = YES;
				IPHONEOS_DEPLOYMENT_TARGET = 12.0;
				MTL_ENABLE_DEBUG_INFO = NO;
				MTL_FAST_MATH = YES;
				SDKROOT = iphoneos;
				SWIFT_COMPILATION_MODE = wholemodule;
				SWIFT_OPTIMIZATION_LEVEL = "-O";
				VALIDATE_PRODUCT = YES;
			};
			name = Release;
		};
		8076839E27B2C0B000A24DF8 /* Debug */ = {
			isa = XCBuildConfiguration;
			baseConfigurationReference = A554020BC0A926C37404D366 /* Pods-Custom UI.debug.xcconfig */;
			buildSettings = {
				ASSETCATALOG_COMPILER_APPICON_NAME = AppIcon;
				ASSETCATALOG_COMPILER_GLOBAL_ACCENT_COLOR_NAME = AccentColor;
				CODE_SIGN_STYLE = Automatic;
				CURRENT_PROJECT_VERSION = 1;
				GENERATE_INFOPLIST_FILE = YES;
				INFOPLIST_FILE = "Custom UI/Info.plist";
				INFOPLIST_KEY_UIApplicationSupportsIndirectInputEvents = YES;
				INFOPLIST_KEY_UILaunchStoryboardName = LaunchScreen;
				INFOPLIST_KEY_UIMainStoryboardFile = Main;
				INFOPLIST_KEY_UISupportedInterfaceOrientations = UIInterfaceOrientationPortrait;
				INFOPLIST_KEY_UISupportedInterfaceOrientations_iPad = "UIInterfaceOrientationPortrait UIInterfaceOrientationPortraitUpsideDown UIInterfaceOrientationLandscapeLeft UIInterfaceOrientationLandscapeRight";
				INFOPLIST_KEY_UISupportedInterfaceOrientations_iPhone = "UIInterfaceOrientationPortrait UIInterfaceOrientationLandscapeLeft UIInterfaceOrientationLandscapeRight";
				IPHONEOS_DEPLOYMENT_TARGET = 12.0;
				LD_RUNPATH_SEARCH_PATHS = (
					"$(inherited)",
					"@executable_path/Frameworks",
				);
				MARKETING_VERSION = 1.0;
				PRODUCT_BUNDLE_IDENTIFIER = "com.jwplayer.Custom-UI";
				PRODUCT_NAME = "$(TARGET_NAME)";
				SWIFT_EMIT_LOC_STRINGS = YES;
				SWIFT_VERSION = 5.0;
				TARGETED_DEVICE_FAMILY = "1,2";
			};
			name = Debug;
		};
		8076839F27B2C0B000A24DF8 /* Release */ = {
			isa = XCBuildConfiguration;
			baseConfigurationReference = AC2D516550EDD22D5AC0C888 /* Pods-Custom UI.release.xcconfig */;
			buildSettings = {
				ASSETCATALOG_COMPILER_APPICON_NAME = AppIcon;
				ASSETCATALOG_COMPILER_GLOBAL_ACCENT_COLOR_NAME = AccentColor;
				CODE_SIGN_STYLE = Automatic;
				CURRENT_PROJECT_VERSION = 1;
				GENERATE_INFOPLIST_FILE = YES;
				INFOPLIST_FILE = "Custom UI/Info.plist";
				INFOPLIST_KEY_UIApplicationSupportsIndirectInputEvents = YES;
				INFOPLIST_KEY_UILaunchStoryboardName = LaunchScreen;
				INFOPLIST_KEY_UIMainStoryboardFile = Main;
				INFOPLIST_KEY_UISupportedInterfaceOrientations = UIInterfaceOrientationPortrait;
				INFOPLIST_KEY_UISupportedInterfaceOrientations_iPad = "UIInterfaceOrientationPortrait UIInterfaceOrientationPortraitUpsideDown UIInterfaceOrientationLandscapeLeft UIInterfaceOrientationLandscapeRight";
				INFOPLIST_KEY_UISupportedInterfaceOrientations_iPhone = "UIInterfaceOrientationPortrait UIInterfaceOrientationLandscapeLeft UIInterfaceOrientationLandscapeRight";
				IPHONEOS_DEPLOYMENT_TARGET = 12.0;
				LD_RUNPATH_SEARCH_PATHS = (
					"$(inherited)",
					"@executable_path/Frameworks",
				);
				MARKETING_VERSION = 1.0;
				PRODUCT_BUNDLE_IDENTIFIER = "com.jwplayer.Custom-UI";
				PRODUCT_NAME = "$(TARGET_NAME)";
				SWIFT_EMIT_LOC_STRINGS = YES;
				SWIFT_VERSION = 5.0;
				TARGETED_DEVICE_FAMILY = "1,2";
			};
			name = Release;
		};
/* End XCBuildConfiguration section */

/* Begin XCConfigurationList section */
		8076838427B2C0AE00A24DF8 /* Build configuration list for PBXProject "Custom UI" */ = {
			isa = XCConfigurationList;
			buildConfigurations = (
				8076839B27B2C0B000A24DF8 /* Debug */,
				8076839C27B2C0B000A24DF8 /* Release */,
			);
			defaultConfigurationIsVisible = 0;
			defaultConfigurationName = Release;
		};
		8076839D27B2C0B000A24DF8 /* Build configuration list for PBXNativeTarget "Custom UI" */ = {
			isa = XCConfigurationList;
			buildConfigurations = (
				8076839E27B2C0B000A24DF8 /* Debug */,
				8076839F27B2C0B000A24DF8 /* Release */,
			);
			defaultConfigurationIsVisible = 0;
			defaultConfigurationName = Release;
		};
/* End XCConfigurationList section */
	};
	rootObject = 8076838127B2C0AE00A24DF8 /* Project object */;
}
