// !$*UTF8*$!
{
	archiveVersion = 1;
	classes = {
	};
	objectVersion = 55;
	objects = {

/* Begin PBXBuildFile section */
		2A78F9150301321C79C5FB87 /* Pods_Offline_DRM.framework in Frameworks */ = {isa = PBXBuildFile; fileRef = 996711C74F4CF7A45F1CFCBE /* Pods_Offline_DRM.framework */; };
		79CB3B842A40C74C00F74707 /* SharedAssets.xcassets in Resources */ = {isa = PBXBuildFile; fileRef = 79CB3B832A40C74C00F74707 /* SharedAssets.xcassets */; };
		D3B9B5F2293A76A600FC4078 /* AppDelegate.swift in Sources */ = {isa = PBXBuildFile; fileRef = D3B9B5F1293A76A600FC4078 /* AppDelegate.swift */; };
		D3B9B5F6293A76A600FC4078 /* ViewController.swift in Sources */ = {isa = PBXBuildFile; fileRef = D3B9B5F5293A76A600FC4078 /* ViewController.swift */; };
		D3B9B5F9293A76A600FC4078 /* Main.storyboard in Resources */ = {isa = PBXBuildFile; fileRef = D3B9B5F7293A76A600FC4078 /* Main.storyboard */; };
		D3B9B5FB293A76A800FC4078 /* Assets.xcassets in Resources */ = {isa = PBXBuildFile; fileRef = D3B9B5FA293A76A800FC4078 /* Assets.xcassets */; };
		D3B9B5FE293A76A800FC4078 /* LaunchScreen.storyboard in Resources */ = {isa = PBXBuildFile; fileRef = D3B9B5FC293A76A800FC4078 /* LaunchScreen.storyboard */; };
		D3B9B606293A76BF00FC4078 /* DRMKeyManager.swift in Sources */ = {isa = PBXBuildFile; fileRef = D3B9B605293A76BF00FC4078 /* DRMKeyManager.swift */; };
		D3B9B60C293A7EBE00FC4078 /* DRMKeyDataSource.swift in Sources */ = {isa = PBXBuildFile; fileRef = D3B9B60B293A7EBE00FC4078 /* DRMKeyDataSource.swift */; };
		D3F2BA48293E8037004DC540 /* StudioDRMPlaylist.swift in Sources */ = {isa = PBXBuildFile; fileRef = D3F2BA47293E8037004DC540 /* StudioDRMPlaylist.swift */; };
		D3F2BA4A293EDE3D004DC540 /* README.md in Resources */ = {isa = PBXBuildFile; fileRef = D3F2BA49293EDE3D004DC540 /* README.md */; };
/* End PBXBuildFile section */

/* Begin PBXCopyFilesBuildPhase section */
		D3B9B60A293A78BB00FC4078 /* Embed Frameworks */ = {
			isa = PBXCopyFilesBuildPhase;
			buildActionMask = 2147483647;
			dstPath = "";
			dstSubfolderSpec = 10;
			files = (
			);
			name = "Embed Frameworks";
			runOnlyForDeploymentPostprocessing = 0;
		};
/* End PBXCopyFilesBuildPhase section */

/* Begin PBXFileReference section */
		14A5BA29D168AB02DF7924EB /* Pods-Offline DRM.debug.xcconfig */ = {isa = PBXFileReference; includeInIndex = 1; lastKnownFileType = text.xcconfig; name = "Pods-Offline DRM.debug.xcconfig"; path = "Target Support Files/Pods-Offline DRM/Pods-Offline DRM.debug.xcconfig"; sourceTree = "<group>"; };
		79CB3B832A40C74C00F74707 /* SharedAssets.xcassets */ = {isa = PBXFileReference; lastKnownFileType = folder.assetcatalog; name = SharedAssets.xcassets; path = ../../SharedAssets.xcassets; sourceTree = "<group>"; };
		950528FB084E767267C3FD27 /* Pods-Offline DRM.release.xcconfig */ = {isa = PBXFileReference; includeInIndex = 1; lastKnownFileType = text.xcconfig; name = "Pods-Offline DRM.release.xcconfig"; path = "Target Support Files/Pods-Offline DRM/Pods-Offline DRM.release.xcconfig"; sourceTree = "<group>"; };
		996711C74F4CF7A45F1CFCBE /* Pods_Offline_DRM.framework */ = {isa = PBXFileReference; explicitFileType = wrapper.framework; includeInIndex = 0; path = Pods_Offline_DRM.framework; sourceTree = BUILT_PRODUCTS_DIR; };
		D3B9B5EE293A76A600FC4078 /* Offline DRM.app */ = {isa = PBXFileReference; explicitFileType = wrapper.application; includeInIndex = 0; path = "Offline DRM.app"; sourceTree = BUILT_PRODUCTS_DIR; };
		D3B9B5F1293A76A600FC4078 /* AppDelegate.swift */ = {isa = PBXFileReference; lastKnownFileType = sourcecode.swift; path = AppDelegate.swift; sourceTree = "<group>"; };
		D3B9B5F5293A76A600FC4078 /* ViewController.swift */ = {isa = PBXFileReference; lastKnownFileType = sourcecode.swift; path = ViewController.swift; sourceTree = "<group>"; };
		D3B9B5F8293A76A600FC4078 /* Base */ = {isa = PBXFileReference; lastKnownFileType = file.storyboard; name = Base; path = Base.lproj/Main.storyboard; sourceTree = "<group>"; };
		D3B9B5FA293A76A800FC4078 /* Assets.xcassets */ = {isa = PBXFileReference; lastKnownFileType = folder.assetcatalog; path = Assets.xcassets; sourceTree = "<group>"; };
		D3B9B5FD293A76A800FC4078 /* Base */ = {isa = PBXFileReference; lastKnownFileType = file.storyboard; name = Base; path = Base.lproj/LaunchScreen.storyboard; sourceTree = "<group>"; };
		D3B9B5FF293A76A800FC4078 /* Info.plist */ = {isa = PBXFileReference; lastKnownFileType = text.plist.xml; path = Info.plist; sourceTree = "<group>"; };
		D3B9B605293A76BF00FC4078 /* DRMKeyManager.swift */ = {isa = PBXFileReference; lastKnownFileType = sourcecode.swift; path = DRMKeyManager.swift; sourceTree = "<group>"; };
		D3B9B60B293A7EBE00FC4078 /* DRMKeyDataSource.swift */ = {isa = PBXFileReference; lastKnownFileType = sourcecode.swift; path = DRMKeyDataSource.swift; sourceTree = "<group>"; };
		D3F2BA47293E8037004DC540 /* StudioDRMPlaylist.swift */ = {isa = PBXFileReference; lastKnownFileType = sourcecode.swift; path = StudioDRMPlaylist.swift; sourceTree = "<group>"; };
		D3F2BA49293EDE3D004DC540 /* README.md */ = {isa = PBXFileReference; lastKnownFileType = net.daringfireball.markdown; path = README.md; sourceTree = "<group>"; };
/* End PBXFileReference section */

/* Begin PBXFrameworksBuildPhase section */
		D3B9B5EB293A76A600FC4078 /* Frameworks */ = {
			isa = PBXFrameworksBuildPhase;
			buildActionMask = 2147483647;
			files = (
				2A78F9150301321C79C5FB87 /* Pods_Offline_DRM.framework in Frameworks */,
			);
			runOnlyForDeploymentPostprocessing = 0;
		};
/* End PBXFrameworksBuildPhase section */

/* Begin PBXGroup section */
		25A5761554641BE881BE7456 /* Frameworks */ = {
			isa = PBXGroup;
			children = (
				996711C74F4CF7A45F1CFCBE /* Pods_Offline_DRM.framework */,
			);
			name = Frameworks;
			sourceTree = "<group>";
		};
		D3B9B5E5293A76A600FC4078 = {
			isa = PBXGroup;
			children = (
				D3F2BA49293EDE3D004DC540 /* README.md */,
				D3B9B5F0293A76A600FC4078 /* Offline DRM */,
				D3B9B5EF293A76A600FC4078 /* Products */,
				E14A1D5DEC2B2A26E1690349 /* Pods */,
				25A5761554641BE881BE7456 /* Frameworks */,
			);
			sourceTree = "<group>";
		};
		D3B9B5EF293A76A600FC4078 /* Products */ = {
			isa = PBXGroup;
			children = (
				D3B9B5EE293A76A600FC4078 /* Offline DRM.app */,
			);
			name = Products;
			sourceTree = "<group>";
		};
		D3B9B5F0293A76A600FC4078 /* Offline DRM */ = {
			isa = PBXGroup;
			children = (
				D3B9B5F1293A76A600FC4078 /* AppDelegate.swift */,
				D3B9B5F5293A76A600FC4078 /* ViewController.swift */,
				D3B9B60B293A7EBE00FC4078 /* DRMKeyDataSource.swift */,
				D3B9B605293A76BF00FC4078 /* DRMKeyManager.swift */,
				D3F2BA47293E8037004DC540 /* StudioDRMPlaylist.swift */,
				D3B9B5F7293A76A600FC4078 /* Main.storyboard */,
				D3B9B5FA293A76A800FC4078 /* Assets.xcassets */,
				79CB3B832A40C74C00F74707 /* SharedAssets.xcassets */,
				D3B9B5FC293A76A800FC4078 /* LaunchScreen.storyboard */,
				D3B9B5FF293A76A800FC4078 /* Info.plist */,
			);
			path = "Offline DRM";
			sourceTree = "<group>";
		};
		E14A1D5DEC2B2A26E1690349 /* Pods */ = {
			isa = PBXGroup;
			children = (
				14A5BA29D168AB02DF7924EB /* Pods-Offline DRM.debug.xcconfig */,
				950528FB084E767267C3FD27 /* Pods-Offline DRM.release.xcconfig */,
			);
			name = Pods;
			path = ../Pods;
			sourceTree = "<group>";
		};
/* End PBXGroup section */

/* Begin PBXNativeTarget section */
		D3B9B5ED293A76A600FC4078 /* Offline DRM */ = {
			isa = PBXNativeTarget;
			buildConfigurationList = D3B9B602293A76A800FC4078 /* Build configuration list for PBXNativeTarget "Offline DRM" */;
			buildPhases = (
				75E73250853CDE589849507A /* [CP] Check Pods Manifest.lock */,
				D3B9B5EA293A76A600FC4078 /* Sources */,
				D3B9B5EB293A76A600FC4078 /* Frameworks */,
				D3B9B5EC293A76A600FC4078 /* Resources */,
				D3B9B60A293A78BB00FC4078 /* Embed Frameworks */,
				15687F8F715D9EF427D6FFA6 /* [CP] Embed Pods Frameworks */,
			);
			buildRules = (
			);
			dependencies = (
			);
			name = "Offline DRM";
			productName = "Offline DRM";
			productReference = D3B9B5EE293A76A600FC4078 /* Offline DRM.app */;
			productType = "com.apple.product-type.application";
		};
/* End PBXNativeTarget section */

/* Begin PBXProject section */
		D3B9B5E6293A76A600FC4078 /* Project object */ = {
			isa = PBXProject;
			attributes = {
				BuildIndependentTargetsInParallel = 1;
				LastSwiftUpdateCheck = 1400;
				LastUpgradeCheck = 1400;
				TargetAttributes = {
					D3B9B5ED293A76A600FC4078 = {
						CreatedOnToolsVersion = 14.0.1;
					};
				};
			};
			buildConfigurationList = D3B9B5E9293A76A600FC4078 /* Build configuration list for PBXProject "Offline DRM" */;
			compatibilityVersion = "Xcode 13.0";
			developmentRegion = en;
			hasScannedForEncodings = 0;
			knownRegions = (
				en,
				Base,
			);
			mainGroup = D3B9B5E5293A76A600FC4078;
			productRefGroup = D3B9B5EF293A76A600FC4078 /* Products */;
			projectDirPath = "";
			projectRoot = "";
			targets = (
				D3B9B5ED293A76A600FC4078 /* Offline DRM */,
			);
		};
/* End PBXProject section */

/* Begin PBXResourcesBuildPhase section */
		D3B9B5EC293A76A600FC4078 /* Resources */ = {
			isa = PBXResourcesBuildPhase;
			buildActionMask = 2147483647;
			files = (
				79CB3B842A40C74C00F74707 /* SharedAssets.xcassets in Resources */,
				D3B9B5FE293A76A800FC4078 /* LaunchScreen.storyboard in Resources */,
				D3B9B5FB293A76A800FC4078 /* Assets.xcassets in Resources */,
				D3F2BA4A293EDE3D004DC540 /* README.md in Resources */,
				D3B9B5F9293A76A600FC4078 /* Main.storyboard in Resources */,
			);
			runOnlyForDeploymentPostprocessing = 0;
		};
/* End PBXResourcesBuildPhase section */

/* Begin PBXShellScriptBuildPhase section */
		15687F8F715D9EF427D6FFA6 /* [CP] Embed Pods Frameworks */ = {
			isa = PBXShellScriptBuildPhase;
			buildActionMask = 2147483647;
			files = (
			);
			inputFileListPaths = (
				"${PODS_ROOT}/Target Support Files/Pods-Offline DRM/Pods-Offline DRM-frameworks-${CONFIGURATION}-input-files.xcfilelist",
			);
			name = "[CP] Embed Pods Frameworks";
			outputFileListPaths = (
				"${PODS_ROOT}/Target Support Files/Pods-Offline DRM/Pods-Offline DRM-frameworks-${CONFIGURATION}-output-files.xcfilelist",
			);
			runOnlyForDeploymentPostprocessing = 0;
			shellPath = /bin/sh;
			shellScript = "\"${PODS_ROOT}/Target Support Files/Pods-Offline DRM/Pods-Offline DRM-frameworks.sh\"\n";
			showEnvVarsInLog = 0;
		};
		75E73250853CDE589849507A /* [CP] Check Pods Manifest.lock */ = {
			isa = PBXShellScriptBuildPhase;
			buildActionMask = 2147483647;
			files = (
			);
			inputFileListPaths = (
			);
			inputPaths = (
				"${PODS_PODFILE_DIR_PATH}/Podfile.lock",
				"${PODS_ROOT}/Manifest.lock",
			);
			name = "[CP] Check Pods Manifest.lock";
			outputFileListPaths = (
			);
			outputPaths = (
				"$(DERIVED_FILE_DIR)/Pods-Offline DRM-checkManifestLockResult.txt",
			);
			runOnlyForDeploymentPostprocessing = 0;
			shellPath = /bin/sh;
			shellScript = "diff \"${PODS_PODFILE_DIR_PATH}/Podfile.lock\" \"${PODS_ROOT}/Manifest.lock\" > /dev/null\nif [ $? != 0 ] ; then\n    # print error to STDERR\n    echo \"error: The sandbox is not in sync with the Podfile.lock. Run 'pod install' or update your CocoaPods installation.\" >&2\n    exit 1\nfi\n# This output is used by Xcode 'outputs' to avoid re-running this script phase.\necho \"SUCCESS\" > \"${SCRIPT_OUTPUT_FILE_0}\"\n";
			showEnvVarsInLog = 0;
		};
/* End PBXShellScriptBuildPhase section */

/* Begin PBXSourcesBuildPhase section */
		D3B9B5EA293A76A600FC4078 /* Sources */ = {
			isa = PBXSourcesBuildPhase;
			buildActionMask = 2147483647;
			files = (
				D3B9B60C293A7EBE00FC4078 /* DRMKeyDataSource.swift in Sources */,
				D3B9B5F6293A76A600FC4078 /* ViewController.swift in Sources */,
				D3B9B606293A76BF00FC4078 /* DRMKeyManager.swift in Sources */,
				D3B9B5F2293A76A600FC4078 /* AppDelegate.swift in Sources */,
				D3F2BA48293E8037004DC540 /* StudioDRMPlaylist.swift in Sources */,
			);
			runOnlyForDeploymentPostprocessing = 0;
		};
/* End PBXSourcesBuildPhase section */

/* Begin PBXVariantGroup section */
		D3B9B5F7293A76A600FC4078 /* Main.storyboard */ = {
			isa = PBXVariantGroup;
			children = (
				D3B9B5F8293A76A600FC4078 /* Base */,
			);
			name = Main.storyboard;
			sourceTree = "<group>";
		};
		D3B9B5FC293A76A800FC4078 /* LaunchScreen.storyboard */ = {
			isa = PBXVariantGroup;
			children = (
				D3B9B5FD293A76A800FC4078 /* Base */,
			);
			name = LaunchScreen.storyboard;
			sourceTree = "<group>";
		};
/* End PBXVariantGroup section */

/* Begin XCBuildConfiguration section */
		D3B9B600293A76A800FC4078 /* Debug */ = {
			isa = XCBuildConfiguration;
			buildSettings = {
				ALWAYS_SEARCH_USER_PATHS = NO;
				CLANG_ANALYZER_NONNULL = YES;
				CLANG_ANALYZER_NUMBER_OBJECT_CONVERSION = YES_AGGRESSIVE;
				CLANG_CXX_LANGUAGE_STANDARD = "gnu++20";
				CLANG_ENABLE_MODULES = YES;
				CLANG_ENABLE_OBJC_ARC = YES;
				CLANG_ENABLE_OBJC_WEAK = YES;
				CLANG_WARN_BLOCK_CAPTURE_AUTORELEASING = YES;
				CLANG_WARN_BOOL_CONVERSION = YES;
				CLANG_WARN_COMMA = YES;
				CLANG_WARN_CONSTANT_CONVERSION = YES;
				CLANG_WARN_DEPRECATED_OBJC_IMPLEMENTATIONS = YES;
				CLANG_WARN_DIRECT_OBJC_ISA_USAGE = YES_ERROR;
				CLANG_WARN_DOCUMENTATION_COMMENTS = YES;
				CLANG_WARN_EMPTY_BODY = YES;
				CLANG_WARN_ENUM_CONVERSION = YES;
				CLANG_WARN_INFINITE_RECURSION = YES;
				CLANG_WARN_INT_CONVERSION = YES;
				CLANG_WARN_NON_LITERAL_NULL_CONVERSION = YES;
				CLANG_WARN_OBJC_IMPLICIT_RETAIN_SELF = YES;
				CLANG_WARN_OBJC_LITERAL_CONVERSION = YES;
				CLANG_WARN_OBJC_ROOT_CLASS = YES_ERROR;
				CLANG_WARN_QUOTED_INCLUDE_IN_FRAMEWORK_HEADER = YES;
				CLANG_WARN_RANGE_LOOP_ANALYSIS = YES;
				CLANG_WARN_STRICT_PROTOTYPES = YES;
				CLANG_WARN_SUSPICIOUS_MOVE = YES;
				CLANG_WARN_UNGUARDED_AVAILABILITY = YES_AGGRESSIVE;
				CLANG_WARN_UNREACHABLE_CODE = YES;
				CLANG_WARN__DUPLICATE_METHOD_MATCH = YES;
				COPY_PHASE_STRIP = NO;
				DEBUG_INFORMATION_FORMAT = dwarf;
				ENABLE_STRICT_OBJC_MSGSEND = YES;
				ENABLE_TESTABILITY = YES;
				GCC_C_LANGUAGE_STANDARD = gnu11;
				GCC_DYNAMIC_NO_PIC = NO;
				GCC_NO_COMMON_BLOCKS = YES;
				GCC_OPTIMIZATION_LEVEL = 0;
				GCC_PREPROCESSOR_DEFINITIONS = (
					"DEBUG=1",
					"$(inherited)",
				);
				GCC_WARN_64_TO_32_BIT_CONVERSION = YES;
				GCC_WARN_ABOUT_RETURN_TYPE = YES_ERROR;
				GCC_WARN_UNDECLARED_SELECTOR = YES;
				GCC_WARN_UNINITIALIZED_AUTOS = YES_AGGRESSIVE;
				GCC_WARN_UNUSED_FUNCTION = YES;
				GCC_WARN_UNUSED_VARIABLE = YES;
				IPHONEOS_DEPLOYMENT_TARGET = 14.0;
				MTL_ENABLE_DEBUG_INFO = INCLUDE_SOURCE;
				MTL_FAST_MATH = YES;
				ONLY_ACTIVE_ARCH = YES;
				SDKROOT = iphoneos;
				SWIFT_ACTIVE_COMPILATION_CONDITIONS = DEBUG;
				SWIFT_OPTIMIZATION_LEVEL = "-Onone";
			};
			name = Debug;
		};
		D3B9B601293A76A800FC4078 /* Release */ = {
			isa = XCBuildConfiguration;
			buildSettings = {
				ALWAYS_SEARCH_USER_PATHS = NO;
				CLANG_ANALYZER_NONNULL = YES;
				CLANG_ANALYZER_NUMBER_OBJECT_CONVERSION = YES_AGGRESSIVE;
				CLANG_CXX_LANGUAGE_STANDARD = "gnu++20";
				CLANG_ENABLE_MODULES = YES;
				CLANG_ENABLE_OBJC_ARC = YES;
				CLANG_ENABLE_OBJC_WEAK = YES;
				CLANG_WARN_BLOCK_CAPTURE_AUTORELEASING = YES;
				CLANG_WARN_BOOL_CONVERSION = YES;
				CLANG_WARN_COMMA = YES;
				CLANG_WARN_CONSTANT_CONVERSION = YES;
				CLANG_WARN_DEPRECATED_OBJC_IMPLEMENTATIONS = YES;
				CLANG_WARN_DIRECT_OBJC_ISA_USAGE = YES_ERROR;
				CLANG_WARN_DOCUMENTATION_COMMENTS = YES;
				CLANG_WARN_EMPTY_BODY = YES;
				CLANG_WARN_ENUM_CONVERSION = YES;
				CLANG_WARN_INFINITE_RECURSION = YES;
				CLANG_WARN_INT_CONVERSION = YES;
				CLANG_WARN_NON_LITERAL_NULL_CONVERSION = YES;
				CLANG_WARN_OBJC_IMPLICIT_RETAIN_SELF = YES;
				CLANG_WARN_OBJC_LITERAL_CONVERSION = YES;
				CLANG_WARN_OBJC_ROOT_CLASS = YES_ERROR;
				CLANG_WARN_QUOTED_INCLUDE_IN_FRAMEWORK_HEADER = YES;
				CLANG_WARN_RANGE_LOOP_ANALYSIS = YES;
				CLANG_WARN_STRICT_PROTOTYPES = YES;
				CLANG_WARN_SUSPICIOUS_MOVE = YES;
				CLANG_WARN_UNGUARDED_AVAILABILITY = YES_AGGRESSIVE;
				CLANG_WARN_UNREACHABLE_CODE = YES;
				CLANG_WARN__DUPLICATE_METHOD_MATCH = YES;
				COPY_PHASE_STRIP = NO;
				DEBUG_INFORMATION_FORMAT = "dwarf-with-dsym";
				ENABLE_NS_ASSERTIONS = NO;
				ENABLE_STRICT_OBJC_MSGSEND = YES;
				GCC_C_LANGUAGE_STANDARD = gnu11;
				GCC_NO_COMMON_BLOCKS = YES;
				GCC_WARN_64_TO_32_BIT_CONVERSION = YES;
				GCC_WARN_ABOUT_RETURN_TYPE = YES_ERROR;
				GCC_WARN_UNDECLARED_SELECTOR = YES;
				GCC_WARN_UNINITIALIZED_AUTOS = YES_AGGRESSIVE;
				GCC_WARN_UNUSED_FUNCTION = YES;
				GCC_WARN_UNUSED_VARIABLE = YES;
				IPHONEOS_DEPLOYMENT_TARGET = 14.0;
				MTL_ENABLE_DEBUG_INFO = NO;
				MTL_FAST_MATH = YES;
				SDKROOT = iphoneos;
				SWIFT_COMPILATION_MODE = wholemodule;
				SWIFT_OPTIMIZATION_LEVEL = "-O";
				VALIDATE_PRODUCT = YES;
			};
			name = Release;
		};
		D3B9B603293A76A800FC4078 /* Debug */ = {
			isa = XCBuildConfiguration;
			baseConfigurationReference = 14A5BA29D168AB02DF7924EB /* Pods-Offline DRM.debug.xcconfig */;
			buildSettings = {
				ASSETCATALOG_COMPILER_APPICON_NAME = AppIcon;
				ASSETCATALOG_COMPILER_GLOBAL_ACCENT_COLOR_NAME = AccentColor;
				CODE_SIGN_STYLE = Automatic;
				CURRENT_PROJECT_VERSION = 1;
				GENERATE_INFOPLIST_FILE = YES;
				INFOPLIST_FILE = "Offline DRM/Info.plist";
				INFOPLIST_KEY_UIApplicationSupportsIndirectInputEvents = YES;
				INFOPLIST_KEY_UILaunchStoryboardName = LaunchScreen;
				INFOPLIST_KEY_UIMainStoryboardFile = Main;
				INFOPLIST_KEY_UISupportedInterfaceOrientations_iPad = "UIInterfaceOrientationPortrait UIInterfaceOrientationPortraitUpsideDown UIInterfaceOrientationLandscapeLeft UIInterfaceOrientationLandscapeRight";
				INFOPLIST_KEY_UISupportedInterfaceOrientations_iPhone = "UIInterfaceOrientationPortrait UIInterfaceOrientationLandscapeLeft UIInterfaceOrientationLandscapeRight";
				IPHONEOS_DEPLOYMENT_TARGET = 14.0;
				LD_RUNPATH_SEARCH_PATHS = (
					"$(inherited)",
					"@executable_path/Frameworks",
				);
				MARKETING_VERSION = 1.0;
				PRODUCT_BUNDLE_IDENTIFIER = "com.jwplayer.BPA-4-x.Offline-DRM";
				PRODUCT_NAME = "$(TARGET_NAME)";
				SWIFT_EMIT_LOC_STRINGS = YES;
				SWIFT_VERSION = 5.0;
				TARGETED_DEVICE_FAMILY = "1,2";
			};
			name = Debug;
		};
		D3B9B604293A76A800FC4078 /* Release */ = {
			isa = XCBuildConfiguration;
			baseConfigurationReference = 950528FB084E767267C3FD27 /* Pods-Offline DRM.release.xcconfig */;
			buildSettings = {
				ASSETCATALOG_COMPILER_APPICON_NAME = AppIcon;
				ASSETCATALOG_COMPILER_GLOBAL_ACCENT_COLOR_NAME = AccentColor;
				CODE_SIGN_STYLE = Automatic;
				CURRENT_PROJECT_VERSION = 1;
				GENERATE_INFOPLIST_FILE = YES;
				INFOPLIST_FILE = "Offline DRM/Info.plist";
				INFOPLIST_KEY_UIApplicationSupportsIndirectInputEvents = YES;
				INFOPLIST_KEY_UILaunchStoryboardName = LaunchScreen;
				INFOPLIST_KEY_UIMainStoryboardFile = Main;
				INFOPLIST_KEY_UISupportedInterfaceOrientations_iPad = "UIInterfaceOrientationPortrait UIInterfaceOrientationPortraitUpsideDown UIInterfaceOrientationLandscapeLeft UIInterfaceOrientationLandscapeRight";
				INFOPLIST_KEY_UISupportedInterfaceOrientations_iPhone = "UIInterfaceOrientationPortrait UIInterfaceOrientationLandscapeLeft UIInterfaceOrientationLandscapeRight";
				IPHONEOS_DEPLOYMENT_TARGET = 14.0;
				LD_RUNPATH_SEARCH_PATHS = (
					"$(inherited)",
					"@executable_path/Frameworks",
				);
				MARKETING_VERSION = 1.0;
				PRODUCT_BUNDLE_IDENTIFIER = "com.jwplayer.BPA-4-x.Offline-DRM";
				PRODUCT_NAME = "$(TARGET_NAME)";
				SWIFT_EMIT_LOC_STRINGS = YES;
				SWIFT_VERSION = 5.0;
				TARGETED_DEVICE_FAMILY = "1,2";
			};
			name = Release;
		};
/* End XCBuildConfiguration section */

/* Begin XCConfigurationList section */
		D3B9B5E9293A76A600FC4078 /* Build configuration list for PBXProject "Offline DRM" */ = {
			isa = XCConfigurationList;
			buildConfigurations = (
				D3B9B600293A76A800FC4078 /* Debug */,
				D3B9B601293A76A800FC4078 /* Release */,
			);
			defaultConfigurationIsVisible = 0;
			defaultConfigurationName = Release;
		};
		D3B9B602293A76A800FC4078 /* Build configuration list for PBXNativeTarget "Offline DRM" */ = {
			isa = XCConfigurationList;
			buildConfigurations = (
				D3B9B603293A76A800FC4078 /* Debug */,
				D3B9B604293A76A800FC4078 /* Release */,
			);
			defaultConfigurationIsVisible = 0;
			defaultConfigurationName = Release;
		};
/* End XCConfigurationList section */
	};
	rootObject = D3B9B5E6293A76A600FC4078 /* Project object */;
}
