// !$*UTF8*$!
{
	archiveVersion = 1;
	classes = {
	};
	objectVersion = 55;
	objects = {

/* Begin PBXBuildFile section */
		31048A91B909897A48583CEC /* Pods_BasicTVPlayer.framework in Frameworks */ = {isa = PBXBuildFile; fileRef = 6A5998A312B3DE9FBCC36490 /* Pods_BasicTVPlayer.framework */; };
		79CA74342852957300BB16B5 /* README.md in Resources */ = {isa = PBXBuildFile; fileRef = 79CA74332852957300BB16B5 /* README.md */; };
		79EBB5BF285153A500EC5182 /* AppDelegate.swift in Sources */ = {isa = PBXBuildFile; fileRef = 79EBB5BE285153A500EC5182 /* AppDelegate.swift */; };
		79EBB5C1285153A500EC5182 /* BasicPlayerViewController.swift in Sources */ = {isa = PBXBuildFile; fileRef = 79EBB5C0285153A500EC5182 /* BasicPlayerViewController.swift */; };
		79EBB5C4285153A500EC5182 /* Main.storyboard in Resources */ = {isa = PBXBuildFile; fileRef = 79EBB5C2285153A500EC5182 /* Main.storyboard */; };
		79EBB5C6285153A700EC5182 /* Assets.xcassets in Resources */ = {isa = PBXBuildFile; fileRef = 79EBB5C5285153A700EC5182 /* Assets.xcassets */; };
		79EBB5C9285153A700EC5182 /* LaunchScreen.storyboard in Resources */ = {isa = PBXBuildFile; fileRef = 79EBB5C7285153A700EC5182 /* LaunchScreen.storyboard */; };
/* End PBXBuildFile section */

/* Begin PBXFileReference section */
		6A5998A312B3DE9FBCC36490 /* Pods_BasicTVPlayer.framework */ = {isa = PBXFileReference; explicitFileType = wrapper.framework; includeInIndex = 0; path = Pods_BasicTVPlayer.framework; sourceTree = BUILT_PRODUCTS_DIR; };
		79CA74332852957300BB16B5 /* README.md */ = {isa = PBXFileReference; fileEncoding = 4; lastKnownFileType = net.daringfireball.markdown; path = README.md; sourceTree = "<group>"; };
		79EBB5BB285153A500EC5182 /* BasicTVPlayer.app */ = {isa = PBXFileReference; explicitFileType = wrapper.application; includeInIndex = 0; path = BasicTVPlayer.app; sourceTree = BUILT_PRODUCTS_DIR; };
		79EBB5BE285153A500EC5182 /* AppDelegate.swift */ = {isa = PBXFileReference; lastKnownFileType = sourcecode.swift; path = AppDelegate.swift; sourceTree = "<group>"; };
		79EBB5C0285153A500EC5182 /* BasicPlayerViewController.swift */ = {isa = PBXFileReference; lastKnownFileType = sourcecode.swift; path = BasicPlayerViewController.swift; sourceTree = "<group>"; };
		79EBB5C3285153A500EC5182 /* Base */ = {isa = PBXFileReference; lastKnownFileType = file.storyboard; name = Base; path = Base.lproj/Main.storyboard; sourceTree = "<group>"; };
		79EBB5C5285153A700EC5182 /* Assets.xcassets */ = {isa = PBXFileReference; lastKnownFileType = folder.assetcatalog; path = Assets.xcassets; sourceTree = "<group>"; };
		79EBB5C8285153A700EC5182 /* Base */ = {isa = PBXFileReference; lastKnownFileType = file.storyboard; name = Base; path = Base.lproj/LaunchScreen.storyboard; sourceTree = "<group>"; };
		8710F7C64B4B0506DE8FC50E /* Pods-BasicTVPlayer.release.xcconfig */ = {isa = PBXFileReference; includeInIndex = 1; lastKnownFileType = text.xcconfig; name = "Pods-BasicTVPlayer.release.xcconfig"; path = "Target Support Files/Pods-BasicTVPlayer/Pods-BasicTVPlayer.release.xcconfig"; sourceTree = "<group>"; };
		E5C39069F6562626ECDFF9F7 /* Pods-BasicTVPlayer.debug.xcconfig */ = {isa = PBXFileReference; includeInIndex = 1; lastKnownFileType = text.xcconfig; name = "Pods-BasicTVPlayer.debug.xcconfig"; path = "Target Support Files/Pods-BasicTVPlayer/Pods-BasicTVPlayer.debug.xcconfig"; sourceTree = "<group>"; };
/* End PBXFileReference section */

/* Begin PBXFrameworksBuildPhase section */
		79EBB5B8285153A500EC5182 /* Frameworks */ = {
			isa = PBXFrameworksBuildPhase;
			buildActionMask = 2147483647;
			files = (
				31048A91B909897A48583CEC /* Pods_BasicTVPlayer.framework in Frameworks */,
			);
			runOnlyForDeploymentPostprocessing = 0;
		};
/* End PBXFrameworksBuildPhase section */

/* Begin PBXGroup section */
		55008FD257451422EB175E2F /* Pods */ = {
			isa = PBXGroup;
			children = (
				3A7BFDA48CF284094C79E38D /* Pods-BasicTVPlayer.debug.xcconfig */,
				3BF8B8E138EBC5B97A29C83E /* Pods-BasicTVPlayer.release.xcconfig */,
			);
			name = Pods;
			path = ../Pods;
			sourceTree = "<group>";
		};
		79EBB5B2285153A500EC5182 = {
			isa = PBXGroup;
			children = (
				79CA74332852957300BB16B5 /* README.md */,
				79EBB5BD285153A500EC5182 /* BasicTVPlayer */,
				79EBB5BC285153A500EC5182 /* Products */,
				79EBB5F72851540E00EC5182 /* Frameworks */,
				930DBA6CECF9CB47AA84A673 /* Pods */,
			);
			sourceTree = "<group>";
		};
		79EBB5BC285153A500EC5182 /* Products */ = {
			isa = PBXGroup;
			children = (
				79EBB5BB285153A500EC5182 /* BasicTVPlayer.app */,
			);
			name = Products;
			sourceTree = "<group>";
		};
		79EBB5BD285153A500EC5182 /* BasicTVPlayer */ = {
			isa = PBXGroup;
			children = (
				79EBB5BE285153A500EC5182 /* AppDelegate.swift */,
				79EBB5C0285153A500EC5182 /* BasicPlayerViewController.swift */,
				79EBB5C2285153A500EC5182 /* Main.storyboard */,
				79EBB5C5285153A700EC5182 /* Assets.xcassets */,
				79EBB5C7285153A700EC5182 /* LaunchScreen.storyboard */,
			);
			path = BasicTVPlayer;
			sourceTree = "<group>";
		};
		79EBB5F72851540E00EC5182 /* Frameworks */ = {
			isa = PBXGroup;
			children = (
				6A5998A312B3DE9FBCC36490 /* Pods_BasicTVPlayer.framework */,
			);
			name = Frameworks;
			sourceTree = "<group>";
		};
		930DBA6CECF9CB47AA84A673 /* Pods */ = {
			isa = PBXGroup;
			children = (
				E5C39069F6562626ECDFF9F7 /* Pods-BasicTVPlayer.debug.xcconfig */,
				8710F7C64B4B0506DE8FC50E /* Pods-BasicTVPlayer.release.xcconfig */,
			);
			name = Pods;
			path = ../Pods;
			sourceTree = "<group>";
		};
/* End PBXGroup section */

/* Begin PBXNativeTarget section */
		79EBB5BA285153A500EC5182 /* BasicTVPlayer */ = {
			isa = PBXNativeTarget;
			buildConfigurationList = 79EBB5CC285153A700EC5182 /* Build configuration list for PBXNativeTarget "BasicTVPlayer" */;
			buildPhases = (
				08D60E1E17971443ABA644AF /* [CP] Check Pods Manifest.lock */,
				79EBB5B7285153A500EC5182 /* Sources */,
				79EBB5B8285153A500EC5182 /* Frameworks */,
				79EBB5B9285153A500EC5182 /* Resources */,
				062F5FB7E506C3C90139F279 /* [CP] Embed Pods Frameworks */,
			);
			buildRules = (
			);
			dependencies = (
			);
			name = BasicTVPlayer;
			productName = BasicTVPlayer;
			productReference = 79EBB5BB285153A500EC5182 /* BasicTVPlayer.app */;
			productType = "com.apple.product-type.application";
		};
/* End PBXNativeTarget section */

/* Begin PBXProject section */
		79EBB5B3285153A500EC5182 /* Project object */ = {
			isa = PBXProject;
			attributes = {
				BuildIndependentTargetsInParallel = 1;
				LastSwiftUpdateCheck = 1330;
				LastUpgradeCheck = 1330;
				TargetAttributes = {
					79EBB5BA285153A500EC5182 = {
						CreatedOnToolsVersion = 13.3;
					};
				};
			};
			buildConfigurationList = 79EBB5B6285153A500EC5182 /* Build configuration list for PBXProject "BasicTVPlayer" */;
			compatibilityVersion = "Xcode 13.0";
			developmentRegion = en;
			hasScannedForEncodings = 0;
			knownRegions = (
				en,
				Base,
			);
			mainGroup = 79EBB5B2285153A500EC5182;
			productRefGroup = 79EBB5BC285153A500EC5182 /* Products */;
			projectDirPath = "";
			projectRoot = "";
			targets = (
				79EBB5BA285153A500EC5182 /* BasicTVPlayer */,
			);
		};
/* End PBXProject section */

/* Begin PBXResourcesBuildPhase section */
		79EBB5B9285153A500EC5182 /* Resources */ = {
			isa = PBXResourcesBuildPhase;
			buildActionMask = 2147483647;
			files = (
				79EBB5C9285153A700EC5182 /* LaunchScreen.storyboard in Resources */,
				79EBB5C6285153A700EC5182 /* Assets.xcassets in Resources */,
				79CA74342852957300BB16B5 /* README.md in Resources */,
				79EBB5C4285153A500EC5182 /* Main.storyboard in Resources */,
			);
			runOnlyForDeploymentPostprocessing = 0;
		};
/* End PBXResourcesBuildPhase section */

/* Begin PBXShellScriptBuildPhase section */
		062F5FB7E506C3C90139F279 /* [CP] Embed Pods Frameworks */ = {
			isa = PBXShellScriptBuildPhase;
			buildActionMask = 2147483647;
			files = (
			);
			inputFileListPaths = (
				"${PODS_ROOT}/Target Support Files/Pods-BasicTVPlayer/Pods-BasicTVPlayer-frameworks-${CONFIGURATION}-input-files.xcfilelist",
			);
			name = "[CP] Embed Pods Frameworks";
			outputFileListPaths = (
				"${PODS_ROOT}/Target Support Files/Pods-BasicTVPlayer/Pods-BasicTVPlayer-frameworks-${CONFIGURATION}-output-files.xcfilelist",
			);
			runOnlyForDeploymentPostprocessing = 0;
			shellPath = /bin/sh;
			shellScript = "\"${PODS_ROOT}/Target Support Files/Pods-BasicTVPlayer/Pods-BasicTVPlayer-frameworks.sh\"\n";
			showEnvVarsInLog = 0;
		};
		08D60E1E17971443ABA644AF /* [CP] Check Pods Manifest.lock */ = {
			isa = PBXShellScriptBuildPhase;
			buildActionMask = 2147483647;
			files = (
			);
			inputFileListPaths = (
			);
			inputPaths = (
				"${PODS_PODFILE_DIR_PATH}/Podfile.lock",
				"${PODS_ROOT}/Manifest.lock",
			);
			name = "[CP] Check Pods Manifest.lock";
			outputFileListPaths = (
			);
			outputPaths = (
				"$(DERIVED_FILE_DIR)/Pods-BasicTVPlayer-checkManifestLockResult.txt",
			);
			runOnlyForDeploymentPostprocessing = 0;
			shellPath = /bin/sh;
			shellScript = "diff \"${PODS_PODFILE_DIR_PATH}/Podfile.lock\" \"${PODS_ROOT}/Manifest.lock\" > /dev/null\nif [ $? != 0 ] ; then\n    # print error to STDERR\n    echo \"error: The sandbox is not in sync with the Podfile.lock. Run 'pod install' or update your CocoaPods installation.\" >&2\n    exit 1\nfi\n# This output is used by Xcode 'outputs' to avoid re-running this script phase.\necho \"SUCCESS\" > \"${SCRIPT_OUTPUT_FILE_0}\"\n";
			showEnvVarsInLog = 0;
		};
/* End PBXShellScriptBuildPhase section */

/* Begin PBXSourcesBuildPhase section */
		79EBB5B7285153A500EC5182 /* Sources */ = {
			isa = PBXSourcesBuildPhase;
			buildActionMask = 2147483647;
			files = (
				79EBB5C1285153A500EC5182 /* BasicPlayerViewController.swift in Sources */,
				79EBB5BF285153A500EC5182 /* AppDelegate.swift in Sources */,
			);
			runOnlyForDeploymentPostprocessing = 0;
		};
/* End PBXSourcesBuildPhase section */

/* Begin PBXVariantGroup section */
		79EBB5C2285153A500EC5182 /* Main.storyboard */ = {
			isa = PBXVariantGroup;
			children = (
				79EBB5C3285153A500EC5182 /* Base */,
			);
			name = Main.storyboard;
			sourceTree = "<group>";
		};
		79EBB5C7285153A700EC5182 /* LaunchScreen.storyboard */ = {
			isa = PBXVariantGroup;
			children = (
				79EBB5C8285153A700EC5182 /* Base */,
			);
			name = LaunchScreen.storyboard;
			sourceTree = "<group>";
		};
/* End PBXVariantGroup section */

/* Begin XCBuildConfiguration section */
		79EBB5CA285153A700EC5182 /* Debug */ = {
			isa = XCBuildConfiguration;
			buildSettings = {
				ALWAYS_SEARCH_USER_PATHS = NO;
				CLANG_ANALYZER_NONNULL = YES;
				CLANG_ANALYZER_NUMBER_OBJECT_CONVERSION = YES_AGGRESSIVE;
				CLANG_CXX_LANGUAGE_STANDARD = "gnu++17";
				CLANG_ENABLE_MODULES = YES;
				CLANG_ENABLE_OBJC_ARC = YES;
				CLANG_ENABLE_OBJC_WEAK = YES;
				CLANG_WARN_BLOCK_CAPTURE_AUTORELEASING = YES;
				CLANG_WARN_BOOL_CONVERSION = YES;
				CLANG_WARN_COMMA = YES;
				CLANG_WARN_CONSTANT_CONVERSION = YES;
				CLANG_WARN_DEPRECATED_OBJC_IMPLEMENTATIONS = YES;
				CLANG_WARN_DIRECT_OBJC_ISA_USAGE = YES_ERROR;
				CLANG_WARN_DOCUMENTATION_COMMENTS = YES;
				CLANG_WARN_EMPTY_BODY = YES;
				CLANG_WARN_ENUM_CONVERSION = YES;
				CLANG_WARN_INFINITE_RECURSION = YES;
				CLANG_WARN_INT_CONVERSION = YES;
				CLANG_WARN_NON_LITERAL_NULL_CONVERSION = YES;
				CLANG_WARN_OBJC_IMPLICIT_RETAIN_SELF = YES;
				CLANG_WARN_OBJC_LITERAL_CONVERSION = YES;
				CLANG_WARN_OBJC_ROOT_CLASS = YES_ERROR;
				CLANG_WARN_QUOTED_INCLUDE_IN_FRAMEWORK_HEADER = YES;
				CLANG_WARN_RANGE_LOOP_ANALYSIS = YES;
				CLANG_WARN_STRICT_PROTOTYPES = YES;
				CLANG_WARN_SUSPICIOUS_MOVE = YES;
				CLANG_WARN_UNGUARDED_AVAILABILITY = YES_AGGRESSIVE;
				CLANG_WARN_UNREACHABLE_CODE = YES;
				CLANG_WARN__DUPLICATE_METHOD_MATCH = YES;
				COPY_PHASE_STRIP = NO;
				DEBUG_INFORMATION_FORMAT = dwarf;
				ENABLE_STRICT_OBJC_MSGSEND = YES;
				ENABLE_TESTABILITY = YES;
				GCC_C_LANGUAGE_STANDARD = gnu11;
				GCC_DYNAMIC_NO_PIC = NO;
				GCC_NO_COMMON_BLOCKS = YES;
				GCC_OPTIMIZATION_LEVEL = 0;
				GCC_PREPROCESSOR_DEFINITIONS = (
					"DEBUG=1",
					"$(inherited)",
				);
				GCC_WARN_64_TO_32_BIT_CONVERSION = YES;
				GCC_WARN_ABOUT_RETURN_TYPE = YES_ERROR;
				GCC_WARN_UNDECLARED_SELECTOR = YES;
				GCC_WARN_UNINITIALIZED_AUTOS = YES_AGGRESSIVE;
				GCC_WARN_UNUSED_FUNCTION = YES;
				GCC_WARN_UNUSED_VARIABLE = YES;
				MTL_ENABLE_DEBUG_INFO = INCLUDE_SOURCE;
				MTL_FAST_MATH = YES;
				ONLY_ACTIVE_ARCH = YES;
				SDKROOT = appletvos;
				SWIFT_ACTIVE_COMPILATION_CONDITIONS = DEBUG;
				SWIFT_OPTIMIZATION_LEVEL = "-Onone";
				TVOS_DEPLOYMENT_TARGET = 15.4;
			};
			name = Debug;
		};
		79EBB5CB285153A700EC5182 /* Release */ = {
			isa = XCBuildConfiguration;
			buildSettings = {
				ALWAYS_SEARCH_USER_PATHS = NO;
				CLANG_ANALYZER_NONNULL = YES;
				CLANG_ANALYZER_NUMBER_OBJECT_CONVERSION = YES_AGGRESSIVE;
				CLANG_CXX_LANGUAGE_STANDARD = "gnu++17";
				CLANG_ENABLE_MODULES = YES;
				CLANG_ENABLE_OBJC_ARC = YES;
				CLANG_ENABLE_OBJC_WEAK = YES;
				CLANG_WARN_BLOCK_CAPTURE_AUTORELEASING = YES;
				CLANG_WARN_BOOL_CONVERSION = YES;
				CLANG_WARN_COMMA = YES;
				CLANG_WARN_CONSTANT_CONVERSION = YES;
				CLANG_WARN_DEPRECATED_OBJC_IMPLEMENTATIONS = YES;
				CLANG_WARN_DIRECT_OBJC_ISA_USAGE = YES_ERROR;
				CLANG_WARN_DOCUMENTATION_COMMENTS = YES;
				CLANG_WARN_EMPTY_BODY = YES;
				CLANG_WARN_ENUM_CONVERSION = YES;
				CLANG_WARN_INFINITE_RECURSION = YES;
				CLANG_WARN_INT_CONVERSION = YES;
				CLANG_WARN_NON_LITERAL_NULL_CONVERSION = YES;
				CLANG_WARN_OBJC_IMPLICIT_RETAIN_SELF = YES;
				CLANG_WARN_OBJC_LITERAL_CONVERSION = YES;
				CLANG_WARN_OBJC_ROOT_CLASS = YES_ERROR;
				CLANG_WARN_QUOTED_INCLUDE_IN_FRAMEWORK_HEADER = YES;
				CLANG_WARN_RANGE_LOOP_ANALYSIS = YES;
				CLANG_WARN_STRICT_PROTOTYPES = YES;
				CLANG_WARN_SUSPICIOUS_MOVE = YES;
				CLANG_WARN_UNGUARDED_AVAILABILITY = YES_AGGRESSIVE;
				CLANG_WARN_UNREACHABLE_CODE = YES;
				CLANG_WARN__DUPLICATE_METHOD_MATCH = YES;
				COPY_PHASE_STRIP = NO;
				DEBUG_INFORMATION_FORMAT = "dwarf-with-dsym";
				ENABLE_NS_ASSERTIONS = NO;
				ENABLE_STRICT_OBJC_MSGSEND = YES;
				GCC_C_LANGUAGE_STANDARD = gnu11;
				GCC_NO_COMMON_BLOCKS = YES;
				GCC_WARN_64_TO_32_BIT_CONVERSION = YES;
				GCC_WARN_ABOUT_RETURN_TYPE = YES_ERROR;
				GCC_WARN_UNDECLARED_SELECTOR = YES;
				GCC_WARN_UNINITIALIZED_AUTOS = YES_AGGRESSIVE;
				GCC_WARN_UNUSED_FUNCTION = YES;
				GCC_WARN_UNUSED_VARIABLE = YES;
				MTL_ENABLE_DEBUG_INFO = NO;
				MTL_FAST_MATH = YES;
				SDKROOT = appletvos;
				SWIFT_COMPILATION_MODE = wholemodule;
				SWIFT_OPTIMIZATION_LEVEL = "-O";
				TVOS_DEPLOYMENT_TARGET = 15.4;
				VALIDATE_PRODUCT = YES;
			};
			name = Release;
		};
		79EBB5CD285153A700EC5182 /* Debug */ = {
			isa = XCBuildConfiguration;
			baseConfigurationReference = E5C39069F6562626ECDFF9F7 /* Pods-BasicTVPlayer.debug.xcconfig */;
			buildSettings = {
				ASSETCATALOG_COMPILER_APPICON_NAME = "App Icon & Top Shelf Image";
				ASSETCATALOG_COMPILER_GLOBAL_ACCENT_COLOR_NAME = AccentColor;
				CODE_SIGN_STYLE = Automatic;
				CURRENT_PROJECT_VERSION = 1;
				GENERATE_INFOPLIST_FILE = YES;
				INFOPLIST_KEY_UILaunchStoryboardName = LaunchScreen;
				INFOPLIST_KEY_UIMainStoryboardFile = Main;
				INFOPLIST_KEY_UIUserInterfaceStyle = Automatic;
				LD_RUNPATH_SEARCH_PATHS = (
					"$(inherited)",
					"@executable_path/Frameworks",
				);
				MARKETING_VERSION = 1.0;
				PRODUCT_BUNDLE_IDENTIFIER = "com.jwplayer.BPA-4-x.BasicTVPlayer";
				PRODUCT_NAME = "$(TARGET_NAME)";
				SWIFT_EMIT_LOC_STRINGS = YES;
				SWIFT_VERSION = 5.0;
				TARGETED_DEVICE_FAMILY = 3;
				TVOS_DEPLOYMENT_TARGET = 14.0;
			};
			name = Debug;
		};
		79EBB5CE285153A700EC5182 /* Release */ = {
			isa = XCBuildConfiguration;
			baseConfigurationReference = 8710F7C64B4B0506DE8FC50E /* Pods-BasicTVPlayer.release.xcconfig */;
			buildSettings = {
				ASSETCATALOG_COMPILER_APPICON_NAME = "App Icon & Top Shelf Image";
				ASSETCATALOG_COMPILER_GLOBAL_ACCENT_COLOR_NAME = AccentColor;
				CODE_SIGN_STYLE = Automatic;
				CURRENT_PROJECT_VERSION = 1;
				GENERATE_INFOPLIST_FILE = YES;
				INFOPLIST_KEY_UILaunchStoryboardName = LaunchScreen;
				INFOPLIST_KEY_UIMainStoryboardFile = Main;
				INFOPLIST_KEY_UIUserInterfaceStyle = Automatic;
				LD_RUNPATH_SEARCH_PATHS = (
					"$(inherited)",
					"@executable_path/Frameworks",
				);
				MARKETING_VERSION = 1.0;
				PRODUCT_BUNDLE_IDENTIFIER = "com.jwplayer.BPA-4-x.BasicTVPlayer";
				PRODUCT_NAME = "$(TARGET_NAME)";
				SWIFT_EMIT_LOC_STRINGS = YES;
				SWIFT_VERSION = 5.0;
				TARGETED_DEVICE_FAMILY = 3;
				TVOS_DEPLOYMENT_TARGET = 14.0;
			};
			name = Release;
		};
/* End XCBuildConfiguration section */

/* Begin XCConfigurationList section */
		79EBB5B6285153A500EC5182 /* Build configuration list for PBXProject "BasicTVPlayer" */ = {
			isa = XCConfigurationList;
			buildConfigurations = (
				79EBB5CA285153A700EC5182 /* Debug */,
				79EBB5CB285153A700EC5182 /* Release */,
			);
			defaultConfigurationIsVisible = 0;
			defaultConfigurationName = Release;
		};
		79EBB5CC285153A700EC5182 /* Build configuration list for PBXNativeTarget "BasicTVPlayer" */ = {
			isa = XCConfigurationList;
			buildConfigurations = (
				79EBB5CD285153A700EC5182 /* Debug */,
				79EBB5CE285153A700EC5182 /* Release */,
			);
			defaultConfigurationIsVisible = 0;
			defaultConfigurationName = Release;
		};
/* End XCConfigurationList section */
	};
	rootObject = 79EBB5B3285153A500EC5182 /* Project object */;
}
