// !$*UTF8*$!
{
	archiveVersion = 1;
	classes = {
	};
	objectVersion = 56;
	objects = {

/* Begin PBXBuildFile section */
		79FD75DC292D2A6700537AB6 /* AppDelegate.swift in Sources */ = {isa = PBXBuildFile; fileRef = 79FD75DB292D2A6700537AB6 /* AppDelegate.swift */; };
		79FD75DE292D2A6700537AB6 /* SceneDelegate.swift in Sources */ = {isa = PBXBuildFile; fileRef = 79FD75DD292D2A6700537AB6 /* SceneDelegate.swift */; };
		79FD75E0292D2A6700537AB6 /* ViewController.swift in Sources */ = {isa = PBXBuildFile; fileRef = 79FD75DF292D2A6700537AB6 /* ViewController.swift */; };
		79FD75E3292D2A6700537AB6 /* Main.storyboard in Resources */ = {isa = PBXBuildFile; fileRef = 79FD75E1292D2A6700537AB6 /* Main.storyboard */; };
		79FD75E5292D2A6800537AB6 /* Assets.xcassets in Resources */ = {isa = PBXBuildFile; fileRef = 79FD75E4292D2A6800537AB6 /* Assets.xcassets */; };
		79FD75E8292D2A6800537AB6 /* LaunchScreen.storyboard in Resources */ = {isa = PBXBuildFile; fileRef = 79FD75E6292D2A6800537AB6 /* LaunchScreen.storyboard */; };
		79FD75F0292D6C2500537AB6 /* PlayerViewController.swift in Sources */ = {isa = PBXBuildFile; fileRef = 79FD75EF292D6C2500537AB6 /* PlayerViewController.swift */; };
		79FD75F2292D9C0D00537AB6 /* README.md in Resources */ = {isa = PBXBuildFile; fileRef = 79FD75F1292D9C0D00537AB6 /* README.md */; };
		EF5EFE068520E5FACE8B268B /* Pods_Captions.framework in Frameworks */ = {isa = PBXBuildFile; fileRef = 43D3982E38D6CC054E971EFE /* Pods_Captions.framework */; };
/* End PBXBuildFile section */

/* Begin PBXFileReference section */
		14A6894DF92202DDA3FCA9A0 /* Pods-Captions.release.xcconfig */ = {isa = PBXFileReference; includeInIndex = 1; lastKnownFileType = text.xcconfig; name = "Pods-Captions.release.xcconfig"; path = "Target Support Files/Pods-Captions/Pods-Captions.release.xcconfig"; sourceTree = "<group>"; };
		43D3982E38D6CC054E971EFE /* Pods_Captions.framework */ = {isa = PBXFileReference; explicitFileType = wrapper.framework; includeInIndex = 0; path = Pods_Captions.framework; sourceTree = BUILT_PRODUCTS_DIR; };
		6E0D96EF11021B66901F7391 /* Pods-Captions.debug.xcconfig */ = {isa = PBXFileReference; includeInIndex = 1; lastKnownFileType = text.xcconfig; name = "Pods-Captions.debug.xcconfig"; path = "Target Support Files/Pods-Captions/Pods-Captions.debug.xcconfig"; sourceTree = "<group>"; };
		79FD75D8292D2A6700537AB6 /* Captions.app */ = {isa = PBXFileReference; explicitFileType = wrapper.application; includeInIndex = 0; path = Captions.app; sourceTree = BUILT_PRODUCTS_DIR; };
		79FD75DB292D2A6700537AB6 /* AppDelegate.swift */ = {isa = PBXFileReference; lastKnownFileType = sourcecode.swift; path = AppDelegate.swift; sourceTree = "<group>"; };
		79FD75DD292D2A6700537AB6 /* SceneDelegate.swift */ = {isa = PBXFileReference; lastKnownFileType = sourcecode.swift; path = SceneDelegate.swift; sourceTree = "<group>"; };
		79FD75DF292D2A6700537AB6 /* ViewController.swift */ = {isa = PBXFileReference; lastKnownFileType = sourcecode.swift; path = ViewController.swift; sourceTree = "<group>"; };
		79FD75E2292D2A6700537AB6 /* Base */ = {isa = PBXFileReference; lastKnownFileType = file.storyboard; name = Base; path = Base.lproj/Main.storyboard; sourceTree = "<group>"; };
		79FD75E4292D2A6800537AB6 /* Assets.xcassets */ = {isa = PBXFileReference; lastKnownFileType = folder.assetcatalog; path = Assets.xcassets; sourceTree = "<group>"; };
		79FD75E7292D2A6800537AB6 /* Base */ = {isa = PBXFileReference; lastKnownFileType = file.storyboard; name = Base; path = Base.lproj/LaunchScreen.storyboard; sourceTree = "<group>"; };
		79FD75E9292D2A6800537AB6 /* Info.plist */ = {isa = PBXFileReference; lastKnownFileType = text.plist.xml; path = Info.plist; sourceTree = "<group>"; };
		79FD75EF292D6C2500537AB6 /* PlayerViewController.swift */ = {isa = PBXFileReference; lastKnownFileType = sourcecode.swift; path = PlayerViewController.swift; sourceTree = "<group>"; };
		79FD75F1292D9C0D00537AB6 /* README.md */ = {isa = PBXFileReference; fileEncoding = 4; lastKnownFileType = net.daringfireball.markdown; path = README.md; sourceTree = "<group>"; };
/* End PBXFileReference section */

/* Begin PBXFrameworksBuildPhase section */
		79FD75D5292D2A6700537AB6 /* Frameworks */ = {
			isa = PBXFrameworksBuildPhase;
			buildActionMask = 2147483647;
			files = (
				EF5EFE068520E5FACE8B268B /* Pods_Captions.framework in Frameworks */,
			);
			runOnlyForDeploymentPostprocessing = 0;
		};
/* End PBXFrameworksBuildPhase section */

/* Begin PBXGroup section */
		6991E2BDC268BF45F9347770 /* Pods */ = {
			isa = PBXGroup;
			children = (
				6E0D96EF11021B66901F7391 /* Pods-Captions.debug.xcconfig */,
				14A6894DF92202DDA3FCA9A0 /* Pods-Captions.release.xcconfig */,
			);
			name = Pods;
			path = ../Pods;
			sourceTree = "<group>";
		};
		79FD75CF292D2A6700537AB6 = {
			isa = PBXGroup;
			children = (
				79FD75F1292D9C0D00537AB6 /* README.md */,
				79FD75DA292D2A6700537AB6 /* Captions */,
				79FD75D9292D2A6700537AB6 /* Products */,
				6991E2BDC268BF45F9347770 /* Pods */,
				E526F045DE84687031AFC87E /* Frameworks */,
			);
			sourceTree = "<group>";
		};
		79FD75D9292D2A6700537AB6 /* Products */ = {
			isa = PBXGroup;
			children = (
				79FD75D8292D2A6700537AB6 /* Captions.app */,
			);
			name = Products;
			sourceTree = "<group>";
		};
		79FD75DA292D2A6700537AB6 /* Captions */ = {
			isa = PBXGroup;
			children = (
				79FD75DB292D2A6700537AB6 /* AppDelegate.swift */,
				79FD75DD292D2A6700537AB6 /* SceneDelegate.swift */,
				79FD75DF292D2A6700537AB6 /* ViewController.swift */,
				79FD75EF292D6C2500537AB6 /* PlayerViewController.swift */,
				79FD75E1292D2A6700537AB6 /* Main.storyboard */,
				79FD75E4292D2A6800537AB6 /* Assets.xcassets */,
				79FD75E6292D2A6800537AB6 /* LaunchScreen.storyboard */,
				79FD75E9292D2A6800537AB6 /* Info.plist */,
			);
			path = Captions;
			sourceTree = "<group>";
		};
		E526F045DE84687031AFC87E /* Frameworks */ = {
			isa = PBXGroup;
			children = (
				43D3982E38D6CC054E971EFE /* Pods_Captions.framework */,
			);
			name = Frameworks;
			sourceTree = "<group>";
		};
/* End PBXGroup section */

/* Begin PBXNativeTarget section */
		79FD75D7292D2A6700537AB6 /* Captions */ = {
			isa = PBXNativeTarget;
			buildConfigurationList = 79FD75EC292D2A6800537AB6 /* Build configuration list for PBXNativeTarget "Captions" */;
			buildPhases = (
				9B598B7B52B1B3222F278BC4 /* [CP] Check Pods Manifest.lock */,
				79FD75D4292D2A6700537AB6 /* Sources */,
				79FD75D5292D2A6700537AB6 /* Frameworks */,
				79FD75D6292D2A6700537AB6 /* Resources */,
				E873247DEECEF3EA083F5494 /* [CP] Embed Pods Frameworks */,
			);
			buildRules = (
			);
			dependencies = (
			);
			name = Captions;
			productName = Captions;
			productReference = 79FD75D8292D2A6700537AB6 /* Captions.app */;
			productType = "com.apple.product-type.application";
		};
/* End PBXNativeTarget section */

/* Begin PBXProject section */
		79FD75D0292D2A6700537AB6 /* Project object */ = {
			isa = PBXProject;
			attributes = {
				BuildIndependentTargetsInParallel = 1;
				LastSwiftUpdateCheck = 1410;
				LastUpgradeCheck = 1410;
				TargetAttributes = {
					79FD75D7292D2A6700537AB6 = {
						CreatedOnToolsVersion = 14.1;
					};
				};
			};
			buildConfigurationList = 79FD75D3292D2A6700537AB6 /* Build configuration list for PBXProject "Captions" */;
			compatibilityVersion = "Xcode 14.0";
			developmentRegion = en;
			hasScannedForEncodings = 0;
			knownRegions = (
				en,
				Base,
			);
			mainGroup = 79FD75CF292D2A6700537AB6;
			productRefGroup = 79FD75D9292D2A6700537AB6 /* Products */;
			projectDirPath = "";
			projectRoot = "";
			targets = (
				79FD75D7292D2A6700537AB6 /* Captions */,
			);
		};
/* End PBXProject section */

/* Begin PBXResourcesBuildPhase section */
		79FD75D6292D2A6700537AB6 /* Resources */ = {
			isa = PBXResourcesBuildPhase;
			buildActionMask = 2147483647;
			files = (
				79FD75E8292D2A6800537AB6 /* LaunchScreen.storyboard in Resources */,
				79FD75E5292D2A6800537AB6 /* Assets.xcassets in Resources */,
				79FD75F2292D9C0D00537AB6 /* README.md in Resources */,
				79FD75E3292D2A6700537AB6 /* Main.storyboard in Resources */,
			);
			runOnlyForDeploymentPostprocessing = 0;
		};
/* End PBXResourcesBuildPhase section */

/* Begin PBXShellScriptBuildPhase section */
		9B598B7B52B1B3222F278BC4 /* [CP] Check Pods Manifest.lock */ = {
			isa = PBXShellScriptBuildPhase;
			buildActionMask = 2147483647;
			files = (
			);
			inputFileListPaths = (
			);
			inputPaths = (
				"${PODS_PODFILE_DIR_PATH}/Podfile.lock",
				"${PODS_ROOT}/Manifest.lock",
			);
			name = "[CP] Check Pods Manifest.lock";
			outputFileListPaths = (
			);
			outputPaths = (
				"$(DERIVED_FILE_DIR)/Pods-Captions-checkManifestLockResult.txt",
			);
			runOnlyForDeploymentPostprocessing = 0;
			shellPath = /bin/sh;
			shellScript = "diff \"${PODS_PODFILE_DIR_PATH}/Podfile.lock\" \"${PODS_ROOT}/Manifest.lock\" > /dev/null\nif [ $? != 0 ] ; then\n    # print error to STDERR\n    echo \"error: The sandbox is not in sync with the Podfile.lock. Run 'pod install' or update your CocoaPods installation.\" >&2\n    exit 1\nfi\n# This output is used by Xcode 'outputs' to avoid re-running this script phase.\necho \"SUCCESS\" > \"${SCRIPT_OUTPUT_FILE_0}\"\n";
			showEnvVarsInLog = 0;
		};
		E873247DEECEF3EA083F5494 /* [CP] Embed Pods Frameworks */ = {
			isa = PBXShellScriptBuildPhase;
			buildActionMask = 2147483647;
			files = (
			);
			inputFileListPaths = (
				"${PODS_ROOT}/Target Support Files/Pods-Captions/Pods-Captions-frameworks-${CONFIGURATION}-input-files.xcfilelist",
			);
			name = "[CP] Embed Pods Frameworks";
			outputFileListPaths = (
				"${PODS_ROOT}/Target Support Files/Pods-Captions/Pods-Captions-frameworks-${CONFIGURATION}-output-files.xcfilelist",
			);
			runOnlyForDeploymentPostprocessing = 0;
			shellPath = /bin/sh;
			shellScript = "\"${PODS_ROOT}/Target Support Files/Pods-Captions/Pods-Captions-frameworks.sh\"\n";
			showEnvVarsInLog = 0;
		};
/* End PBXShellScriptBuildPhase section */

/* Begin PBXSourcesBuildPhase section */
		79FD75D4292D2A6700537AB6 /* Sources */ = {
			isa = PBXSourcesBuildPhase;
			buildActionMask = 2147483647;
			files = (
				79FD75E0292D2A6700537AB6 /* ViewController.swift in Sources */,
				79FD75F0292D6C2500537AB6 /* PlayerViewController.swift in Sources */,
				79FD75DC292D2A6700537AB6 /* AppDelegate.swift in Sources */,
				79FD75DE292D2A6700537AB6 /* SceneDelegate.swift in Sources */,
			);
			runOnlyForDeploymentPostprocessing = 0;
		};
/* End PBXSourcesBuildPhase section */

/* Begin PBXVariantGroup section */
		79FD75E1292D2A6700537AB6 /* Main.storyboard */ = {
			isa = PBXVariantGroup;
			children = (
				79FD75E2292D2A6700537AB6 /* Base */,
			);
			name = Main.storyboard;
			sourceTree = "<group>";
		};
		79FD75E6292D2A6800537AB6 /* LaunchScreen.storyboard */ = {
			isa = PBXVariantGroup;
			children = (
				79FD75E7292D2A6800537AB6 /* Base */,
			);
			name = LaunchScreen.storyboard;
			sourceTree = "<group>";
		};
/* End PBXVariantGroup section */

/* Begin XCBuildConfiguration section */
		79FD75EA292D2A6800537AB6 /* Debug */ = {
			isa = XCBuildConfiguration;
			buildSettings = {
				ALWAYS_SEARCH_USER_PATHS = NO;
				CLANG_ANALYZER_NONNULL = YES;
				CLANG_ANALYZER_NUMBER_OBJECT_CONVERSION = YES_AGGRESSIVE;
				CLANG_CXX_LANGUAGE_STANDARD = "gnu++20";
				CLANG_ENABLE_MODULES = YES;
				CLANG_ENABLE_OBJC_ARC = YES;
				CLANG_ENABLE_OBJC_WEAK = YES;
				CLANG_WARN_BLOCK_CAPTURE_AUTORELEASING = YES;
				CLANG_WARN_BOOL_CONVERSION = YES;
				CLANG_WARN_COMMA = YES;
				CLANG_WARN_CONSTANT_CONVERSION = YES;
				CLANG_WARN_DEPRECATED_OBJC_IMPLEMENTATIONS = YES;
				CLANG_WARN_DIRECT_OBJC_ISA_USAGE = YES_ERROR;
				CLANG_WARN_DOCUMENTATION_COMMENTS = YES;
				CLANG_WARN_EMPTY_BODY = YES;
				CLANG_WARN_ENUM_CONVERSION = YES;
				CLANG_WARN_INFINITE_RECURSION = YES;
				CLANG_WARN_INT_CONVERSION = YES;
				CLANG_WARN_NON_LITERAL_NULL_CONVERSION = YES;
				CLANG_WARN_OBJC_IMPLICIT_RETAIN_SELF = YES;
				CLANG_WARN_OBJC_LITERAL_CONVERSION = YES;
				CLANG_WARN_OBJC_ROOT_CLASS = YES_ERROR;
				CLANG_WARN_QUOTED_INCLUDE_IN_FRAMEWORK_HEADER = YES;
				CLANG_WARN_RANGE_LOOP_ANALYSIS = YES;
				CLANG_WARN_STRICT_PROTOTYPES = YES;
				CLANG_WARN_SUSPICIOUS_MOVE = YES;
				CLANG_WARN_UNGUARDED_AVAILABILITY = YES_AGGRESSIVE;
				CLANG_WARN_UNREACHABLE_CODE = YES;
				CLANG_WARN__DUPLICATE_METHOD_MATCH = YES;
				COPY_PHASE_STRIP = NO;
				DEBUG_INFORMATION_FORMAT = dwarf;
				ENABLE_STRICT_OBJC_MSGSEND = YES;
				ENABLE_TESTABILITY = YES;
				GCC_C_LANGUAGE_STANDARD = gnu11;
				GCC_DYNAMIC_NO_PIC = NO;
				GCC_NO_COMMON_BLOCKS = YES;
				GCC_OPTIMIZATION_LEVEL = 0;
				GCC_PREPROCESSOR_DEFINITIONS = (
					"DEBUG=1",
					"$(inherited)",
				);
				GCC_WARN_64_TO_32_BIT_CONVERSION = YES;
				GCC_WARN_ABOUT_RETURN_TYPE = YES_ERROR;
				GCC_WARN_UNDECLARED_SELECTOR = YES;
				GCC_WARN_UNINITIALIZED_AUTOS = YES_AGGRESSIVE;
				GCC_WARN_UNUSED_FUNCTION = YES;
				GCC_WARN_UNUSED_VARIABLE = YES;
				IPHONEOS_DEPLOYMENT_TARGET = 16.1;
				MTL_ENABLE_DEBUG_INFO = INCLUDE_SOURCE;
				MTL_FAST_MATH = YES;
				ONLY_ACTIVE_ARCH = YES;
				SDKROOT = iphoneos;
				SWIFT_ACTIVE_COMPILATION_CONDITIONS = DEBUG;
				SWIFT_OPTIMIZATION_LEVEL = "-Onone";
			};
			name = Debug;
		};
		79FD75EB292D2A6800537AB6 /* Release */ = {
			isa = XCBuildConfiguration;
			buildSettings = {
				ALWAYS_SEARCH_USER_PATHS = NO;
				CLANG_ANALYZER_NONNULL = YES;
				CLANG_ANALYZER_NUMBER_OBJECT_CONVERSION = YES_AGGRESSIVE;
				CLANG_CXX_LANGUAGE_STANDARD = "gnu++20";
				CLANG_ENABLE_MODULES = YES;
				CLANG_ENABLE_OBJC_ARC = YES;
				CLANG_ENABLE_OBJC_WEAK = YES;
				CLANG_WARN_BLOCK_CAPTURE_AUTORELEASING = YES;
				CLANG_WARN_BOOL_CONVERSION = YES;
				CLANG_WARN_COMMA = YES;
				CLANG_WARN_CONSTANT_CONVERSION = YES;
				CLANG_WARN_DEPRECATED_OBJC_IMPLEMENTATIONS = YES;
				CLANG_WARN_DIRECT_OBJC_ISA_USAGE = YES_ERROR;
				CLANG_WARN_DOCUMENTATION_COMMENTS = YES;
				CLANG_WARN_EMPTY_BODY = YES;
				CLANG_WARN_ENUM_CONVERSION = YES;
				CLANG_WARN_INFINITE_RECURSION = YES;
				CLANG_WARN_INT_CONVERSION = YES;
				CLANG_WARN_NON_LITERAL_NULL_CONVERSION = YES;
				CLANG_WARN_OBJC_IMPLICIT_RETAIN_SELF = YES;
				CLANG_WARN_OBJC_LITERAL_CONVERSION = YES;
				CLANG_WARN_OBJC_ROOT_CLASS = YES_ERROR;
				CLANG_WARN_QUOTED_INCLUDE_IN_FRAMEWORK_HEADER = YES;
				CLANG_WARN_RANGE_LOOP_ANALYSIS = YES;
				CLANG_WARN_STRICT_PROTOTYPES = YES;
				CLANG_WARN_SUSPICIOUS_MOVE = YES;
				CLANG_WARN_UNGUARDED_AVAILABILITY = YES_AGGRESSIVE;
				CLANG_WARN_UNREACHABLE_CODE = YES;
				CLANG_WARN__DUPLICATE_METHOD_MATCH = YES;
				COPY_PHASE_STRIP = NO;
				DEBUG_INFORMATION_FORMAT = "dwarf-with-dsym";
				ENABLE_NS_ASSERTIONS = NO;
				ENABLE_STRICT_OBJC_MSGSEND = YES;
				GCC_C_LANGUAGE_STANDARD = gnu11;
				GCC_NO_COMMON_BLOCKS = YES;
				GCC_WARN_64_TO_32_BIT_CONVERSION = YES;
				GCC_WARN_ABOUT_RETURN_TYPE = YES_ERROR;
				GCC_WARN_UNDECLARED_SELECTOR = YES;
				GCC_WARN_UNINITIALIZED_AUTOS = YES_AGGRESSIVE;
				GCC_WARN_UNUSED_FUNCTION = YES;
				GCC_WARN_UNUSED_VARIABLE = YES;
				IPHONEOS_DEPLOYMENT_TARGET = 16.1;
				MTL_ENABLE_DEBUG_INFO = NO;
				MTL_FAST_MATH = YES;
				SDKROOT = iphoneos;
				SWIFT_COMPILATION_MODE = wholemodule;
				SWIFT_OPTIMIZATION_LEVEL = "-O";
				VALIDATE_PRODUCT = YES;
			};
			name = Release;
		};
		79FD75ED292D2A6800537AB6 /* Debug */ = {
			isa = XCBuildConfiguration;
			baseConfigurationReference = 6E0D96EF11021B66901F7391 /* Pods-Captions.debug.xcconfig */;
			buildSettings = {
				ASSETCATALOG_COMPILER_APPICON_NAME = AppIcon;
				ASSETCATALOG_COMPILER_GLOBAL_ACCENT_COLOR_NAME = AccentColor;
				CODE_SIGN_STYLE = Automatic;
				CURRENT_PROJECT_VERSION = 1;
				DEVELOPMENT_TEAM = WX87M56X5N;
				GENERATE_INFOPLIST_FILE = YES;
				INFOPLIST_FILE = Captions/Info.plist;
				INFOPLIST_KEY_UIApplicationSupportsIndirectInputEvents = YES;
				INFOPLIST_KEY_UILaunchStoryboardName = LaunchScreen;
				INFOPLIST_KEY_UIMainStoryboardFile = Main;
				INFOPLIST_KEY_UISupportedInterfaceOrientations_iPad = "UIInterfaceOrientationPortrait UIInterfaceOrientationPortraitUpsideDown UIInterfaceOrientationLandscapeLeft UIInterfaceOrientationLandscapeRight";
				INFOPLIST_KEY_UISupportedInterfaceOrientations_iPhone = "UIInterfaceOrientationPortrait UIInterfaceOrientationLandscapeLeft UIInterfaceOrientationLandscapeRight";
				IPHONEOS_DEPLOYMENT_TARGET = 13.0;
				LD_RUNPATH_SEARCH_PATHS = (
					"$(inherited)",
					"@executable_path/Frameworks",
				);
				MARKETING_VERSION = 1.0;
				PRODUCT_BUNDLE_IDENTIFIER = "com.jwplayer.BPA-4x.Captions";
				PRODUCT_NAME = "$(TARGET_NAME)";
				SWIFT_EMIT_LOC_STRINGS = YES;
				SWIFT_VERSION = 5.0;
				TARGETED_DEVICE_FAMILY = "1,2";
			};
			name = Debug;
		};
		79FD75EE292D2A6800537AB6 /* Release */ = {
			isa = XCBuildConfiguration;
			baseConfigurationReference = 14A6894DF92202DDA3FCA9A0 /* Pods-Captions.release.xcconfig */;
			buildSettings = {
				ASSETCATALOG_COMPILER_APPICON_NAME = AppIcon;
				ASSETCATALOG_COMPILER_GLOBAL_ACCENT_COLOR_NAME = AccentColor;
				CODE_SIGN_STYLE = Automatic;
				CURRENT_PROJECT_VERSION = 1;
				DEVELOPMENT_TEAM = WX87M56X5N;
				GENERATE_INFOPLIST_FILE = YES;
				INFOPLIST_FILE = Captions/Info.plist;
				INFOPLIST_KEY_UIApplicationSupportsIndirectInputEvents = YES;
				INFOPLIST_KEY_UILaunchStoryboardName = LaunchScreen;
				INFOPLIST_KEY_UIMainStoryboardFile = Main;
				INFOPLIST_KEY_UISupportedInterfaceOrientations_iPad = "UIInterfaceOrientationPortrait UIInterfaceOrientationPortraitUpsideDown UIInterfaceOrientationLandscapeLeft UIInterfaceOrientationLandscapeRight";
				INFOPLIST_KEY_UISupportedInterfaceOrientations_iPhone = "UIInterfaceOrientationPortrait UIInterfaceOrientationLandscapeLeft UIInterfaceOrientationLandscapeRight";
				IPHONEOS_DEPLOYMENT_TARGET = 13.0;
				LD_RUNPATH_SEARCH_PATHS = (
					"$(inherited)",
					"@executable_path/Frameworks",
				);
				MARKETING_VERSION = 1.0;
				PRODUCT_BUNDLE_IDENTIFIER = "com.jwplayer.BPA-4x.Captions";
				PRODUCT_NAME = "$(TARGET_NAME)";
				SWIFT_EMIT_LOC_STRINGS = YES;
				SWIFT_VERSION = 5.0;
				TARGETED_DEVICE_FAMILY = "1,2";
			};
			name = Release;
		};
/* End XCBuildConfiguration section */

/* Begin XCConfigurationList section */
		79FD75D3292D2A6700537AB6 /* Build configuration list for PBXProject "Captions" */ = {
			isa = XCConfigurationList;
			buildConfigurations = (
				79FD75EA292D2A6800537AB6 /* Debug */,
				79FD75EB292D2A6800537AB6 /* Release */,
			);
			defaultConfigurationIsVisible = 0;
			defaultConfigurationName = Release;
		};
		79FD75EC292D2A6800537AB6 /* Build configuration list for PBXNativeTarget "Captions" */ = {
			isa = XCConfigurationList;
			buildConfigurations = (
				79FD75ED292D2A6800537AB6 /* Debug */,
				79FD75EE292D2A6800537AB6 /* Release */,
			);
			defaultConfigurationIsVisible = 0;
			defaultConfigurationName = Release;
		};
/* End XCConfigurationList section */
	};
	rootObject = 79FD75D0292D2A6700537AB6 /* Project object */;
}
