// !$*UTF8*$!
{
	archiveVersion = 1;
	classes = {
	};
	objectVersion = 51;
	objects = {

/* Begin PBXBuildFile section */
		4EF0C0F5EEFD492AEDBECDC9 /* Pods_Google_IMA_Ads.framework in Frameworks */ = {isa = PBXBuildFile; fileRef = 2889FFC176A7905C22F13443 /* Pods_Google_IMA_Ads.framework */; };
		799E469F26C1D5B400BBBB98 /* AppDelegate.swift in Sources */ = {isa = PBXBuildFile; fileRef = 799E469E26C1D5B400BBBB98 /* AppDelegate.swift */; };
		799E46A126C1D5B400BBBB98 /* SceneDelegate.swift in Sources */ = {isa = PBXBuildFile; fileRef = 799E46A026C1D5B400BBBB98 /* SceneDelegate.swift */; };
		799E46A326C1D5B400BBBB98 /* ViewController.swift in Sources */ = {isa = PBXBuildFile; fileRef = 799E46A226C1D5B400BBBB98 /* ViewController.swift */; };
		799E46A626C1D5B400BBBB98 /* Main.storyboard in Resources */ = {isa = PBXBuildFile; fileRef = 799E46A426C1D5B400BBBB98 /* Main.storyboard */; };
		799E46A826C1D5B500BBBB98 /* Assets.xcassets in Resources */ = {isa = PBXBuildFile; fileRef = 799E46A726C1D5B500BBBB98 /* Assets.xcassets */; };
		799E46AB26C1D5B500BBBB98 /* LaunchScreen.storyboard in Resources */ = {isa = PBXBuildFile; fileRef = 799E46A926C1D5B500BBBB98 /* LaunchScreen.storyboard */; };
		799E472026C2FE4A00BBBB98 /* README.md in Resources */ = {isa = PBXBuildFile; fileRef = 799E471F26C2FE4A00BBBB98 /* README.md */; };
/* End PBXBuildFile section */

/* Begin PBXFileReference section */
		2889FFC176A7905C22F13443 /* Pods_Google_IMA_Ads.framework */ = {isa = PBXFileReference; explicitFileType = wrapper.framework; includeInIndex = 0; path = Pods_Google_IMA_Ads.framework; sourceTree = BUILT_PRODUCTS_DIR; };
		5D7ED557EC1DFE198C169905 /* Pods-Google IMA Ads.release.xcconfig */ = {isa = PBXFileReference; includeInIndex = 1; lastKnownFileType = text.xcconfig; name = "Pods-Google IMA Ads.release.xcconfig"; path = "Target Support Files/Pods-Google IMA Ads/Pods-Google IMA Ads.release.xcconfig"; sourceTree = "<group>"; };
		799E469B26C1D5B400BBBB98 /* Google IMA Ads.app */ = {isa = PBXFileReference; explicitFileType = wrapper.application; includeInIndex = 0; path = "Google IMA Ads.app"; sourceTree = BUILT_PRODUCTS_DIR; };
		799E469E26C1D5B400BBBB98 /* AppDelegate.swift */ = {isa = PBXFileReference; lastKnownFileType = sourcecode.swift; path = AppDelegate.swift; sourceTree = "<group>"; };
		799E46A026C1D5B400BBBB98 /* SceneDelegate.swift */ = {isa = PBXFileReference; lastKnownFileType = sourcecode.swift; path = SceneDelegate.swift; sourceTree = "<group>"; };
		799E46A226C1D5B400BBBB98 /* ViewController.swift */ = {isa = PBXFileReference; lastKnownFileType = sourcecode.swift; path = ViewController.swift; sourceTree = "<group>"; };
		799E46A526C1D5B400BBBB98 /* Base */ = {isa = PBXFileReference; lastKnownFileType = file.storyboard; name = Base; path = Base.lproj/Main.storyboard; sourceTree = "<group>"; };
		799E46A726C1D5B500BBBB98 /* Assets.xcassets */ = {isa = PBXFileReference; lastKnownFileType = folder.assetcatalog; path = Assets.xcassets; sourceTree = "<group>"; };
		799E46AA26C1D5B500BBBB98 /* Base */ = {isa = PBXFileReference; lastKnownFileType = file.storyboard; name = Base; path = Base.lproj/LaunchScreen.storyboard; sourceTree = "<group>"; };
		799E46AC26C1D5B500BBBB98 /* Info.plist */ = {isa = PBXFileReference; lastKnownFileType = text.plist.xml; path = Info.plist; sourceTree = "<group>"; };
		799E471F26C2FE4A00BBBB98 /* README.md */ = {isa = PBXFileReference; fileEncoding = 4; lastKnownFileType = net.daringfireball.markdown; path = README.md; sourceTree = "<group>"; };
		E27128AA72241C53EEA279DB /* Pods-Google IMA Ads.debug.xcconfig */ = {isa = PBXFileReference; includeInIndex = 1; lastKnownFileType = text.xcconfig; name = "Pods-Google IMA Ads.debug.xcconfig"; path = "Target Support Files/Pods-Google IMA Ads/Pods-Google IMA Ads.debug.xcconfig"; sourceTree = "<group>"; };
/* End PBXFileReference section */

/* Begin PBXFrameworksBuildPhase section */
		799E469826C1D5B400BBBB98 /* Frameworks */ = {
			isa = PBXFrameworksBuildPhase;
			buildActionMask = 2147483647;
			files = (
				4EF0C0F5EEFD492AEDBECDC9 /* Pods_Google_IMA_Ads.framework in Frameworks */,
			);
			runOnlyForDeploymentPostprocessing = 0;
		};
/* End PBXFrameworksBuildPhase section */

/* Begin PBXGroup section */
		799E469226C1D5B400BBBB98 = {
			isa = PBXGroup;
			children = (
				799E471F26C2FE4A00BBBB98 /* README.md */,
				799E469D26C1D5B400BBBB98 /* Google IMA Ads */,
				799E469C26C1D5B400BBBB98 /* Products */,
				C4F2AFF2A9AAE3BCC13E9862 /* Pods */,
				C90D4AFDBACEBD4338E28E09 /* Frameworks */,
			);
			sourceTree = "<group>";
		};
		799E469C26C1D5B400BBBB98 /* Products */ = {
			isa = PBXGroup;
			children = (
				799E469B26C1D5B400BBBB98 /* Google IMA Ads.app */,
			);
			name = Products;
			sourceTree = "<group>";
		};
		799E469D26C1D5B400BBBB98 /* Google IMA Ads */ = {
			isa = PBXGroup;
			children = (
				799E469E26C1D5B400BBBB98 /* AppDelegate.swift */,
				799E46A026C1D5B400BBBB98 /* SceneDelegate.swift */,
				799E46A226C1D5B400BBBB98 /* ViewController.swift */,
				799E46A426C1D5B400BBBB98 /* Main.storyboard */,
				799E46A726C1D5B500BBBB98 /* Assets.xcassets */,
				799E46A926C1D5B500BBBB98 /* LaunchScreen.storyboard */,
				799E46AC26C1D5B500BBBB98 /* Info.plist */,
			);
			path = "Google IMA Ads";
			sourceTree = "<group>";
		};
		C4F2AFF2A9AAE3BCC13E9862 /* Pods */ = {
			isa = PBXGroup;
			children = (
				E27128AA72241C53EEA279DB /* Pods-Google IMA Ads.debug.xcconfig */,
				5D7ED557EC1DFE198C169905 /* Pods-Google IMA Ads.release.xcconfig */,
			);
			name = Pods;
			path = ../Pods;
			sourceTree = "<group>";
		};
		C90D4AFDBACEBD4338E28E09 /* Frameworks */ = {
			isa = PBXGroup;
			children = (
				2889FFC176A7905C22F13443 /* Pods_Google_IMA_Ads.framework */,
			);
			name = Frameworks;
			sourceTree = "<group>";
		};
/* End PBXGroup section */

/* Begin PBXNativeTarget section */
		799E469A26C1D5B400BBBB98 /* Google IMA Ads */ = {
			isa = PBXNativeTarget;
			buildConfigurationList = 799E46AF26C1D5B500BBBB98 /* Build configuration list for PBXNativeTarget "Google IMA Ads" */;
			buildPhases = (
				00611C630A0466FBF36EB355 /* [CP] Check Pods Manifest.lock */,
				799E469726C1D5B400BBBB98 /* Sources */,
				799E469826C1D5B400BBBB98 /* Frameworks */,
				799E469926C1D5B400BBBB98 /* Resources */,
				002AA27B686C6B8CB20CE980 /* [CP] Embed Pods Frameworks */,
			);
			buildRules = (
			);
			dependencies = (
			);
			name = "Google IMA Ads";
			productName = "Google IMA Ads";
			productReference = 799E469B26C1D5B400BBBB98 /* Google IMA Ads.app */;
			productType = "com.apple.product-type.application";
		};
/* End PBXNativeTarget section */

/* Begin PBXProject section */
		799E469326C1D5B400BBBB98 /* Project object */ = {
			isa = PBXProject;
			attributes = {
				LastSwiftUpdateCheck = 1230;
				LastUpgradeCheck = 1230;
				TargetAttributes = {
					799E469A26C1D5B400BBBB98 = {
						CreatedOnToolsVersion = 12.3;
					};
				};
			};
			buildConfigurationList = 799E469626C1D5B400BBBB98 /* Build configuration list for PBXProject "Google IMA Ads" */;
			compatibilityVersion = "Xcode 9.3";
			developmentRegion = en;
			hasScannedForEncodings = 0;
			knownRegions = (
				en,
				Base,
			);
			mainGroup = 799E469226C1D5B400BBBB98;
			productRefGroup = 799E469C26C1D5B400BBBB98 /* Products */;
			projectDirPath = "";
			projectRoot = "";
			targets = (
				799E469A26C1D5B400BBBB98 /* Google IMA Ads */,
			);
		};
/* End PBXProject section */

/* Begin PBXResourcesBuildPhase section */
		799E469926C1D5B400BBBB98 /* Resources */ = {
			isa = PBXResourcesBuildPhase;
			buildActionMask = 2147483647;
			files = (
				799E46AB26C1D5B500BBBB98 /* LaunchScreen.storyboard in Resources */,
				799E46A826C1D5B500BBBB98 /* Assets.xcassets in Resources */,
				799E472026C2FE4A00BBBB98 /* README.md in Resources */,
				799E46A626C1D5B400BBBB98 /* Main.storyboard in Resources */,
			);
			runOnlyForDeploymentPostprocessing = 0;
		};
/* End PBXResourcesBuildPhase section */

/* Begin PBXShellScriptBuildPhase section */
		002AA27B686C6B8CB20CE980 /* [CP] Embed Pods Frameworks */ = {
			isa = PBXShellScriptBuildPhase;
			buildActionMask = 2147483647;
			files = (
			);
			inputFileListPaths = (
				"${PODS_ROOT}/Target Support Files/Pods-Google IMA Ads/Pods-Google IMA Ads-frameworks-${CONFIGURATION}-input-files.xcfilelist",
			);
			name = "[CP] Embed Pods Frameworks";
			outputFileListPaths = (
				"${PODS_ROOT}/Target Support Files/Pods-Google IMA Ads/Pods-Google IMA Ads-frameworks-${CONFIGURATION}-output-files.xcfilelist",
			);
			runOnlyForDeploymentPostprocessing = 0;
			shellPath = /bin/sh;
			shellScript = "\"${PODS_ROOT}/Target Support Files/Pods-Google IMA Ads/Pods-Google IMA Ads-frameworks.sh\"\n";
			showEnvVarsInLog = 0;
		};
		00611C630A0466FBF36EB355 /* [CP] Check Pods Manifest.lock */ = {
			isa = PBXShellScriptBuildPhase;
			buildActionMask = 2147483647;
			files = (
			);
			inputFileListPaths = (
			);
			inputPaths = (
				"${PODS_PODFILE_DIR_PATH}/Podfile.lock",
				"${PODS_ROOT}/Manifest.lock",
			);
			name = "[CP] Check Pods Manifest.lock";
			outputFileListPaths = (
			);
			outputPaths = (
				"$(DERIVED_FILE_DIR)/Pods-Google IMA Ads-checkManifestLockResult.txt",
			);
			runOnlyForDeploymentPostprocessing = 0;
			shellPath = /bin/sh;
			shellScript = "diff \"${PODS_PODFILE_DIR_PATH}/Podfile.lock\" \"${PODS_ROOT}/Manifest.lock\" > /dev/null\nif [ $? != 0 ] ; then\n    # print error to STDERR\n    echo \"error: The sandbox is not in sync with the Podfile.lock. Run 'pod install' or update your CocoaPods installation.\" >&2\n    exit 1\nfi\n# This output is used by Xcode 'outputs' to avoid re-running this script phase.\necho \"SUCCESS\" > \"${SCRIPT_OUTPUT_FILE_0}\"\n";
			showEnvVarsInLog = 0;
		};
/* End PBXShellScriptBuildPhase section */

/* Begin PBXSourcesBuildPhase section */
		799E469726C1D5B400BBBB98 /* Sources */ = {
			isa = PBXSourcesBuildPhase;
			buildActionMask = 2147483647;
			files = (
				799E46A326C1D5B400BBBB98 /* ViewController.swift in Sources */,
				799E469F26C1D5B400BBBB98 /* AppDelegate.swift in Sources */,
				799E46A126C1D5B400BBBB98 /* SceneDelegate.swift in Sources */,
			);
			runOnlyForDeploymentPostprocessing = 0;
		};
/* End PBXSourcesBuildPhase section */

/* Begin PBXVariantGroup section */
		799E46A426C1D5B400BBBB98 /* Main.storyboard */ = {
			isa = PBXVariantGroup;
			children = (
				799E46A526C1D5B400BBBB98 /* Base */,
			);
			name = Main.storyboard;
			sourceTree = "<group>";
		};
		799E46A926C1D5B500BBBB98 /* LaunchScreen.storyboard */ = {
			isa = PBXVariantGroup;
			children = (
				799E46AA26C1D5B500BBBB98 /* Base */,
			);
			name = LaunchScreen.storyboard;
			sourceTree = "<group>";
		};
/* End PBXVariantGroup section */

/* Begin XCBuildConfiguration section */
		799E46AD26C1D5B500BBBB98 /* Debug */ = {
			isa = XCBuildConfiguration;
			buildSettings = {
				ALWAYS_SEARCH_USER_PATHS = NO;
				CLANG_ANALYZER_NONNULL = YES;
				CLANG_ANALYZER_NUMBER_OBJECT_CONVERSION = YES_AGGRESSIVE;
				CLANG_CXX_LANGUAGE_STANDARD = "gnu++14";
				CLANG_CXX_LIBRARY = "libc++";
				CLANG_ENABLE_MODULES = YES;
				CLANG_ENABLE_OBJC_ARC = YES;
				CLANG_ENABLE_OBJC_WEAK = YES;
				CLANG_WARN_BLOCK_CAPTURE_AUTORELEASING = YES;
				CLANG_WARN_BOOL_CONVERSION = YES;
				CLANG_WARN_COMMA = YES;
				CLANG_WARN_CONSTANT_CONVERSION = YES;
				CLANG_WARN_DEPRECATED_OBJC_IMPLEMENTATIONS = YES;
				CLANG_WARN_DIRECT_OBJC_ISA_USAGE = YES_ERROR;
				CLANG_WARN_DOCUMENTATION_COMMENTS = YES;
				CLANG_WARN_EMPTY_BODY = YES;
				CLANG_WARN_ENUM_CONVERSION = YES;
				CLANG_WARN_INFINITE_RECURSION = YES;
				CLANG_WARN_INT_CONVERSION = YES;
				CLANG_WARN_NON_LITERAL_NULL_CONVERSION = YES;
				CLANG_WARN_OBJC_IMPLICIT_RETAIN_SELF = YES;
				CLANG_WARN_OBJC_LITERAL_CONVERSION = YES;
				CLANG_WARN_OBJC_ROOT_CLASS = YES_ERROR;
				CLANG_WARN_QUOTED_INCLUDE_IN_FRAMEWORK_HEADER = YES;
				CLANG_WARN_RANGE_LOOP_ANALYSIS = YES;
				CLANG_WARN_STRICT_PROTOTYPES = YES;
				CLANG_WARN_SUSPICIOUS_MOVE = YES;
				CLANG_WARN_UNGUARDED_AVAILABILITY = YES_AGGRESSIVE;
				CLANG_WARN_UNREACHABLE_CODE = YES;
				CLANG_WARN__DUPLICATE_METHOD_MATCH = YES;
				COPY_PHASE_STRIP = NO;
				DEBUG_INFORMATION_FORMAT = dwarf;
				ENABLE_STRICT_OBJC_MSGSEND = YES;
				ENABLE_TESTABILITY = YES;
				GCC_C_LANGUAGE_STANDARD = gnu11;
				GCC_DYNAMIC_NO_PIC = NO;
				GCC_NO_COMMON_BLOCKS = YES;
				GCC_OPTIMIZATION_LEVEL = 0;
				GCC_PREPROCESSOR_DEFINITIONS = (
					"DEBUG=1",
					"$(inherited)",
				);
				GCC_WARN_64_TO_32_BIT_CONVERSION = YES;
				GCC_WARN_ABOUT_RETURN_TYPE = YES_ERROR;
				GCC_WARN_UNDECLARED_SELECTOR = YES;
				GCC_WARN_UNINITIALIZED_AUTOS = YES_AGGRESSIVE;
				GCC_WARN_UNUSED_FUNCTION = YES;
				GCC_WARN_UNUSED_VARIABLE = YES;
				IPHONEOS_DEPLOYMENT_TARGET = 14.3;
				MTL_ENABLE_DEBUG_INFO = INCLUDE_SOURCE;
				MTL_FAST_MATH = YES;
				ONLY_ACTIVE_ARCH = YES;
				SDKROOT = iphoneos;
				SWIFT_ACTIVE_COMPILATION_CONDITIONS = DEBUG;
				SWIFT_OPTIMIZATION_LEVEL = "-Onone";
			};
			name = Debug;
		};
		799E46AE26C1D5B500BBBB98 /* Release */ = {
			isa = XCBuildConfiguration;
			buildSettings = {
				ALWAYS_SEARCH_USER_PATHS = NO;
				CLANG_ANALYZER_NONNULL = YES;
				CLANG_ANALYZER_NUMBER_OBJECT_CONVERSION = YES_AGGRESSIVE;
				CLANG_CXX_LANGUAGE_STANDARD = "gnu++14";
				CLANG_CXX_LIBRARY = "libc++";
				CLANG_ENABLE_MODULES = YES;
				CLANG_ENABLE_OBJC_ARC = YES;
				CLANG_ENABLE_OBJC_WEAK = YES;
				CLANG_WARN_BLOCK_CAPTURE_AUTORELEASING = YES;
				CLANG_WARN_BOOL_CONVERSION = YES;
				CLANG_WARN_COMMA = YES;
				CLANG_WARN_CONSTANT_CONVERSION = YES;
				CLANG_WARN_DEPRECATED_OBJC_IMPLEMENTATIONS = YES;
				CLANG_WARN_DIRECT_OBJC_ISA_USAGE = YES_ERROR;
				CLANG_WARN_DOCUMENTATION_COMMENTS = YES;
				CLANG_WARN_EMPTY_BODY = YES;
				CLANG_WARN_ENUM_CONVERSION = YES;
				CLANG_WARN_INFINITE_RECURSION = YES;
				CLANG_WARN_INT_CONVERSION = YES;
				CLANG_WARN_NON_LITERAL_NULL_CONVERSION = YES;
				CLANG_WARN_OBJC_IMPLICIT_RETAIN_SELF = YES;
				CLANG_WARN_OBJC_LITERAL_CONVERSION = YES;
				CLANG_WARN_OBJC_ROOT_CLASS = YES_ERROR;
				CLANG_WARN_QUOTED_INCLUDE_IN_FRAMEWORK_HEADER = YES;
				CLANG_WARN_RANGE_LOOP_ANALYSIS = YES;
				CLANG_WARN_STRICT_PROTOTYPES = YES;
				CLANG_WARN_SUSPICIOUS_MOVE = YES;
				CLANG_WARN_UNGUARDED_AVAILABILITY = YES_AGGRESSIVE;
				CLANG_WARN_UNREACHABLE_CODE = YES;
				CLANG_WARN__DUPLICATE_METHOD_MATCH = YES;
				COPY_PHASE_STRIP = NO;
				DEBUG_INFORMATION_FORMAT = "dwarf-with-dsym";
				ENABLE_NS_ASSERTIONS = NO;
				ENABLE_STRICT_OBJC_MSGSEND = YES;
				GCC_C_LANGUAGE_STANDARD = gnu11;
				GCC_NO_COMMON_BLOCKS = YES;
				GCC_WARN_64_TO_32_BIT_CONVERSION = YES;
				GCC_WARN_ABOUT_RETURN_TYPE = YES_ERROR;
				GCC_WARN_UNDECLARED_SELECTOR = YES;
				GCC_WARN_UNINITIALIZED_AUTOS = YES_AGGRESSIVE;
				GCC_WARN_UNUSED_FUNCTION = YES;
				GCC_WARN_UNUSED_VARIABLE = YES;
				IPHONEOS_DEPLOYMENT_TARGET = 14.3;
				MTL_ENABLE_DEBUG_INFO = NO;
				MTL_FAST_MATH = YES;
				SDKROOT = iphoneos;
				SWIFT_COMPILATION_MODE = wholemodule;
				SWIFT_OPTIMIZATION_LEVEL = "-O";
				VALIDATE_PRODUCT = YES;
			};
			name = Release;
		};
		799E46B026C1D5B500BBBB98 /* Debug */ = {
			isa = XCBuildConfiguration;
			baseConfigurationReference = E27128AA72241C53EEA279DB /* Pods-Google IMA Ads.debug.xcconfig */;
			buildSettings = {
				ASSETCATALOG_COMPILER_APPICON_NAME = AppIcon;
				ASSETCATALOG_COMPILER_GLOBAL_ACCENT_COLOR_NAME = AccentColor;
				CODE_SIGN_STYLE = Automatic;
				DEVELOPMENT_TEAM = "";
				INFOPLIST_FILE = "Google IMA Ads/Info.plist";
				IPHONEOS_DEPLOYMENT_TARGET = 13.0;
				LD_RUNPATH_SEARCH_PATHS = (
					"$(inherited)",
					"@executable_path/Frameworks",
				);
				PRODUCT_BUNDLE_IDENTIFIER = "com.jwplayer.BPA-4-x.Google-IMA-Ads";
				PRODUCT_NAME = "$(TARGET_NAME)";
				SWIFT_VERSION = 5.0;
				TARGETED_DEVICE_FAMILY = "1,2";
			};
			name = Debug;
		};
		799E46B126C1D5B500BBBB98 /* Release */ = {
			isa = XCBuildConfiguration;
			baseConfigurationReference = 5D7ED557EC1DFE198C169905 /* Pods-Google IMA Ads.release.xcconfig */;
			buildSettings = {
				ASSETCATALOG_COMPILER_APPICON_NAME = AppIcon;
				ASSETCATALOG_COMPILER_GLOBAL_ACCENT_COLOR_NAME = AccentColor;
				CODE_SIGN_STYLE = Automatic;
				DEVELOPMENT_TEAM = "";
				INFOPLIST_FILE = "Google IMA Ads/Info.plist";
				IPHONEOS_DEPLOYMENT_TARGET = 13.0;
				LD_RUNPATH_SEARCH_PATHS = (
					"$(inherited)",
					"@executable_path/Frameworks",
				);
				PRODUCT_BUNDLE_IDENTIFIER = "com.jwplayer.BPA-4-x.Google-IMA-Ads";
				PRODUCT_NAME = "$(TARGET_NAME)";
				SWIFT_VERSION = 5.0;
				TARGETED_DEVICE_FAMILY = "1,2";
			};
			name = Release;
		};
/* End XCBuildConfiguration section */

/* Begin XCConfigurationList section */
		799E469626C1D5B400BBBB98 /* Build configuration list for PBXProject "Google IMA Ads" */ = {
			isa = XCConfigurationList;
			buildConfigurations = (
				799E46AD26C1D5B500BBBB98 /* Debug */,
				799E46AE26C1D5B500BBBB98 /* Release */,
			);
			defaultConfigurationIsVisible = 0;
			defaultConfigurationName = Release;
		};
		799E46AF26C1D5B500BBBB98 /* Build configuration list for PBXNativeTarget "Google IMA Ads" */ = {
			isa = XCConfigurationList;
			buildConfigurations = (
				799E46B026C1D5B500BBBB98 /* Debug */,
				799E46B126C1D5B500BBBB98 /* Release */,
			);
			defaultConfigurationIsVisible = 0;
			defaultConfigurationName = Release;
		};
/* End XCConfigurationList section */
	};
	rootObject = 799E469326C1D5B400BBBB98 /* Project object */;
}
