PODS:
  - ConvivaSDK (2.141.2)
  - google-cast-sdk (2.10.0):
    - google-cast-sdk/Assets (= 2.10.0)
    - google-cast-sdk/Core (= 2.10.0)
  - google-cast-sdk/Assets (2.10.0):
    - google-cast-sdk/Core
  - google-cast-sdk/Core (2.10.0)
  - JWPlayer-SDK (3.4.0)

DEPENDENCIES:
  - ConvivaSDK
  - google-cast-sdk (<= 2.10.0.4070)
  - JWPlayer-SDK (~> 3.0)

SPEC REPOS:
  https://github.com/cocoapods/specs.git:
    - ConvivaSDK
    - google-cast-sdk
    - JWPlayer-SDK

SPEC CHECKSUMS:
  ConvivaSDK: 0e308a9f0c1653a6e5dd4f452bbd5e46552b4c78
  google-cast-sdk: 1911d498a11a8fbb7a91ce0e0f50cf0d4fe6e3b6
  JWPlayer-SDK: 73133028decd0559a4a01fbfc8a4ff289d1522f2

PODFILE CHECKSUM: 4f2a7e95dfffd8aa76062efb44f20e905634aaeb

COCOAPODS: 1.6.1
