PODS:
  - ConvivaSDK (2.141.2)
  - google-cast-sdk (2.10.0):
    - google-cast-sdk/Assets (= 2.10.0)
    - google-cast-sdk/Core (= 2.10.0)
  - google-cast-sdk/Assets (2.10.0):
    - google-cast-sdk/Core
  - google-cast-sdk/Core (2.10.0)
  - JWPlayer-SDK (3.2.4)

DEPENDENCIES:
  - ConvivaSDK
  - google-cast-sdk (<= 2.10.0.4070)
  - JWPlayer-SDK (~> 3.2.0)

SPEC REPOS:
  https://github.com/cocoapods/specs.git:
    - ConvivaSDK
    - google-cast-sdk
    - JWPlayer-SDK

SPEC CHECKSUMS:
  ConvivaSDK: 0e308a9f0c1653a6e5dd4f452bbd5e46552b4c78
  google-cast-sdk: 1911d498a11a8fbb7a91ce0e0f50cf0d4fe6e3b6
  JWPlayer-SDK: 38a87a96dc9ccc356e76801fe14de749cf26e75a

PODFILE CHECKSUM: 2bb54a8fa582883a2dbd327e1f567756e4cc5def

COCOAPODS: 1.5.3
