// !$*UTF8*$!
{
	archiveVersion = 1;
	classes = {
	};
	objectVersion = 56;
	objects = {

/* Begin PBXBuildFile section */
		0C270E14E0FCF7A25B4D1B21 /* Pods_Offline_Playback.framework in Frameworks */ = {isa = PBXBuildFile; fileRef = D315DA586FD1F9BD365FD302 /* Pods_Offline_Playback.framework */; };
		780DC7EE2A2A34E10066AB93 /* AppDelegate.swift in Sources */ = {isa = PBXBuildFile; fileRef = 780DC7ED2A2A34E10066AB93 /* AppDelegate.swift */; };
		780DC7F02A2A34E10066AB93 /* SceneDelegate.swift in Sources */ = {isa = PBXBuildFile; fileRef = 780DC7EF2A2A34E10066AB93 /* SceneDelegate.swift */; };
		780DC7F72A2A34E20066AB93 /* Assets.xcassets in Resources */ = {isa = PBXBuildFile; fileRef = 780DC7F62A2A34E20066AB93 /* Assets.xcassets */; };
		780DC7FA2A2A34E20066AB93 /* LaunchScreen.storyboard in Resources */ = {isa = PBXBuildFile; fileRef = 780DC7F82A2A34E20066AB93 /* LaunchScreen.storyboard */; };
		780DC8042A2A382C0066AB93 /* Main.storyboard in Resources */ = {isa = PBXBuildFile; fileRef = 780DC8032A2A382C0066AB93 /* Main.storyboard */; };
		780DC80B2A2A39E70066AB93 /* OfflinePlayTableCell.swift in Sources */ = {isa = PBXBuildFile; fileRef = 780DC8082A2A39E70066AB93 /* OfflinePlayTableCell.swift */; };
		780DC80C2A2A39E70066AB93 /* ProgressView.swift in Sources */ = {isa = PBXBuildFile; fileRef = 780DC8092A2A39E70066AB93 /* ProgressView.swift */; };
		780DC80D2A2A39E70066AB93 /* OfflinePlayTableViewController.swift in Sources */ = {isa = PBXBuildFile; fileRef = 780DC80A2A2A39E70066AB93 /* OfflinePlayTableViewController.swift */; };
		780DC8112A2A3A010066AB93 /* OfflineDemoPlaylist.swift in Sources */ = {isa = PBXBuildFile; fileRef = 780DC80E2A2A3A010066AB93 /* OfflineDemoPlaylist.swift */; };
		780DC8122A2A3A010066AB93 /* OfflinePlayLoaderViewController.swift in Sources */ = {isa = PBXBuildFile; fileRef = 780DC80F2A2A3A010066AB93 /* OfflinePlayLoaderViewController.swift */; };
		780DC8132A2A3A010066AB93 /* ImageLoader.swift in Sources */ = {isa = PBXBuildFile; fileRef = 780DC8102A2A3A010066AB93 /* ImageLoader.swift */; };
		780DC8152A2A3A170066AB93 /* PlayerItemDownloadManager.swift in Sources */ = {isa = PBXBuildFile; fileRef = 780DC8142A2A3A170066AB93 /* PlayerItemDownloadManager.swift */; };
		780DC81A2A2A3A2F0066AB93 /* DownloadFileOperation.swift in Sources */ = {isa = PBXBuildFile; fileRef = 780DC8162A2A3A2F0066AB93 /* DownloadFileOperation.swift */; };
		780DC81B2A2A3A2F0066AB93 /* DownloadAVAssetOperation.swift in Sources */ = {isa = PBXBuildFile; fileRef = 780DC8172A2A3A2F0066AB93 /* DownloadAVAssetOperation.swift */; };
		780DC81C2A2A3A2F0066AB93 /* AsyncOperation.swift in Sources */ = {isa = PBXBuildFile; fileRef = 780DC8182A2A3A2F0066AB93 /* AsyncOperation.swift */; };
		780DC81D2A2A3A2F0066AB93 /* DownloadPlayerItemOperation.swift in Sources */ = {isa = PBXBuildFile; fileRef = 780DC8192A2A3A2F0066AB93 /* DownloadPlayerItemOperation.swift */; };
		78691DAF2A37BBB5006E230F /* PlayerViewController.swift in Sources */ = {isa = PBXBuildFile; fileRef = 78691DAE2A37BBB5006E230F /* PlayerViewController.swift */; };
		79CB3B822A40C73C00F74707 /* SharedAssets.xcassets in Resources */ = {isa = PBXBuildFile; fileRef = 79CB3B812A40C73C00F74707 /* SharedAssets.xcassets */; };
/* End PBXBuildFile section */

/* Begin PBXFileReference section */
		14759D716746B77177FCC8EF /* Pods-Offline Playback.release.xcconfig */ = {isa = PBXFileReference; includeInIndex = 1; lastKnownFileType = text.xcconfig; name = "Pods-Offline Playback.release.xcconfig"; path = "Target Support Files/Pods-Offline Playback/Pods-Offline Playback.release.xcconfig"; sourceTree = "<group>"; };
		780DC7EA2A2A34E10066AB93 /* Offline Playback.app */ = {isa = PBXFileReference; explicitFileType = wrapper.application; includeInIndex = 0; path = "Offline Playback.app"; sourceTree = BUILT_PRODUCTS_DIR; };
		780DC7ED2A2A34E10066AB93 /* AppDelegate.swift */ = {isa = PBXFileReference; lastKnownFileType = sourcecode.swift; path = AppDelegate.swift; sourceTree = "<group>"; };
		780DC7EF2A2A34E10066AB93 /* SceneDelegate.swift */ = {isa = PBXFileReference; lastKnownFileType = sourcecode.swift; path = SceneDelegate.swift; sourceTree = "<group>"; };
		780DC7F62A2A34E20066AB93 /* Assets.xcassets */ = {isa = PBXFileReference; lastKnownFileType = folder.assetcatalog; path = Assets.xcassets; sourceTree = "<group>"; };
		780DC7F92A2A34E20066AB93 /* Base */ = {isa = PBXFileReference; lastKnownFileType = file.storyboard; name = Base; path = Base.lproj/LaunchScreen.storyboard; sourceTree = "<group>"; };
		780DC7FB2A2A34E20066AB93 /* Info.plist */ = {isa = PBXFileReference; lastKnownFileType = text.plist.xml; path = Info.plist; sourceTree = "<group>"; };
		780DC8032A2A382C0066AB93 /* Main.storyboard */ = {isa = PBXFileReference; fileEncoding = 4; lastKnownFileType = file.storyboard; path = Main.storyboard; sourceTree = "<group>"; };
		780DC8082A2A39E70066AB93 /* OfflinePlayTableCell.swift */ = {isa = PBXFileReference; fileEncoding = 4; lastKnownFileType = sourcecode.swift; path = OfflinePlayTableCell.swift; sourceTree = "<group>"; };
		780DC8092A2A39E70066AB93 /* ProgressView.swift */ = {isa = PBXFileReference; fileEncoding = 4; lastKnownFileType = sourcecode.swift; path = ProgressView.swift; sourceTree = "<group>"; };
		780DC80A2A2A39E70066AB93 /* OfflinePlayTableViewController.swift */ = {isa = PBXFileReference; fileEncoding = 4; lastKnownFileType = sourcecode.swift; path = OfflinePlayTableViewController.swift; sourceTree = "<group>"; };
		780DC80E2A2A3A010066AB93 /* OfflineDemoPlaylist.swift */ = {isa = PBXFileReference; fileEncoding = 4; lastKnownFileType = sourcecode.swift; path = OfflineDemoPlaylist.swift; sourceTree = "<group>"; };
		780DC80F2A2A3A010066AB93 /* OfflinePlayLoaderViewController.swift */ = {isa = PBXFileReference; fileEncoding = 4; lastKnownFileType = sourcecode.swift; path = OfflinePlayLoaderViewController.swift; sourceTree = "<group>"; };
		780DC8102A2A3A010066AB93 /* ImageLoader.swift */ = {isa = PBXFileReference; fileEncoding = 4; lastKnownFileType = sourcecode.swift; path = ImageLoader.swift; sourceTree = "<group>"; };
		780DC8142A2A3A170066AB93 /* PlayerItemDownloadManager.swift */ = {isa = PBXFileReference; fileEncoding = 4; lastKnownFileType = sourcecode.swift; path = PlayerItemDownloadManager.swift; sourceTree = "<group>"; };
		780DC8162A2A3A2F0066AB93 /* DownloadFileOperation.swift */ = {isa = PBXFileReference; fileEncoding = 4; lastKnownFileType = sourcecode.swift; path = DownloadFileOperation.swift; sourceTree = "<group>"; };
		780DC8172A2A3A2F0066AB93 /* DownloadAVAssetOperation.swift */ = {isa = PBXFileReference; fileEncoding = 4; lastKnownFileType = sourcecode.swift; path = DownloadAVAssetOperation.swift; sourceTree = "<group>"; };
		780DC8182A2A3A2F0066AB93 /* AsyncOperation.swift */ = {isa = PBXFileReference; fileEncoding = 4; lastKnownFileType = sourcecode.swift; path = AsyncOperation.swift; sourceTree = "<group>"; };
		780DC8192A2A3A2F0066AB93 /* DownloadPlayerItemOperation.swift */ = {isa = PBXFileReference; fileEncoding = 4; lastKnownFileType = sourcecode.swift; path = DownloadPlayerItemOperation.swift; sourceTree = "<group>"; };
		78691DAE2A37BBB5006E230F /* PlayerViewController.swift */ = {isa = PBXFileReference; lastKnownFileType = sourcecode.swift; path = PlayerViewController.swift; sourceTree = "<group>"; };
		79CB3B812A40C73C00F74707 /* SharedAssets.xcassets */ = {isa = PBXFileReference; lastKnownFileType = folder.assetcatalog; name = SharedAssets.xcassets; path = ../../SharedAssets.xcassets; sourceTree = "<group>"; };
		D315DA586FD1F9BD365FD302 /* Pods_Offline_Playback.framework */ = {isa = PBXFileReference; explicitFileType = wrapper.framework; includeInIndex = 0; path = Pods_Offline_Playback.framework; sourceTree = BUILT_PRODUCTS_DIR; };
		F39F7312376BB31C9B61E22F /* Pods-Offline Playback.debug.xcconfig */ = {isa = PBXFileReference; includeInIndex = 1; lastKnownFileType = text.xcconfig; name = "Pods-Offline Playback.debug.xcconfig"; path = "Target Support Files/Pods-Offline Playback/Pods-Offline Playback.debug.xcconfig"; sourceTree = "<group>"; };
/* End PBXFileReference section */

/* Begin PBXFrameworksBuildPhase section */
		780DC7E72A2A34E10066AB93 /* Frameworks */ = {
			isa = PBXFrameworksBuildPhase;
			buildActionMask = 2147483647;
			files = (
				0C270E14E0FCF7A25B4D1B21 /* Pods_Offline_Playback.framework in Frameworks */,
			);
			runOnlyForDeploymentPostprocessing = 0;
		};
/* End PBXFrameworksBuildPhase section */

/* Begin PBXGroup section */
		1258A251C0A041D2BC90EF08 /* Frameworks */ = {
			isa = PBXGroup;
			children = (
				D315DA586FD1F9BD365FD302 /* Pods_Offline_Playback.framework */,
			);
			name = Frameworks;
			sourceTree = "<group>";
		};
		780DC7E12A2A34E10066AB93 = {
			isa = PBXGroup;
			children = (
				780DC7EC2A2A34E10066AB93 /* Offline Playback */,
				780DC7EB2A2A34E10066AB93 /* Products */,
				D839B738D67B4CD553DD4B78 /* Pods */,
				1258A251C0A041D2BC90EF08 /* Frameworks */,
			);
			sourceTree = "<group>";
		};
		780DC7EB2A2A34E10066AB93 /* Products */ = {
			isa = PBXGroup;
			children = (
				780DC7EA2A2A34E10066AB93 /* Offline Playback.app */,
			);
			name = Products;
			sourceTree = "<group>";
		};
		780DC7EC2A2A34E10066AB93 /* Offline Playback */ = {
			isa = PBXGroup;
			children = (
				780DC8212A2A3AE70066AB93 /* Utilities */,
				780DC8202A2A3AA90066AB93 /* UX */,
				780DC81E2A2A3A840066AB93 /* Download Manager */,
				780DC7ED2A2A34E10066AB93 /* AppDelegate.swift */,
				780DC7EF2A2A34E10066AB93 /* SceneDelegate.swift */,
				780DC8032A2A382C0066AB93 /* Main.storyboard */,
				780DC7F62A2A34E20066AB93 /* Assets.xcassets */,
				79CB3B812A40C73C00F74707 /* SharedAssets.xcassets */,
				780DC7F82A2A34E20066AB93 /* LaunchScreen.storyboard */,
				780DC7FB2A2A34E20066AB93 /* Info.plist */,
			);
			path = "Offline Playback";
			sourceTree = "<group>";
		};
		780DC81E2A2A3A840066AB93 /* Download Manager */ = {
			isa = PBXGroup;
			children = (
				780DC81F2A2A3A970066AB93 /* Operations */,
				780DC8142A2A3A170066AB93 /* PlayerItemDownloadManager.swift */,
			);
			path = "Download Manager";
			sourceTree = "<group>";
		};
		780DC81F2A2A3A970066AB93 /* Operations */ = {
			isa = PBXGroup;
			children = (
				780DC8182A2A3A2F0066AB93 /* AsyncOperation.swift */,
				780DC8172A2A3A2F0066AB93 /* DownloadAVAssetOperation.swift */,
				780DC8162A2A3A2F0066AB93 /* DownloadFileOperation.swift */,
				780DC8192A2A3A2F0066AB93 /* DownloadPlayerItemOperation.swift */,
			);
			path = Operations;
			sourceTree = "<group>";
		};
		780DC8202A2A3AA90066AB93 /* UX */ = {
			isa = PBXGroup;
			children = (
				780DC8092A2A39E70066AB93 /* ProgressView.swift */,
				780DC80F2A2A3A010066AB93 /* OfflinePlayLoaderViewController.swift */,
				780DC8082A2A39E70066AB93 /* OfflinePlayTableCell.swift */,
				780DC80A2A2A39E70066AB93 /* OfflinePlayTableViewController.swift */,
				78691DAE2A37BBB5006E230F /* PlayerViewController.swift */,
			);
			path = UX;
			sourceTree = "<group>";
		};
		780DC8212A2A3AE70066AB93 /* Utilities */ = {
			isa = PBXGroup;
			children = (
				780DC8102A2A3A010066AB93 /* ImageLoader.swift */,
				780DC80E2A2A3A010066AB93 /* OfflineDemoPlaylist.swift */,
			);
			path = Utilities;
			sourceTree = "<group>";
		};
		D839B738D67B4CD553DD4B78 /* Pods */ = {
			isa = PBXGroup;
			children = (
				F39F7312376BB31C9B61E22F /* Pods-Offline Playback.debug.xcconfig */,
				14759D716746B77177FCC8EF /* Pods-Offline Playback.release.xcconfig */,
			);
			name = Pods;
			path = ../Pods;
			sourceTree = "<group>";
		};
/* End PBXGroup section */

/* Begin PBXNativeTarget section */
		780DC7E92A2A34E10066AB93 /* Offline Playback */ = {
			isa = PBXNativeTarget;
			buildConfigurationList = 780DC7FE2A2A34E20066AB93 /* Build configuration list for PBXNativeTarget "Offline Playback" */;
			buildPhases = (
				16E44AE2FD5EFAFAC5307401 /* [CP] Check Pods Manifest.lock */,
				780DC7E62A2A34E10066AB93 /* Sources */,
				780DC7E72A2A34E10066AB93 /* Frameworks */,
				780DC7E82A2A34E10066AB93 /* Resources */,
				CA14AE73F9DE5F921161063E /* [CP] Embed Pods Frameworks */,
			);
			buildRules = (
			);
			dependencies = (
			);
			name = "Offline Playback";
			productName = "Offline Playback";
			productReference = 780DC7EA2A2A34E10066AB93 /* Offline Playback.app */;
			productType = "com.apple.product-type.application";
		};
/* End PBXNativeTarget section */

/* Begin PBXProject section */
		780DC7E22A2A34E10066AB93 /* Project object */ = {
			isa = PBXProject;
			attributes = {
				BuildIndependentTargetsInParallel = 1;
				LastSwiftUpdateCheck = 1430;
				LastUpgradeCheck = 1430;
				TargetAttributes = {
					780DC7E92A2A34E10066AB93 = {
						CreatedOnToolsVersion = 14.3;
					};
				};
			};
			buildConfigurationList = 780DC7E52A2A34E10066AB93 /* Build configuration list for PBXProject "Offline Playback" */;
			compatibilityVersion = "Xcode 14.0";
			developmentRegion = en;
			hasScannedForEncodings = 0;
			knownRegions = (
				en,
				Base,
			);
			mainGroup = 780DC7E12A2A34E10066AB93;
			productRefGroup = 780DC7EB2A2A34E10066AB93 /* Products */;
			projectDirPath = "";
			projectRoot = "";
			targets = (
				780DC7E92A2A34E10066AB93 /* Offline Playback */,
			);
		};
/* End PBXProject section */

/* Begin PBXResourcesBuildPhase section */
		780DC7E82A2A34E10066AB93 /* Resources */ = {
			isa = PBXResourcesBuildPhase;
			buildActionMask = 2147483647;
			files = (
				780DC7FA2A2A34E20066AB93 /* LaunchScreen.storyboard in Resources */,
				780DC8042A2A382C0066AB93 /* Main.storyboard in Resources */,
				780DC7F72A2A34E20066AB93 /* Assets.xcassets in Resources */,
				79CB3B822A40C73C00F74707 /* SharedAssets.xcassets in Resources */,
			);
			runOnlyForDeploymentPostprocessing = 0;
		};
/* End PBXResourcesBuildPhase section */

/* Begin PBXShellScriptBuildPhase section */
		16E44AE2FD5EFAFAC5307401 /* [CP] Check Pods Manifest.lock */ = {
			isa = PBXShellScriptBuildPhase;
			buildActionMask = 2147483647;
			files = (
			);
			inputFileListPaths = (
			);
			inputPaths = (
				"${PODS_PODFILE_DIR_PATH}/Podfile.lock",
				"${PODS_ROOT}/Manifest.lock",
			);
			name = "[CP] Check Pods Manifest.lock";
			outputFileListPaths = (
			);
			outputPaths = (
				"$(DERIVED_FILE_DIR)/Pods-Offline Playback-checkManifestLockResult.txt",
			);
			runOnlyForDeploymentPostprocessing = 0;
			shellPath = /bin/sh;
			shellScript = "diff \"${PODS_PODFILE_DIR_PATH}/Podfile.lock\" \"${PODS_ROOT}/Manifest.lock\" > /dev/null\nif [ $? != 0 ] ; then\n    # print error to STDERR\n    echo \"error: The sandbox is not in sync with the Podfile.lock. Run 'pod install' or update your CocoaPods installation.\" >&2\n    exit 1\nfi\n# This output is used by Xcode 'outputs' to avoid re-running this script phase.\necho \"SUCCESS\" > \"${SCRIPT_OUTPUT_FILE_0}\"\n";
			showEnvVarsInLog = 0;
		};
		CA14AE73F9DE5F921161063E /* [CP] Embed Pods Frameworks */ = {
			isa = PBXShellScriptBuildPhase;
			buildActionMask = 2147483647;
			files = (
			);
			inputFileListPaths = (
				"${PODS_ROOT}/Target Support Files/Pods-Offline Playback/Pods-Offline Playback-frameworks-${CONFIGURATION}-input-files.xcfilelist",
			);
			name = "[CP] Embed Pods Frameworks";
			outputFileListPaths = (
				"${PODS_ROOT}/Target Support Files/Pods-Offline Playback/Pods-Offline Playback-frameworks-${CONFIGURATION}-output-files.xcfilelist",
			);
			runOnlyForDeploymentPostprocessing = 0;
			shellPath = /bin/sh;
			shellScript = "\"${PODS_ROOT}/Target Support Files/Pods-Offline Playback/Pods-Offline Playback-frameworks.sh\"\n";
			showEnvVarsInLog = 0;
		};
/* End PBXShellScriptBuildPhase section */

/* Begin PBXSourcesBuildPhase section */
		780DC7E62A2A34E10066AB93 /* Sources */ = {
			isa = PBXSourcesBuildPhase;
			buildActionMask = 2147483647;
			files = (
				780DC81C2A2A3A2F0066AB93 /* AsyncOperation.swift in Sources */,
				780DC7EE2A2A34E10066AB93 /* AppDelegate.swift in Sources */,
				780DC81A2A2A3A2F0066AB93 /* DownloadFileOperation.swift in Sources */,
				78691DAF2A37BBB5006E230F /* PlayerViewController.swift in Sources */,
				780DC8112A2A3A010066AB93 /* OfflineDemoPlaylist.swift in Sources */,
				780DC81D2A2A3A2F0066AB93 /* DownloadPlayerItemOperation.swift in Sources */,
				780DC80C2A2A39E70066AB93 /* ProgressView.swift in Sources */,
				780DC80B2A2A39E70066AB93 /* OfflinePlayTableCell.swift in Sources */,
				780DC8132A2A3A010066AB93 /* ImageLoader.swift in Sources */,
				780DC7F02A2A34E10066AB93 /* SceneDelegate.swift in Sources */,
				780DC80D2A2A39E70066AB93 /* OfflinePlayTableViewController.swift in Sources */,
				780DC81B2A2A3A2F0066AB93 /* DownloadAVAssetOperation.swift in Sources */,
				780DC8122A2A3A010066AB93 /* OfflinePlayLoaderViewController.swift in Sources */,
				780DC8152A2A3A170066AB93 /* PlayerItemDownloadManager.swift in Sources */,
			);
			runOnlyForDeploymentPostprocessing = 0;
		};
/* End PBXSourcesBuildPhase section */

/* Begin PBXVariantGroup section */
		780DC7F82A2A34E20066AB93 /* LaunchScreen.storyboard */ = {
			isa = PBXVariantGroup;
			children = (
				780DC7F92A2A34E20066AB93 /* Base */,
			);
			name = LaunchScreen.storyboard;
			sourceTree = "<group>";
		};
/* End PBXVariantGroup section */

/* Begin XCBuildConfiguration section */
		780DC7FC2A2A34E20066AB93 /* Debug */ = {
			isa = XCBuildConfiguration;
			buildSettings = {
				ALWAYS_SEARCH_USER_PATHS = NO;
				CLANG_ANALYZER_NONNULL = YES;
				CLANG_ANALYZER_NUMBER_OBJECT_CONVERSION = YES_AGGRESSIVE;
				CLANG_CXX_LANGUAGE_STANDARD = "gnu++20";
				CLANG_ENABLE_MODULES = YES;
				CLANG_ENABLE_OBJC_ARC = YES;
				CLANG_ENABLE_OBJC_WEAK = YES;
				CLANG_WARN_BLOCK_CAPTURE_AUTORELEASING = YES;
				CLANG_WARN_BOOL_CONVERSION = YES;
				CLANG_WARN_COMMA = YES;
				CLANG_WARN_CONSTANT_CONVERSION = YES;
				CLANG_WARN_DEPRECATED_OBJC_IMPLEMENTATIONS = YES;
				CLANG_WARN_DIRECT_OBJC_ISA_USAGE = YES_ERROR;
				CLANG_WARN_DOCUMENTATION_COMMENTS = YES;
				CLANG_WARN_EMPTY_BODY = YES;
				CLANG_WARN_ENUM_CONVERSION = YES;
				CLANG_WARN_INFINITE_RECURSION = YES;
				CLANG_WARN_INT_CONVERSION = YES;
				CLANG_WARN_NON_LITERAL_NULL_CONVERSION = YES;
				CLANG_WARN_OBJC_IMPLICIT_RETAIN_SELF = YES;
				CLANG_WARN_OBJC_LITERAL_CONVERSION = YES;
				CLANG_WARN_OBJC_ROOT_CLASS = YES_ERROR;
				CLANG_WARN_QUOTED_INCLUDE_IN_FRAMEWORK_HEADER = YES;
				CLANG_WARN_RANGE_LOOP_ANALYSIS = YES;
				CLANG_WARN_STRICT_PROTOTYPES = YES;
				CLANG_WARN_SUSPICIOUS_MOVE = YES;
				CLANG_WARN_UNGUARDED_AVAILABILITY = YES_AGGRESSIVE;
				CLANG_WARN_UNREACHABLE_CODE = YES;
				CLANG_WARN__DUPLICATE_METHOD_MATCH = YES;
				COPY_PHASE_STRIP = NO;
				DEBUG_INFORMATION_FORMAT = dwarf;
				ENABLE_STRICT_OBJC_MSGSEND = YES;
				ENABLE_TESTABILITY = YES;
				GCC_C_LANGUAGE_STANDARD = gnu11;
				GCC_DYNAMIC_NO_PIC = NO;
				GCC_NO_COMMON_BLOCKS = YES;
				GCC_OPTIMIZATION_LEVEL = 0;
				GCC_PREPROCESSOR_DEFINITIONS = (
					"DEBUG=1",
					"$(inherited)",
				);
				GCC_WARN_64_TO_32_BIT_CONVERSION = YES;
				GCC_WARN_ABOUT_RETURN_TYPE = YES_ERROR;
				GCC_WARN_UNDECLARED_SELECTOR = YES;
				GCC_WARN_UNINITIALIZED_AUTOS = YES_AGGRESSIVE;
				GCC_WARN_UNUSED_FUNCTION = YES;
				GCC_WARN_UNUSED_VARIABLE = YES;
				IPHONEOS_DEPLOYMENT_TARGET = 14.0;
				MTL_ENABLE_DEBUG_INFO = INCLUDE_SOURCE;
				MTL_FAST_MATH = YES;
				ONLY_ACTIVE_ARCH = YES;
				SDKROOT = iphoneos;
				SWIFT_ACTIVE_COMPILATION_CONDITIONS = DEBUG;
				SWIFT_OPTIMIZATION_LEVEL = "-Onone";
			};
			name = Debug;
		};
		780DC7FD2A2A34E20066AB93 /* Release */ = {
			isa = XCBuildConfiguration;
			buildSettings = {
				ALWAYS_SEARCH_USER_PATHS = NO;
				CLANG_ANALYZER_NONNULL = YES;
				CLANG_ANALYZER_NUMBER_OBJECT_CONVERSION = YES_AGGRESSIVE;
				CLANG_CXX_LANGUAGE_STANDARD = "gnu++20";
				CLANG_ENABLE_MODULES = YES;
				CLANG_ENABLE_OBJC_ARC = YES;
				CLANG_ENABLE_OBJC_WEAK = YES;
				CLANG_WARN_BLOCK_CAPTURE_AUTORELEASING = YES;
				CLANG_WARN_BOOL_CONVERSION = YES;
				CLANG_WARN_COMMA = YES;
				CLANG_WARN_CONSTANT_CONVERSION = YES;
				CLANG_WARN_DEPRECATED_OBJC_IMPLEMENTATIONS = YES;
				CLANG_WARN_DIRECT_OBJC_ISA_USAGE = YES_ERROR;
				CLANG_WARN_DOCUMENTATION_COMMENTS = YES;
				CLANG_WARN_EMPTY_BODY = YES;
				CLANG_WARN_ENUM_CONVERSION = YES;
				CLANG_WARN_INFINITE_RECURSION = YES;
				CLANG_WARN_INT_CONVERSION = YES;
				CLANG_WARN_NON_LITERAL_NULL_CONVERSION = YES;
				CLANG_WARN_OBJC_IMPLICIT_RETAIN_SELF = YES;
				CLANG_WARN_OBJC_LITERAL_CONVERSION = YES;
				CLANG_WARN_OBJC_ROOT_CLASS = YES_ERROR;
				CLANG_WARN_QUOTED_INCLUDE_IN_FRAMEWORK_HEADER = YES;
				CLANG_WARN_RANGE_LOOP_ANALYSIS = YES;
				CLANG_WARN_STRICT_PROTOTYPES = YES;
				CLANG_WARN_SUSPICIOUS_MOVE = YES;
				CLANG_WARN_UNGUARDED_AVAILABILITY = YES_AGGRESSIVE;
				CLANG_WARN_UNREACHABLE_CODE = YES;
				CLANG_WARN__DUPLICATE_METHOD_MATCH = YES;
				COPY_PHASE_STRIP = NO;
				DEBUG_INFORMATION_FORMAT = "dwarf-with-dsym";
				ENABLE_NS_ASSERTIONS = NO;
				ENABLE_STRICT_OBJC_MSGSEND = YES;
				GCC_C_LANGUAGE_STANDARD = gnu11;
				GCC_NO_COMMON_BLOCKS = YES;
				GCC_WARN_64_TO_32_BIT_CONVERSION = YES;
				GCC_WARN_ABOUT_RETURN_TYPE = YES_ERROR;
				GCC_WARN_UNDECLARED_SELECTOR = YES;
				GCC_WARN_UNINITIALIZED_AUTOS = YES_AGGRESSIVE;
				GCC_WARN_UNUSED_FUNCTION = YES;
				GCC_WARN_UNUSED_VARIABLE = YES;
				IPHONEOS_DEPLOYMENT_TARGET = 14.0;
				MTL_ENABLE_DEBUG_INFO = NO;
				MTL_FAST_MATH = YES;
				SDKROOT = iphoneos;
				SWIFT_COMPILATION_MODE = wholemodule;
				SWIFT_OPTIMIZATION_LEVEL = "-O";
				VALIDATE_PRODUCT = YES;
			};
			name = Release;
		};
		780DC7FF2A2A34E20066AB93 /* Debug */ = {
			isa = XCBuildConfiguration;
			baseConfigurationReference = F39F7312376BB31C9B61E22F /* Pods-Offline Playback.debug.xcconfig */;
			buildSettings = {
				ASSETCATALOG_COMPILER_APPICON_NAME = AppIcon;
				ASSETCATALOG_COMPILER_GLOBAL_ACCENT_COLOR_NAME = AccentColor;
				CODE_SIGN_STYLE = Automatic;
				CURRENT_PROJECT_VERSION = 1;
				GENERATE_INFOPLIST_FILE = YES;
				INFOPLIST_FILE = "Offline Playback/Info.plist";
				INFOPLIST_KEY_UIApplicationSupportsIndirectInputEvents = YES;
				INFOPLIST_KEY_UILaunchStoryboardName = LaunchScreen;
				INFOPLIST_KEY_UIMainStoryboardFile = Main;
				INFOPLIST_KEY_UISupportedInterfaceOrientations_iPad = "UIInterfaceOrientationPortrait UIInterfaceOrientationPortraitUpsideDown UIInterfaceOrientationLandscapeLeft UIInterfaceOrientationLandscapeRight";
				INFOPLIST_KEY_UISupportedInterfaceOrientations_iPhone = "UIInterfaceOrientationPortrait UIInterfaceOrientationLandscapeLeft UIInterfaceOrientationLandscapeRight";
				IPHONEOS_DEPLOYMENT_TARGET = 14.0;
				LD_RUNPATH_SEARCH_PATHS = (
					"$(inherited)",
					"@executable_path/Frameworks",
				);
				MARKETING_VERSION = 1.0;
				PRODUCT_BUNDLE_IDENTIFIER = "com.jwplayer.Offline-Playback";
				PRODUCT_NAME = "$(TARGET_NAME)";
				SWIFT_EMIT_LOC_STRINGS = YES;
				SWIFT_VERSION = 5.0;
				TARGETED_DEVICE_FAMILY = "1,2";
			};
			name = Debug;
		};
		780DC8002A2A34E20066AB93 /* Release */ = {
			isa = XCBuildConfiguration;
			baseConfigurationReference = 14759D716746B77177FCC8EF /* Pods-Offline Playback.release.xcconfig */;
			buildSettings = {
				ASSETCATALOG_COMPILER_APPICON_NAME = AppIcon;
				ASSETCATALOG_COMPILER_GLOBAL_ACCENT_COLOR_NAME = AccentColor;
				CODE_SIGN_STYLE = Automatic;
				CURRENT_PROJECT_VERSION = 1;
				GENERATE_INFOPLIST_FILE = YES;
				INFOPLIST_FILE = "Offline Playback/Info.plist";
				INFOPLIST_KEY_UIApplicationSupportsIndirectInputEvents = YES;
				INFOPLIST_KEY_UILaunchStoryboardName = LaunchScreen;
				INFOPLIST_KEY_UIMainStoryboardFile = Main;
				INFOPLIST_KEY_UISupportedInterfaceOrientations_iPad = "UIInterfaceOrientationPortrait UIInterfaceOrientationPortraitUpsideDown UIInterfaceOrientationLandscapeLeft UIInterfaceOrientationLandscapeRight";
				INFOPLIST_KEY_UISupportedInterfaceOrientations_iPhone = "UIInterfaceOrientationPortrait UIInterfaceOrientationLandscapeLeft UIInterfaceOrientationLandscapeRight";
				IPHONEOS_DEPLOYMENT_TARGET = 14.0;
				LD_RUNPATH_SEARCH_PATHS = (
					"$(inherited)",
					"@executable_path/Frameworks",
				);
				MARKETING_VERSION = 1.0;
				PRODUCT_BUNDLE_IDENTIFIER = "com.jwplayer.Offline-Playback";
				PRODUCT_NAME = "$(TARGET_NAME)";
				SWIFT_EMIT_LOC_STRINGS = YES;
				SWIFT_VERSION = 5.0;
				TARGETED_DEVICE_FAMILY = "1,2";
			};
			name = Release;
		};
/* End XCBuildConfiguration section */

/* Begin XCConfigurationList section */
		780DC7E52A2A34E10066AB93 /* Build configuration list for PBXProject "Offline Playback" */ = {
			isa = XCConfigurationList;
			buildConfigurations = (
				780DC7FC2A2A34E20066AB93 /* Debug */,
				780DC7FD2A2A34E20066AB93 /* Release */,
			);
			defaultConfigurationIsVisible = 0;
			defaultConfigurationName = Release;
		};
		780DC7FE2A2A34E20066AB93 /* Build configuration list for PBXNativeTarget "Offline Playback" */ = {
			isa = XCConfigurationList;
			buildConfigurations = (
				780DC7FF2A2A34E20066AB93 /* Debug */,
				780DC8002A2A34E20066AB93 /* Release */,
			);
			defaultConfigurationIsVisible = 0;
			defaultConfigurationName = Release;
		};
/* End XCConfigurationList section */
	};
	rootObject = 780DC7E22A2A34E10066AB93 /* Project object */;
}
