// !$*UTF8*$!
{
	archiveVersion = 1;
	classes = {
	};
	objectVersion = 55;
	objects = {

/* Begin PBXBuildFile section */
		3B6C723C2799CC6700C14436 /* AppDelegate.swift in Sources */ = {isa = PBXBuildFile; fileRef = 3B6C723B2799CC6700C14436 /* AppDelegate.swift */; };
		3B6C723E2799CC6700C14436 /* SceneDelegate.swift in Sources */ = {isa = PBXBuildFile; fileRef = 3B6C723D2799CC6700C14436 /* SceneDelegate.swift */; };
		3B6C72402799CC6700C14436 /* ViewController.swift in Sources */ = {isa = PBXBuildFile; fileRef = 3B6C723F2799CC6700C14436 /* ViewController.swift */; };
		3B6C72432799CC6700C14436 /* Main.storyboard in Resources */ = {isa = PBXBuildFile; fileRef = 3B6C72412799CC6700C14436 /* Main.storyboard */; };
		3B6C72452799CC6A00C14436 /* Assets.xcassets in Resources */ = {isa = PBXBuildFile; fileRef = 3B6C72442799CC6A00C14436 /* Assets.xcassets */; };
		3B6C72482799CC6A00C14436 /* LaunchScreen.storyboard in Resources */ = {isa = PBXBuildFile; fileRef = 3B6C72462799CC6A00C14436 /* LaunchScreen.storyboard */; };
		3B6C727827A0AAB200C14436 /* CustomControls.xib in Resources */ = {isa = PBXBuildFile; fileRef = 3B6C727727A0AAB200C14436 /* CustomControls.xib */; };
		3B6C727A27A0AABF00C14436 /* CustomControls.swift in Sources */ = {isa = PBXBuildFile; fileRef = 3B6C727927A0AABF00C14436 /* CustomControls.swift */; };
/* End PBXBuildFile section */

/* Begin PBXFileReference section */
		3B6C72382799CC6700C14436 /* AdvancedPlayer.app */ = {isa = PBXFileReference; explicitFileType = wrapper.application; includeInIndex = 0; path = AdvancedPlayer.app; sourceTree = BUILT_PRODUCTS_DIR; };
		3B6C723B2799CC6700C14436 /* AppDelegate.swift */ = {isa = PBXFileReference; lastKnownFileType = sourcecode.swift; path = AppDelegate.swift; sourceTree = "<group>"; };
		3B6C723D2799CC6700C14436 /* SceneDelegate.swift */ = {isa = PBXFileReference; lastKnownFileType = sourcecode.swift; path = SceneDelegate.swift; sourceTree = "<group>"; };
		3B6C723F2799CC6700C14436 /* ViewController.swift */ = {isa = PBXFileReference; lastKnownFileType = sourcecode.swift; path = ViewController.swift; sourceTree = "<group>"; };
		3B6C72422799CC6700C14436 /* Base */ = {isa = PBXFileReference; lastKnownFileType = file.storyboard; name = Base; path = Base.lproj/Main.storyboard; sourceTree = "<group>"; };
		3B6C72442799CC6A00C14436 /* Assets.xcassets */ = {isa = PBXFileReference; lastKnownFileType = folder.assetcatalog; path = Assets.xcassets; sourceTree = "<group>"; };
		3B6C72472799CC6A00C14436 /* Base */ = {isa = PBXFileReference; lastKnownFileType = file.storyboard; name = Base; path = Base.lproj/LaunchScreen.storyboard; sourceTree = "<group>"; };
		3B6C72492799CC6A00C14436 /* Info.plist */ = {isa = PBXFileReference; lastKnownFileType = text.plist.xml; path = Info.plist; sourceTree = "<group>"; };
		3B6C72502799FA5700C14436 /* JWPlayerKit.framework */ = {isa = PBXFileReference; explicitFileType = wrapper.framework; path = JWPlayerKit.framework; sourceTree = BUILT_PRODUCTS_DIR; };
		3B6C727727A0AAB200C14436 /* CustomControls.xib */ = {isa = PBXFileReference; lastKnownFileType = file.xib; path = CustomControls.xib; sourceTree = "<group>"; };
		3B6C727927A0AABF00C14436 /* CustomControls.swift */ = {isa = PBXFileReference; lastKnownFileType = sourcecode.swift; path = CustomControls.swift; sourceTree = "<group>"; };
/* End PBXFileReference section */

/* Begin PBXFrameworksBuildPhase section */
		3B6C72352799CC6700C14436 /* Frameworks */ = {
			isa = PBXFrameworksBuildPhase;
			buildActionMask = 2147483647;
			files = (
			);
			runOnlyForDeploymentPostprocessing = 0;
		};
/* End PBXFrameworksBuildPhase section */

/* Begin PBXGroup section */
		3B6C722F2799CC6700C14436 = {
			isa = PBXGroup;
			children = (
				3B6C723A2799CC6700C14436 /* AdvancedPlayer */,
				3B6C72392799CC6700C14436 /* Products */,
				3B6C724F2799FA5700C14436 /* Frameworks */,
			);
			sourceTree = "<group>";
		};
		3B6C72392799CC6700C14436 /* Products */ = {
			isa = PBXGroup;
			children = (
				3B6C72382799CC6700C14436 /* AdvancedPlayer.app */,
			);
			name = Products;
			sourceTree = "<group>";
		};
		3B6C723A2799CC6700C14436 /* AdvancedPlayer */ = {
			isa = PBXGroup;
			children = (
				3B6C723B2799CC6700C14436 /* AppDelegate.swift */,
				3B6C723D2799CC6700C14436 /* SceneDelegate.swift */,
				3B6C723F2799CC6700C14436 /* ViewController.swift */,
				3B6C72412799CC6700C14436 /* Main.storyboard */,
				3B6C727727A0AAB200C14436 /* CustomControls.xib */,
				3B6C727927A0AABF00C14436 /* CustomControls.swift */,
				3B6C72442799CC6A00C14436 /* Assets.xcassets */,
				3B6C72462799CC6A00C14436 /* LaunchScreen.storyboard */,
				3B6C72492799CC6A00C14436 /* Info.plist */,
			);
			path = AdvancedPlayer;
			sourceTree = "<group>";
		};
		3B6C724F2799FA5700C14436 /* Frameworks */ = {
			isa = PBXGroup;
			children = (
				3B6C72502799FA5700C14436 /* JWPlayerKit.framework */,
			);
			name = Frameworks;
			sourceTree = "<group>";
		};
/* End PBXGroup section */

/* Begin PBXNativeTarget section */
		3B6C72372799CC6700C14436 /* AdvancedPlayer */ = {
			isa = PBXNativeTarget;
			buildConfigurationList = 3B6C724C2799CC6A00C14436 /* Build configuration list for PBXNativeTarget "AdvancedPlayer" */;
			buildPhases = (
				3B6C72342799CC6700C14436 /* Sources */,
				3B6C72352799CC6700C14436 /* Frameworks */,
				3B6C72362799CC6700C14436 /* Resources */,
			);
			buildRules = (
			);
			dependencies = (
			);
			name = AdvancedPlayer;
			productName = AdvancedPlayer;
			productReference = 3B6C72382799CC6700C14436 /* AdvancedPlayer.app */;
			productType = "com.apple.product-type.application";
		};
/* End PBXNativeTarget section */

/* Begin PBXProject section */
		3B6C72302799CC6700C14436 /* Project object */ = {
			isa = PBXProject;
			attributes = {
				BuildIndependentTargetsInParallel = 1;
				LastSwiftUpdateCheck = 1300;
				LastUpgradeCheck = 1300;
				TargetAttributes = {
					3B6C72372799CC6700C14436 = {
						CreatedOnToolsVersion = 13.0;
					};
				};
			};
			buildConfigurationList = 3B6C72332799CC6700C14436 /* Build configuration list for PBXProject "AdvancedPlayer" */;
			compatibilityVersion = "Xcode 13.0";
			developmentRegion = en;
			hasScannedForEncodings = 0;
			knownRegions = (
				en,
				Base,
			);
			mainGroup = 3B6C722F2799CC6700C14436;
			productRefGroup = 3B6C72392799CC6700C14436 /* Products */;
			projectDirPath = "";
			projectRoot = "";
			targets = (
				3B6C72372799CC6700C14436 /* AdvancedPlayer */,
			);
		};
/* End PBXProject section */

/* Begin PBXResourcesBuildPhase section */
		3B6C72362799CC6700C14436 /* Resources */ = {
			isa = PBXResourcesBuildPhase;
			buildActionMask = 2147483647;
			files = (
				3B6C72482799CC6A00C14436 /* LaunchScreen.storyboard in Resources */,
				3B6C72452799CC6A00C14436 /* Assets.xcassets in Resources */,
				3B6C727827A0AAB200C14436 /* CustomControls.xib in Resources */,
				3B6C72432799CC6700C14436 /* Main.storyboard in Resources */,
			);
			runOnlyForDeploymentPostprocessing = 0;
		};
/* End PBXResourcesBuildPhase section */

/* Begin PBXSourcesBuildPhase section */
		3B6C72342799CC6700C14436 /* Sources */ = {
			isa = PBXSourcesBuildPhase;
			buildActionMask = 2147483647;
			files = (
				3B6C72402799CC6700C14436 /* ViewController.swift in Sources */,
				3B6C723C2799CC6700C14436 /* AppDelegate.swift in Sources */,
				3B6C727A27A0AABF00C14436 /* CustomControls.swift in Sources */,
				3B6C723E2799CC6700C14436 /* SceneDelegate.swift in Sources */,
			);
			runOnlyForDeploymentPostprocessing = 0;
		};
/* End PBXSourcesBuildPhase section */

/* Begin PBXVariantGroup section */
		3B6C72412799CC6700C14436 /* Main.storyboard */ = {
			isa = PBXVariantGroup;
			children = (
				3B6C72422799CC6700C14436 /* Base */,
			);
			name = Main.storyboard;
			sourceTree = "<group>";
		};
		3B6C72462799CC6A00C14436 /* LaunchScreen.storyboard */ = {
			isa = PBXVariantGroup;
			children = (
				3B6C72472799CC6A00C14436 /* Base */,
			);
			name = LaunchScreen.storyboard;
			sourceTree = "<group>";
		};
/* End PBXVariantGroup section */

/* Begin XCBuildConfiguration section */
		3B6C724A2799CC6A00C14436 /* Debug */ = {
			isa = XCBuildConfiguration;
			buildSettings = {
				ALWAYS_SEARCH_USER_PATHS = NO;
				CLANG_ANALYZER_NONNULL = YES;
				CLANG_ANALYZER_NUMBER_OBJECT_CONVERSION = YES_AGGRESSIVE;
				CLANG_CXX_LANGUAGE_STANDARD = "gnu++17";
				CLANG_CXX_LIBRARY = "libc++";
				CLANG_ENABLE_MODULES = YES;
				CLANG_ENABLE_OBJC_ARC = YES;
				CLANG_ENABLE_OBJC_WEAK = YES;
				CLANG_WARN_BLOCK_CAPTURE_AUTORELEASING = YES;
				CLANG_WARN_BOOL_CONVERSION = YES;
				CLANG_WARN_COMMA = YES;
				CLANG_WARN_CONSTANT_CONVERSION = YES;
				CLANG_WARN_DEPRECATED_OBJC_IMPLEMENTATIONS = YES;
				CLANG_WARN_DIRECT_OBJC_ISA_USAGE = YES_ERROR;
				CLANG_WARN_DOCUMENTATION_COMMENTS = YES;
				CLANG_WARN_EMPTY_BODY = YES;
				CLANG_WARN_ENUM_CONVERSION = YES;
				CLANG_WARN_INFINITE_RECURSION = YES;
				CLANG_WARN_INT_CONVERSION = YES;
				CLANG_WARN_NON_LITERAL_NULL_CONVERSION = YES;
				CLANG_WARN_OBJC_IMPLICIT_RETAIN_SELF = YES;
				CLANG_WARN_OBJC_LITERAL_CONVERSION = YES;
				CLANG_WARN_OBJC_ROOT_CLASS = YES_ERROR;
				CLANG_WARN_QUOTED_INCLUDE_IN_FRAMEWORK_HEADER = YES;
				CLANG_WARN_RANGE_LOOP_ANALYSIS = YES;
				CLANG_WARN_STRICT_PROTOTYPES = YES;
				CLANG_WARN_SUSPICIOUS_MOVE = YES;
				CLANG_WARN_UNGUARDED_AVAILABILITY = YES_AGGRESSIVE;
				CLANG_WARN_UNREACHABLE_CODE = YES;
				CLANG_WARN__DUPLICATE_METHOD_MATCH = YES;
				COPY_PHASE_STRIP = NO;
				DEBUG_INFORMATION_FORMAT = dwarf;
				ENABLE_STRICT_OBJC_MSGSEND = YES;
				ENABLE_TESTABILITY = YES;
				GCC_C_LANGUAGE_STANDARD = gnu11;
				GCC_DYNAMIC_NO_PIC = NO;
				GCC_NO_COMMON_BLOCKS = YES;
				GCC_OPTIMIZATION_LEVEL = 0;
				GCC_PREPROCESSOR_DEFINITIONS = (
					"DEBUG=1",
					"$(inherited)",
				);
				GCC_WARN_64_TO_32_BIT_CONVERSION = YES;
				GCC_WARN_ABOUT_RETURN_TYPE = YES_ERROR;
				GCC_WARN_UNDECLARED_SELECTOR = YES;
				GCC_WARN_UNINITIALIZED_AUTOS = YES_AGGRESSIVE;
				GCC_WARN_UNUSED_FUNCTION = YES;
				GCC_WARN_UNUSED_VARIABLE = YES;
				IPHONEOS_DEPLOYMENT_TARGET = 15.0;
				MTL_ENABLE_DEBUG_INFO = INCLUDE_SOURCE;
				MTL_FAST_MATH = YES;
				ONLY_ACTIVE_ARCH = YES;
				SDKROOT = iphoneos;
				SWIFT_ACTIVE_COMPILATION_CONDITIONS = DEBUG;
				SWIFT_OPTIMIZATION_LEVEL = "-Onone";
			};
			name = Debug;
		};
		3B6C724B2799CC6A00C14436 /* Release */ = {
			isa = XCBuildConfiguration;
			buildSettings = {
				ALWAYS_SEARCH_USER_PATHS = NO;
				CLANG_ANALYZER_NONNULL = YES;
				CLANG_ANALYZER_NUMBER_OBJECT_CONVERSION = YES_AGGRESSIVE;
				CLANG_CXX_LANGUAGE_STANDARD = "gnu++17";
				CLANG_CXX_LIBRARY = "libc++";
				CLANG_ENABLE_MODULES = YES;
				CLANG_ENABLE_OBJC_ARC = YES;
				CLANG_ENABLE_OBJC_WEAK = YES;
				CLANG_WARN_BLOCK_CAPTURE_AUTORELEASING = YES;
				CLANG_WARN_BOOL_CONVERSION = YES;
				CLANG_WARN_COMMA = YES;
				CLANG_WARN_CONSTANT_CONVERSION = YES;
				CLANG_WARN_DEPRECATED_OBJC_IMPLEMENTATIONS = YES;
				CLANG_WARN_DIRECT_OBJC_ISA_USAGE = YES_ERROR;
				CLANG_WARN_DOCUMENTATION_COMMENTS = YES;
				CLANG_WARN_EMPTY_BODY = YES;
				CLANG_WARN_ENUM_CONVERSION = YES;
				CLANG_WARN_INFINITE_RECURSION = YES;
				CLANG_WARN_INT_CONVERSION = YES;
				CLANG_WARN_NON_LITERAL_NULL_CONVERSION = YES;
				CLANG_WARN_OBJC_IMPLICIT_RETAIN_SELF = YES;
				CLANG_WARN_OBJC_LITERAL_CONVERSION = YES;
				CLANG_WARN_OBJC_ROOT_CLASS = YES_ERROR;
				CLANG_WARN_QUOTED_INCLUDE_IN_FRAMEWORK_HEADER = YES;
				CLANG_WARN_RANGE_LOOP_ANALYSIS = YES;
				CLANG_WARN_STRICT_PROTOTYPES = YES;
				CLANG_WARN_SUSPICIOUS_MOVE = YES;
				CLANG_WARN_UNGUARDED_AVAILABILITY = YES_AGGRESSIVE;
				CLANG_WARN_UNREACHABLE_CODE = YES;
				CLANG_WARN__DUPLICATE_METHOD_MATCH = YES;
				COPY_PHASE_STRIP = NO;
				DEBUG_INFORMATION_FORMAT = "dwarf-with-dsym";
				ENABLE_NS_ASSERTIONS = NO;
				ENABLE_STRICT_OBJC_MSGSEND = YES;
				GCC_C_LANGUAGE_STANDARD = gnu11;
				GCC_NO_COMMON_BLOCKS = YES;
				GCC_WARN_64_TO_32_BIT_CONVERSION = YES;
				GCC_WARN_ABOUT_RETURN_TYPE = YES_ERROR;
				GCC_WARN_UNDECLARED_SELECTOR = YES;
				GCC_WARN_UNINITIALIZED_AUTOS = YES_AGGRESSIVE;
				GCC_WARN_UNUSED_FUNCTION = YES;
				GCC_WARN_UNUSED_VARIABLE = YES;
				IPHONEOS_DEPLOYMENT_TARGET = 15.0;
				MTL_ENABLE_DEBUG_INFO = NO;
				MTL_FAST_MATH = YES;
				SDKROOT = iphoneos;
				SWIFT_COMPILATION_MODE = wholemodule;
				SWIFT_OPTIMIZATION_LEVEL = "-O";
				VALIDATE_PRODUCT = YES;
			};
			name = Release;
		};
		3B6C724D2799CC6A00C14436 /* Debug */ = {
			isa = XCBuildConfiguration;
			buildSettings = {
				ASSETCATALOG_COMPILER_APPICON_NAME = AppIcon;
				ASSETCATALOG_COMPILER_GLOBAL_ACCENT_COLOR_NAME = AccentColor;
				CODE_SIGN_STYLE = Automatic;
				CURRENT_PROJECT_VERSION = 1;
				DEVELOPMENT_TEAM = WX87M56X5N;
				GENERATE_INFOPLIST_FILE = YES;
				INFOPLIST_FILE = AdvancedPlayer/Info.plist;
				INFOPLIST_KEY_UIApplicationSupportsIndirectInputEvents = YES;
				INFOPLIST_KEY_UILaunchStoryboardName = LaunchScreen;
				INFOPLIST_KEY_UIMainStoryboardFile = Main;
				INFOPLIST_KEY_UISupportedInterfaceOrientations_iPad = "UIInterfaceOrientationPortrait UIInterfaceOrientationPortraitUpsideDown UIInterfaceOrientationLandscapeLeft UIInterfaceOrientationLandscapeRight";
				INFOPLIST_KEY_UISupportedInterfaceOrientations_iPhone = "UIInterfaceOrientationPortrait UIInterfaceOrientationLandscapeLeft UIInterfaceOrientationLandscapeRight";
				LD_RUNPATH_SEARCH_PATHS = (
					"$(inherited)",
					"@executable_path/Frameworks",
				);
				MARKETING_VERSION = 1.0;
				PRODUCT_BUNDLE_IDENTIFIER = JWPlayer.AdvancedPlayer;
				PRODUCT_NAME = "$(TARGET_NAME)";
				SWIFT_EMIT_LOC_STRINGS = YES;
				SWIFT_VERSION = 5.0;
				TARGETED_DEVICE_FAMILY = "1,2";
			};
			name = Debug;
		};
		3B6C724E2799CC6A00C14436 /* Release */ = {
			isa = XCBuildConfiguration;
			buildSettings = {
				ASSETCATALOG_COMPILER_APPICON_NAME = AppIcon;
				ASSETCATALOG_COMPILER_GLOBAL_ACCENT_COLOR_NAME = AccentColor;
				CODE_SIGN_STYLE = Automatic;
				CURRENT_PROJECT_VERSION = 1;
				DEVELOPMENT_TEAM = WX87M56X5N;
				GENERATE_INFOPLIST_FILE = YES;
				INFOPLIST_FILE = AdvancedPlayer/Info.plist;
				INFOPLIST_KEY_UIApplicationSupportsIndirectInputEvents = YES;
				INFOPLIST_KEY_UILaunchStoryboardName = LaunchScreen;
				INFOPLIST_KEY_UIMainStoryboardFile = Main;
				INFOPLIST_KEY_UISupportedInterfaceOrientations_iPad = "UIInterfaceOrientationPortrait UIInterfaceOrientationPortraitUpsideDown UIInterfaceOrientationLandscapeLeft UIInterfaceOrientationLandscapeRight";
				INFOPLIST_KEY_UISupportedInterfaceOrientations_iPhone = "UIInterfaceOrientationPortrait UIInterfaceOrientationLandscapeLeft UIInterfaceOrientationLandscapeRight";
				LD_RUNPATH_SEARCH_PATHS = (
					"$(inherited)",
					"@executable_path/Frameworks",
				);
				MARKETING_VERSION = 1.0;
				PRODUCT_BUNDLE_IDENTIFIER = JWPlayer.AdvancedPlayer;
				PRODUCT_NAME = "$(TARGET_NAME)";
				SWIFT_EMIT_LOC_STRINGS = YES;
				SWIFT_VERSION = 5.0;
				TARGETED_DEVICE_FAMILY = "1,2";
			};
			name = Release;
		};
/* End XCBuildConfiguration section */

/* Begin XCConfigurationList section */
		3B6C72332799CC6700C14436 /* Build configuration list for PBXProject "AdvancedPlayer" */ = {
			isa = XCConfigurationList;
			buildConfigurations = (
				3B6C724A2799CC6A00C14436 /* Debug */,
				3B6C724B2799CC6A00C14436 /* Release */,
			);
			defaultConfigurationIsVisible = 0;
			defaultConfigurationName = Release;
		};
		3B6C724C2799CC6A00C14436 /* Build configuration list for PBXNativeTarget "AdvancedPlayer" */ = {
			isa = XCConfigurationList;
			buildConfigurations = (
				3B6C724D2799CC6A00C14436 /* Debug */,
				3B6C724E2799CC6A00C14436 /* Release */,
			);
			defaultConfigurationIsVisible = 0;
			defaultConfigurationName = Release;
		};
/* End XCConfigurationList section */
	};
	rootObject = 3B6C72302799CC6700C14436 /* Project object */;
}
