// !$*UTF8*$!
{
	archiveVersion = 1;
	classes = {
	};
	objectVersion = 51;
	objects = {

/* Begin PBXBuildFile section */
		BA7C9EEB0ABE11620FE5C2D5 /* Pods_VastBestPracticeApp.framework in Frameworks */ = {isa = PBXBuildFile; fileRef = 0DE6354F79E56AA660616B71 /* Pods_VastBestPracticeApp.framework */; };
		D362791A2580323300E06E6E /* Base.lproj in Resources */ = {isa = PBXBuildFile; fileRef = D36279152580323300E06E6E /* Base.lproj */; };
		D362791B2580323300E06E6E /* Assets.xcassets in Resources */ = {isa = PBXBuildFile; fileRef = D36279162580323300E06E6E /* Assets.xcassets */; };
		D362791D2580323300E06E6E /* VastAppViewController.swift in Sources */ = {isa = PBXBuildFile; fileRef = D36279182580323300E06E6E /* VastAppViewController.swift */; };
		D362791E2580323300E06E6E /* VastAppAppDelegate.swift in Sources */ = {isa = PBXBuildFile; fileRef = D36279192580323300E06E6E /* VastAppAppDelegate.swift */; };
/* End PBXBuildFile section */

/* Begin PBXCopyFilesBuildPhase section */
		D36279282580327400E06E6E /* Embed Frameworks */ = {
			isa = PBXCopyFilesBuildPhase;
			buildActionMask = 2147483647;
			dstPath = "";
			dstSubfolderSpec = 10;
			files = (
			);
			name = "Embed Frameworks";
			runOnlyForDeploymentPostprocessing = 0;
		};
/* End PBXCopyFilesBuildPhase section */

/* Begin PBXFileReference section */
		086B95D55BEB55284DF39F89 /* Pods-VastBestPracticeApp.release.xcconfig */ = {isa = PBXFileReference; includeInIndex = 1; lastKnownFileType = text.xcconfig; name = "Pods-VastBestPracticeApp.release.xcconfig"; path = "Target Support Files/Pods-VastBestPracticeApp/Pods-VastBestPracticeApp.release.xcconfig"; sourceTree = "<group>"; };
		0DE6354F79E56AA660616B71 /* Pods_VastBestPracticeApp.framework */ = {isa = PBXFileReference; explicitFileType = wrapper.framework; includeInIndex = 0; path = Pods_VastBestPracticeApp.framework; sourceTree = BUILT_PRODUCTS_DIR; };
		113A0240B76EDCC8ADEE7F96 /* Pods-VastBestPracticeApp.debug.xcconfig */ = {isa = PBXFileReference; includeInIndex = 1; lastKnownFileType = text.xcconfig; name = "Pods-VastBestPracticeApp.debug.xcconfig"; path = "Target Support Files/Pods-VastBestPracticeApp/Pods-VastBestPracticeApp.debug.xcconfig"; sourceTree = "<group>"; };
		D3175593256C8192004E49CE /* README.md */ = {isa = PBXFileReference; lastKnownFileType = net.daringfireball.markdown; path = README.md; sourceTree = "<group>"; };
		D3627900258031FD00E06E6E /* VastBestPracticeApp.app */ = {isa = PBXFileReference; explicitFileType = wrapper.application; includeInIndex = 0; path = VastBestPracticeApp.app; sourceTree = BUILT_PRODUCTS_DIR; };
		D36279152580323300E06E6E /* Base.lproj */ = {isa = PBXFileReference; lastKnownFileType = folder; path = Base.lproj; sourceTree = "<group>"; };
		D36279162580323300E06E6E /* Assets.xcassets */ = {isa = PBXFileReference; lastKnownFileType = folder.assetcatalog; path = Assets.xcassets; sourceTree = "<group>"; };
		D36279172580323300E06E6E /* Info.plist */ = {isa = PBXFileReference; fileEncoding = 4; lastKnownFileType = text.plist.xml; path = Info.plist; sourceTree = "<group>"; };
		D36279182580323300E06E6E /* VastAppViewController.swift */ = {isa = PBXFileReference; fileEncoding = 4; lastKnownFileType = sourcecode.swift; path = VastAppViewController.swift; sourceTree = "<group>"; };
		D36279192580323300E06E6E /* VastAppAppDelegate.swift */ = {isa = PBXFileReference; fileEncoding = 4; lastKnownFileType = sourcecode.swift; path = VastAppAppDelegate.swift; sourceTree = "<group>"; };
		D365183A2577ED5600C1BD9C /* JWPlayerKit.xcframework */ = {isa = PBXFileReference; lastKnownFileType = wrapper.xcframework; path = JWPlayerKit.xcframework; sourceTree = "<group>"; };
/* End PBXFileReference section */

/* Begin PBXFrameworksBuildPhase section */
		D36278FD258031FD00E06E6E /* Frameworks */ = {
			isa = PBXFrameworksBuildPhase;
			buildActionMask = 2147483647;
			files = (
				BA7C9EEB0ABE11620FE5C2D5 /* Pods_VastBestPracticeApp.framework in Frameworks */,
			);
			runOnlyForDeploymentPostprocessing = 0;
		};
/* End PBXFrameworksBuildPhase section */

/* Begin PBXGroup section */
		57F0D4AAF7D4EB72F6F3DB93 /* Pods */ = {
			isa = PBXGroup;
			children = (
				113A0240B76EDCC8ADEE7F96 /* Pods-VastBestPracticeApp.debug.xcconfig */,
				086B95D55BEB55284DF39F89 /* Pods-VastBestPracticeApp.release.xcconfig */,
			);
			path = Pods;
			sourceTree = "<group>";
		};
		D3175553256C8113004E49CE = {
			isa = PBXGroup;
			children = (
				D3175593256C8192004E49CE /* README.md */,
				D3627901258031FD00E06E6E /* VastBestPracticeApp */,
				D317555D256C8113004E49CE /* Products */,
				D317559E256C8233004E49CE /* Frameworks */,
				57F0D4AAF7D4EB72F6F3DB93 /* Pods */,
			);
			sourceTree = "<group>";
		};
		D317555D256C8113004E49CE /* Products */ = {
			isa = PBXGroup;
			children = (
				D3627900258031FD00E06E6E /* VastBestPracticeApp.app */,
			);
			name = Products;
			sourceTree = "<group>";
		};
		D317559E256C8233004E49CE /* Frameworks */ = {
			isa = PBXGroup;
			children = (
				D365183A2577ED5600C1BD9C /* JWPlayerKit.xcframework */,
				0DE6354F79E56AA660616B71 /* Pods_VastBestPracticeApp.framework */,
			);
			name = Frameworks;
			sourceTree = "<group>";
		};
		D3627901258031FD00E06E6E /* VastBestPracticeApp */ = {
			isa = PBXGroup;
			children = (
				D36279162580323300E06E6E /* Assets.xcassets */,
				D36279152580323300E06E6E /* Base.lproj */,
				D36279172580323300E06E6E /* Info.plist */,
				D36279192580323300E06E6E /* VastAppAppDelegate.swift */,
				D36279182580323300E06E6E /* VastAppViewController.swift */,
			);
			path = VastBestPracticeApp;
			sourceTree = "<group>";
		};
/* End PBXGroup section */

/* Begin PBXNativeTarget section */
		D36278FF258031FD00E06E6E /* VastBestPracticeApp */ = {
			isa = PBXNativeTarget;
			buildConfigurationList = D3627911258031FD00E06E6E /* Build configuration list for PBXNativeTarget "VastBestPracticeApp" */;
			buildPhases = (
				F590374E72B5FA18C8B431CC /* [CP] Check Pods Manifest.lock */,
				D36278FC258031FD00E06E6E /* Sources */,
				D36278FD258031FD00E06E6E /* Frameworks */,
				D36278FE258031FD00E06E6E /* Resources */,
				D36279282580327400E06E6E /* Embed Frameworks */,
				BE0BBA1CE0BFA7FCC89F65C6 /* [CP] Embed Pods Frameworks */,
				558127963ADB6D0EC9EF7B20 /* [CP] Copy Pods Resources */,
			);
			buildRules = (
			);
			dependencies = (
			);
			name = VastBestPracticeApp;
			productName = VastBestPracticeApp;
			productReference = D3627900258031FD00E06E6E /* VastBestPracticeApp.app */;
			productType = "com.apple.product-type.application";
		};
/* End PBXNativeTarget section */

/* Begin PBXProject section */
		D3175554256C8113004E49CE /* Project object */ = {
			isa = PBXProject;
			attributes = {
				LastSwiftUpdateCheck = 1200;
				LastUpgradeCheck = 1200;
				TargetAttributes = {
					D36278FF258031FD00E06E6E = {
						CreatedOnToolsVersion = 12.0.1;
						LastSwiftMigration = 1200;
					};
				};
			};
			buildConfigurationList = D3175557256C8113004E49CE /* Build configuration list for PBXProject "JWBestPracticeApps-4x" */;
			compatibilityVersion = "Xcode 9.3";
			developmentRegion = en;
			hasScannedForEncodings = 0;
			knownRegions = (
				en,
				Base,
			);
			mainGroup = D3175553256C8113004E49CE;
			productRefGroup = D317555D256C8113004E49CE /* Products */;
			projectDirPath = "";
			projectRoot = "";
			targets = (
				D36278FF258031FD00E06E6E /* VastBestPracticeApp */,
			);
		};
/* End PBXProject section */

/* Begin PBXResourcesBuildPhase section */
		D36278FE258031FD00E06E6E /* Resources */ = {
			isa = PBXResourcesBuildPhase;
			buildActionMask = 2147483647;
			files = (
				D362791B2580323300E06E6E /* Assets.xcassets in Resources */,
				D362791A2580323300E06E6E /* Base.lproj in Resources */,
			);
			runOnlyForDeploymentPostprocessing = 0;
		};
/* End PBXResourcesBuildPhase section */

/* Begin PBXShellScriptBuildPhase section */
		558127963ADB6D0EC9EF7B20 /* [CP] Copy Pods Resources */ = {
			isa = PBXShellScriptBuildPhase;
			buildActionMask = 2147483647;
			files = (
			);
			inputFileListPaths = (
				"${PODS_ROOT}/Target Support Files/Pods-VastBestPracticeApp/Pods-VastBestPracticeApp-resources-${CONFIGURATION}-input-files.xcfilelist",
			);
			name = "[CP] Copy Pods Resources";
			outputFileListPaths = (
				"${PODS_ROOT}/Target Support Files/Pods-VastBestPracticeApp/Pods-VastBestPracticeApp-resources-${CONFIGURATION}-output-files.xcfilelist",
			);
			runOnlyForDeploymentPostprocessing = 0;
			shellPath = /bin/sh;
			shellScript = "\"${PODS_ROOT}/Target Support Files/Pods-VastBestPracticeApp/Pods-VastBestPracticeApp-resources.sh\"\n";
			showEnvVarsInLog = 0;
		};
		BE0BBA1CE0BFA7FCC89F65C6 /* [CP] Embed Pods Frameworks */ = {
			isa = PBXShellScriptBuildPhase;
			buildActionMask = 2147483647;
			files = (
			);
			inputFileListPaths = (
				"${PODS_ROOT}/Target Support Files/Pods-VastBestPracticeApp/Pods-VastBestPracticeApp-frameworks-${CONFIGURATION}-input-files.xcfilelist",
			);
			name = "[CP] Embed Pods Frameworks";
			outputFileListPaths = (
				"${PODS_ROOT}/Target Support Files/Pods-VastBestPracticeApp/Pods-VastBestPracticeApp-frameworks-${CONFIGURATION}-output-files.xcfilelist",
			);
			runOnlyForDeploymentPostprocessing = 0;
			shellPath = /bin/sh;
			shellScript = "\"${PODS_ROOT}/Target Support Files/Pods-VastBestPracticeApp/Pods-VastBestPracticeApp-frameworks.sh\"\n";
			showEnvVarsInLog = 0;
		};
		F590374E72B5FA18C8B431CC /* [CP] Check Pods Manifest.lock */ = {
			isa = PBXShellScriptBuildPhase;
			buildActionMask = 2147483647;
			files = (
			);
			inputFileListPaths = (
			);
			inputPaths = (
				"${PODS_PODFILE_DIR_PATH}/Podfile.lock",
				"${PODS_ROOT}/Manifest.lock",
			);
			name = "[CP] Check Pods Manifest.lock";
			outputFileListPaths = (
			);
			outputPaths = (
				"$(DERIVED_FILE_DIR)/Pods-VastBestPracticeApp-checkManifestLockResult.txt",
			);
			runOnlyForDeploymentPostprocessing = 0;
			shellPath = /bin/sh;
			shellScript = "diff \"${PODS_PODFILE_DIR_PATH}/Podfile.lock\" \"${PODS_ROOT}/Manifest.lock\" > /dev/null\nif [ $? != 0 ] ; then\n    # print error to STDERR\n    echo \"error: The sandbox is not in sync with the Podfile.lock. Run 'pod install' or update your CocoaPods installation.\" >&2\n    exit 1\nfi\n# This output is used by Xcode 'outputs' to avoid re-running this script phase.\necho \"SUCCESS\" > \"${SCRIPT_OUTPUT_FILE_0}\"\n";
			showEnvVarsInLog = 0;
		};
/* End PBXShellScriptBuildPhase section */

/* Begin PBXSourcesBuildPhase section */
		D36278FC258031FD00E06E6E /* Sources */ = {
			isa = PBXSourcesBuildPhase;
			buildActionMask = 2147483647;
			files = (
				D362791E2580323300E06E6E /* VastAppAppDelegate.swift in Sources */,
				D362791D2580323300E06E6E /* VastAppViewController.swift in Sources */,
			);
			runOnlyForDeploymentPostprocessing = 0;
		};
/* End PBXSourcesBuildPhase section */

/* Begin XCBuildConfiguration section */
		D317556E256C8115004E49CE /* Debug */ = {
			isa = XCBuildConfiguration;
			buildSettings = {
				ALWAYS_SEARCH_USER_PATHS = NO;
				CLANG_ANALYZER_NONNULL = YES;
				CLANG_ANALYZER_NUMBER_OBJECT_CONVERSION = YES_AGGRESSIVE;
				CLANG_CXX_LANGUAGE_STANDARD = "gnu++14";
				CLANG_CXX_LIBRARY = "libc++";
				CLANG_ENABLE_MODULES = YES;
				CLANG_ENABLE_OBJC_ARC = YES;
				CLANG_ENABLE_OBJC_WEAK = YES;
				CLANG_WARN_BLOCK_CAPTURE_AUTORELEASING = YES;
				CLANG_WARN_BOOL_CONVERSION = YES;
				CLANG_WARN_COMMA = YES;
				CLANG_WARN_CONSTANT_CONVERSION = YES;
				CLANG_WARN_DEPRECATED_OBJC_IMPLEMENTATIONS = YES;
				CLANG_WARN_DIRECT_OBJC_ISA_USAGE = YES_ERROR;
				CLANG_WARN_DOCUMENTATION_COMMENTS = YES;
				CLANG_WARN_EMPTY_BODY = YES;
				CLANG_WARN_ENUM_CONVERSION = YES;
				CLANG_WARN_INFINITE_RECURSION = YES;
				CLANG_WARN_INT_CONVERSION = YES;
				CLANG_WARN_NON_LITERAL_NULL_CONVERSION = YES;
				CLANG_WARN_OBJC_IMPLICIT_RETAIN_SELF = YES;
				CLANG_WARN_OBJC_LITERAL_CONVERSION = YES;
				CLANG_WARN_OBJC_ROOT_CLASS = YES_ERROR;
				CLANG_WARN_QUOTED_INCLUDE_IN_FRAMEWORK_HEADER = YES;
				CLANG_WARN_RANGE_LOOP_ANALYSIS = YES;
				CLANG_WARN_STRICT_PROTOTYPES = YES;
				CLANG_WARN_SUSPICIOUS_MOVE = YES;
				CLANG_WARN_UNGUARDED_AVAILABILITY = YES_AGGRESSIVE;
				CLANG_WARN_UNREACHABLE_CODE = YES;
				CLANG_WARN__DUPLICATE_METHOD_MATCH = YES;
				COPY_PHASE_STRIP = NO;
				DEBUG_INFORMATION_FORMAT = dwarf;
				ENABLE_STRICT_OBJC_MSGSEND = YES;
				ENABLE_TESTABILITY = YES;
				GCC_C_LANGUAGE_STANDARD = gnu11;
				GCC_DYNAMIC_NO_PIC = NO;
				GCC_NO_COMMON_BLOCKS = YES;
				GCC_OPTIMIZATION_LEVEL = 0;
				GCC_PREPROCESSOR_DEFINITIONS = (
					"DEBUG=1",
					"$(inherited)",
				);
				GCC_WARN_64_TO_32_BIT_CONVERSION = YES;
				GCC_WARN_ABOUT_RETURN_TYPE = YES_ERROR;
				GCC_WARN_UNDECLARED_SELECTOR = YES;
				GCC_WARN_UNINITIALIZED_AUTOS = YES_AGGRESSIVE;
				GCC_WARN_UNUSED_FUNCTION = YES;
				GCC_WARN_UNUSED_VARIABLE = YES;
				IPHONEOS_DEPLOYMENT_TARGET = 14.0;
				MTL_ENABLE_DEBUG_INFO = INCLUDE_SOURCE;
				MTL_FAST_MATH = YES;
				ONLY_ACTIVE_ARCH = YES;
				SDKROOT = iphoneos;
				SWIFT_ACTIVE_COMPILATION_CONDITIONS = DEBUG;
				SWIFT_OPTIMIZATION_LEVEL = "-Onone";
			};
			name = Debug;
		};
		D317556F256C8115004E49CE /* Release */ = {
			isa = XCBuildConfiguration;
			buildSettings = {
				ALWAYS_SEARCH_USER_PATHS = NO;
				CLANG_ANALYZER_NONNULL = YES;
				CLANG_ANALYZER_NUMBER_OBJECT_CONVERSION = YES_AGGRESSIVE;
				CLANG_CXX_LANGUAGE_STANDARD = "gnu++14";
				CLANG_CXX_LIBRARY = "libc++";
				CLANG_ENABLE_MODULES = YES;
				CLANG_ENABLE_OBJC_ARC = YES;
				CLANG_ENABLE_OBJC_WEAK = YES;
				CLANG_WARN_BLOCK_CAPTURE_AUTORELEASING = YES;
				CLANG_WARN_BOOL_CONVERSION = YES;
				CLANG_WARN_COMMA = YES;
				CLANG_WARN_CONSTANT_CONVERSION = YES;
				CLANG_WARN_DEPRECATED_OBJC_IMPLEMENTATIONS = YES;
				CLANG_WARN_DIRECT_OBJC_ISA_USAGE = YES_ERROR;
				CLANG_WARN_DOCUMENTATION_COMMENTS = YES;
				CLANG_WARN_EMPTY_BODY = YES;
				CLANG_WARN_ENUM_CONVERSION = YES;
				CLANG_WARN_INFINITE_RECURSION = YES;
				CLANG_WARN_INT_CONVERSION = YES;
				CLANG_WARN_NON_LITERAL_NULL_CONVERSION = YES;
				CLANG_WARN_OBJC_IMPLICIT_RETAIN_SELF = YES;
				CLANG_WARN_OBJC_LITERAL_CONVERSION = YES;
				CLANG_WARN_OBJC_ROOT_CLASS = YES_ERROR;
				CLANG_WARN_QUOTED_INCLUDE_IN_FRAMEWORK_HEADER = YES;
				CLANG_WARN_RANGE_LOOP_ANALYSIS = YES;
				CLANG_WARN_STRICT_PROTOTYPES = YES;
				CLANG_WARN_SUSPICIOUS_MOVE = YES;
				CLANG_WARN_UNGUARDED_AVAILABILITY = YES_AGGRESSIVE;
				CLANG_WARN_UNREACHABLE_CODE = YES;
				CLANG_WARN__DUPLICATE_METHOD_MATCH = YES;
				COPY_PHASE_STRIP = NO;
				DEBUG_INFORMATION_FORMAT = "dwarf-with-dsym";
				ENABLE_NS_ASSERTIONS = NO;
				ENABLE_STRICT_OBJC_MSGSEND = YES;
				GCC_C_LANGUAGE_STANDARD = gnu11;
				GCC_NO_COMMON_BLOCKS = YES;
				GCC_WARN_64_TO_32_BIT_CONVERSION = YES;
				GCC_WARN_ABOUT_RETURN_TYPE = YES_ERROR;
				GCC_WARN_UNDECLARED_SELECTOR = YES;
				GCC_WARN_UNINITIALIZED_AUTOS = YES_AGGRESSIVE;
				GCC_WARN_UNUSED_FUNCTION = YES;
				GCC_WARN_UNUSED_VARIABLE = YES;
				IPHONEOS_DEPLOYMENT_TARGET = 14.0;
				MTL_ENABLE_DEBUG_INFO = NO;
				MTL_FAST_MATH = YES;
				SDKROOT = iphoneos;
				SWIFT_COMPILATION_MODE = wholemodule;
				SWIFT_OPTIMIZATION_LEVEL = "-O";
				VALIDATE_PRODUCT = YES;
			};
			name = Release;
		};
		D3627912258031FD00E06E6E /* Debug */ = {
			isa = XCBuildConfiguration;
			baseConfigurationReference = 113A0240B76EDCC8ADEE7F96 /* Pods-VastBestPracticeApp.debug.xcconfig */;
			buildSettings = {
				ASSETCATALOG_COMPILER_APPICON_NAME = AppIcon;
				ASSETCATALOG_COMPILER_GLOBAL_ACCENT_COLOR_NAME = AccentColor;
				CLANG_ENABLE_MODULES = YES;
				CODE_SIGN_STYLE = Automatic;
				INFOPLIST_FILE = VastBestPracticeApp/Info.plist;
				LD_RUNPATH_SEARCH_PATHS = (
					"$(inherited)",
					"@executable_path/Frameworks",
				);
				PRODUCT_BUNDLE_IDENTIFIER = com.jwplayer.VastBestPracticeApp;
				PRODUCT_NAME = "$(TARGET_NAME)";
				SWIFT_OPTIMIZATION_LEVEL = "-Onone";
				SWIFT_VERSION = 5.0;
				TARGETED_DEVICE_FAMILY = "1,2";
			};
			name = Debug;
		};
		D3627913258031FD00E06E6E /* Release */ = {
			isa = XCBuildConfiguration;
			baseConfigurationReference = 086B95D55BEB55284DF39F89 /* Pods-VastBestPracticeApp.release.xcconfig */;
			buildSettings = {
				ASSETCATALOG_COMPILER_APPICON_NAME = AppIcon;
				ASSETCATALOG_COMPILER_GLOBAL_ACCENT_COLOR_NAME = AccentColor;
				CLANG_ENABLE_MODULES = YES;
				CODE_SIGN_STYLE = Automatic;
				INFOPLIST_FILE = VastBestPracticeApp/Info.plist;
				LD_RUNPATH_SEARCH_PATHS = (
					"$(inherited)",
					"@executable_path/Frameworks",
				);
				PRODUCT_BUNDLE_IDENTIFIER = com.jwplayer.VastBestPracticeApp;
				PRODUCT_NAME = "$(TARGET_NAME)";
				SWIFT_VERSION = 5.0;
				TARGETED_DEVICE_FAMILY = "1,2";
			};
			name = Release;
		};
/* End XCBuildConfiguration section */

/* Begin XCConfigurationList section */
		D3175557256C8113004E49CE /* Build configuration list for PBXProject "JWBestPracticeApps-4x" */ = {
			isa = XCConfigurationList;
			buildConfigurations = (
				D317556E256C8115004E49CE /* Debug */,
				D317556F256C8115004E49CE /* Release */,
			);
			defaultConfigurationIsVisible = 0;
			defaultConfigurationName = Release;
		};
		D3627911258031FD00E06E6E /* Build configuration list for PBXNativeTarget "VastBestPracticeApp" */ = {
			isa = XCConfigurationList;
			buildConfigurations = (
				D3627912258031FD00E06E6E /* Debug */,
				D3627913258031FD00E06E6E /* Release */,
			);
			defaultConfigurationIsVisible = 0;
			defaultConfigurationName = Release;
		};
/* End XCConfigurationList section */
	};
	rootObject = D3175554256C8113004E49CE /* Project object */;
}
