// !$*UTF8*$!
{
	archiveVersion = 1;
	classes = {
	};
	objectVersion = 55;
	objects = {

/* Begin PBXBuildFile section */
		798722DC2A311B670052B204 /* SharedAssets.xcassets in Resources */ = {isa = PBXBuildFile; fileRef = 798722DB2A311B670052B204 /* SharedAssets.xcassets */; };
		808A3E8626C2E8EC003F9CEF /* AppDelegate.swift in Sources */ = {isa = PBXBuildFile; fileRef = 808A3E8526C2E8EC003F9CEF /* AppDelegate.swift */; };
		808A3E8826C2E8EC003F9CEF /* SceneDelegate.swift in Sources */ = {isa = PBXBuildFile; fileRef = 808A3E8726C2E8EC003F9CEF /* SceneDelegate.swift */; };
		808A3E8A26C2E8EC003F9CEF /* ViewController.swift in Sources */ = {isa = PBXBuildFile; fileRef = 808A3E8926C2E8EC003F9CEF /* ViewController.swift */; };
		808A3E8D26C2E8EC003F9CEF /* Main.storyboard in Resources */ = {isa = PBXBuildFile; fileRef = 808A3E8B26C2E8EC003F9CEF /* Main.storyboard */; };
		808A3E8F26C2E8EE003F9CEF /* Assets.xcassets in Resources */ = {isa = PBXBuildFile; fileRef = 808A3E8E26C2E8EE003F9CEF /* Assets.xcassets */; };
		808A3E9226C2E8EE003F9CEF /* LaunchScreen.storyboard in Resources */ = {isa = PBXBuildFile; fileRef = 808A3E9026C2E8EE003F9CEF /* LaunchScreen.storyboard */; };
		BCB0FF5F6E91B1401690E07D /* Pods_Recommendations.framework in Frameworks */ = {isa = PBXBuildFile; fileRef = 3453491E4FEC372B26E57D20 /* Pods_Recommendations.framework */; };
/* End PBXBuildFile section */

/* Begin PBXFileReference section */
		3453491E4FEC372B26E57D20 /* Pods_Recommendations.framework */ = {isa = PBXFileReference; explicitFileType = wrapper.framework; includeInIndex = 0; path = Pods_Recommendations.framework; sourceTree = BUILT_PRODUCTS_DIR; };
		73B6CDF70BA108C73ACE3607 /* Pods-Recommendations.release.xcconfig */ = {isa = PBXFileReference; includeInIndex = 1; lastKnownFileType = text.xcconfig; name = "Pods-Recommendations.release.xcconfig"; path = "Target Support Files/Pods-Recommendations/Pods-Recommendations.release.xcconfig"; sourceTree = "<group>"; };
		798722DB2A311B670052B204 /* SharedAssets.xcassets */ = {isa = PBXFileReference; lastKnownFileType = folder.assetcatalog; name = SharedAssets.xcassets; path = ../../SharedAssets.xcassets; sourceTree = "<group>"; };
		808A3E8226C2E8EC003F9CEF /* Recommendations.app */ = {isa = PBXFileReference; explicitFileType = wrapper.application; includeInIndex = 0; path = Recommendations.app; sourceTree = BUILT_PRODUCTS_DIR; };
		808A3E8526C2E8EC003F9CEF /* AppDelegate.swift */ = {isa = PBXFileReference; lastKnownFileType = sourcecode.swift; path = AppDelegate.swift; sourceTree = "<group>"; };
		808A3E8726C2E8EC003F9CEF /* SceneDelegate.swift */ = {isa = PBXFileReference; lastKnownFileType = sourcecode.swift; path = SceneDelegate.swift; sourceTree = "<group>"; };
		808A3E8926C2E8EC003F9CEF /* ViewController.swift */ = {isa = PBXFileReference; lastKnownFileType = sourcecode.swift; path = ViewController.swift; sourceTree = "<group>"; };
		808A3E8C26C2E8EC003F9CEF /* Base */ = {isa = PBXFileReference; lastKnownFileType = file.storyboard; name = Base; path = Base.lproj/Main.storyboard; sourceTree = "<group>"; };
		808A3E8E26C2E8EE003F9CEF /* Assets.xcassets */ = {isa = PBXFileReference; lastKnownFileType = folder.assetcatalog; path = Assets.xcassets; sourceTree = "<group>"; };
		808A3E9126C2E8EE003F9CEF /* Base */ = {isa = PBXFileReference; lastKnownFileType = file.storyboard; name = Base; path = Base.lproj/LaunchScreen.storyboard; sourceTree = "<group>"; };
		808A3E9326C2E8EE003F9CEF /* Info.plist */ = {isa = PBXFileReference; lastKnownFileType = text.plist.xml; path = Info.plist; sourceTree = "<group>"; };
		E7B700C74C606FFEE92282DB /* Pods-Recommendations.debug.xcconfig */ = {isa = PBXFileReference; includeInIndex = 1; lastKnownFileType = text.xcconfig; name = "Pods-Recommendations.debug.xcconfig"; path = "Target Support Files/Pods-Recommendations/Pods-Recommendations.debug.xcconfig"; sourceTree = "<group>"; };
/* End PBXFileReference section */

/* Begin PBXFrameworksBuildPhase section */
		808A3E7F26C2E8EC003F9CEF /* Frameworks */ = {
			isa = PBXFrameworksBuildPhase;
			buildActionMask = 2147483647;
			files = (
				BCB0FF5F6E91B1401690E07D /* Pods_Recommendations.framework in Frameworks */,
			);
			runOnlyForDeploymentPostprocessing = 0;
		};
/* End PBXFrameworksBuildPhase section */

/* Begin PBXGroup section */
		1B465CB2889CD56E312E35E4 /* Frameworks */ = {
			isa = PBXGroup;
			children = (
				3453491E4FEC372B26E57D20 /* Pods_Recommendations.framework */,
			);
			name = Frameworks;
			sourceTree = "<group>";
		};
		808A3E7926C2E8EC003F9CEF = {
			isa = PBXGroup;
			children = (
				808A3E8426C2E8EC003F9CEF /* Recommendations */,
				808A3E8326C2E8EC003F9CEF /* Products */,
				8F9E711C2F4AC95910C8C967 /* Pods */,
				1B465CB2889CD56E312E35E4 /* Frameworks */,
			);
			sourceTree = "<group>";
		};
		808A3E8326C2E8EC003F9CEF /* Products */ = {
			isa = PBXGroup;
			children = (
				808A3E8226C2E8EC003F9CEF /* Recommendations.app */,
			);
			name = Products;
			sourceTree = "<group>";
		};
		808A3E8426C2E8EC003F9CEF /* Recommendations */ = {
			isa = PBXGroup;
			children = (
				808A3E8526C2E8EC003F9CEF /* AppDelegate.swift */,
				808A3E8726C2E8EC003F9CEF /* SceneDelegate.swift */,
				808A3E8926C2E8EC003F9CEF /* ViewController.swift */,
				808A3E8B26C2E8EC003F9CEF /* Main.storyboard */,
				808A3E8E26C2E8EE003F9CEF /* Assets.xcassets */,
				798722DB2A311B670052B204 /* SharedAssets.xcassets */,
				808A3E9026C2E8EE003F9CEF /* LaunchScreen.storyboard */,
				808A3E9326C2E8EE003F9CEF /* Info.plist */,
			);
			path = Recommendations;
			sourceTree = "<group>";
		};
		8F9E711C2F4AC95910C8C967 /* Pods */ = {
			isa = PBXGroup;
			children = (
				E7B700C74C606FFEE92282DB /* Pods-Recommendations.debug.xcconfig */,
				73B6CDF70BA108C73ACE3607 /* Pods-Recommendations.release.xcconfig */,
			);
			name = Pods;
			path = ../Pods;
			sourceTree = "<group>";
		};
/* End PBXGroup section */

/* Begin PBXNativeTarget section */
		808A3E8126C2E8EC003F9CEF /* Recommendations */ = {
			isa = PBXNativeTarget;
			buildConfigurationList = 808A3E9626C2E8EE003F9CEF /* Build configuration list for PBXNativeTarget "Recommendations" */;
			buildPhases = (
				502F59506FD11DA2F5D115F2 /* [CP] Check Pods Manifest.lock */,
				808A3E7E26C2E8EC003F9CEF /* Sources */,
				808A3E7F26C2E8EC003F9CEF /* Frameworks */,
				808A3E8026C2E8EC003F9CEF /* Resources */,
				2808F64CED85E83C25D7D004 /* [CP] Embed Pods Frameworks */,
			);
			buildRules = (
			);
			dependencies = (
			);
			name = Recommendations;
			productName = Recommendations;
			productReference = 808A3E8226C2E8EC003F9CEF /* Recommendations.app */;
			productType = "com.apple.product-type.application";
		};
/* End PBXNativeTarget section */

/* Begin PBXProject section */
		808A3E7A26C2E8EC003F9CEF /* Project object */ = {
			isa = PBXProject;
			attributes = {
				LastSwiftUpdateCheck = 1250;
				LastUpgradeCheck = 1250;
				TargetAttributes = {
					808A3E8126C2E8EC003F9CEF = {
						CreatedOnToolsVersion = 12.5.1;
					};
				};
			};
			buildConfigurationList = 808A3E7D26C2E8EC003F9CEF /* Build configuration list for PBXProject "Recommendations" */;
			compatibilityVersion = "Xcode 13.0";
			developmentRegion = en;
			hasScannedForEncodings = 0;
			knownRegions = (
				en,
				Base,
			);
			mainGroup = 808A3E7926C2E8EC003F9CEF;
			productRefGroup = 808A3E8326C2E8EC003F9CEF /* Products */;
			projectDirPath = "";
			projectRoot = "";
			targets = (
				808A3E8126C2E8EC003F9CEF /* Recommendations */,
			);
		};
/* End PBXProject section */

/* Begin PBXResourcesBuildPhase section */
		808A3E8026C2E8EC003F9CEF /* Resources */ = {
			isa = PBXResourcesBuildPhase;
			buildActionMask = 2147483647;
			files = (
				808A3E9226C2E8EE003F9CEF /* LaunchScreen.storyboard in Resources */,
				808A3E8F26C2E8EE003F9CEF /* Assets.xcassets in Resources */,
				808A3E8D26C2E8EC003F9CEF /* Main.storyboard in Resources */,
				798722DC2A311B670052B204 /* SharedAssets.xcassets in Resources */,
			);
			runOnlyForDeploymentPostprocessing = 0;
		};
/* End PBXResourcesBuildPhase section */

/* Begin PBXShellScriptBuildPhase section */
		2808F64CED85E83C25D7D004 /* [CP] Embed Pods Frameworks */ = {
			isa = PBXShellScriptBuildPhase;
			buildActionMask = 2147483647;
			files = (
			);
			inputFileListPaths = (
				"${PODS_ROOT}/Target Support Files/Pods-Recommendations/Pods-Recommendations-frameworks-${CONFIGURATION}-input-files.xcfilelist",
			);
			name = "[CP] Embed Pods Frameworks";
			outputFileListPaths = (
				"${PODS_ROOT}/Target Support Files/Pods-Recommendations/Pods-Recommendations-frameworks-${CONFIGURATION}-output-files.xcfilelist",
			);
			runOnlyForDeploymentPostprocessing = 0;
			shellPath = /bin/sh;
			shellScript = "\"${PODS_ROOT}/Target Support Files/Pods-Recommendations/Pods-Recommendations-frameworks.sh\"\n";
			showEnvVarsInLog = 0;
		};
		502F59506FD11DA2F5D115F2 /* [CP] Check Pods Manifest.lock */ = {
			isa = PBXShellScriptBuildPhase;
			buildActionMask = 2147483647;
			files = (
			);
			inputFileListPaths = (
			);
			inputPaths = (
				"${PODS_PODFILE_DIR_PATH}/Podfile.lock",
				"${PODS_ROOT}/Manifest.lock",
			);
			name = "[CP] Check Pods Manifest.lock";
			outputFileListPaths = (
			);
			outputPaths = (
				"$(DERIVED_FILE_DIR)/Pods-Recommendations-checkManifestLockResult.txt",
			);
			runOnlyForDeploymentPostprocessing = 0;
			shellPath = /bin/sh;
			shellScript = "diff \"${PODS_PODFILE_DIR_PATH}/Podfile.lock\" \"${PODS_ROOT}/Manifest.lock\" > /dev/null\nif [ $? != 0 ] ; then\n    # print error to STDERR\n    echo \"error: The sandbox is not in sync with the Podfile.lock. Run 'pod install' or update your CocoaPods installation.\" >&2\n    exit 1\nfi\n# This output is used by Xcode 'outputs' to avoid re-running this script phase.\necho \"SUCCESS\" > \"${SCRIPT_OUTPUT_FILE_0}\"\n";
			showEnvVarsInLog = 0;
		};
/* End PBXShellScriptBuildPhase section */

/* Begin PBXSourcesBuildPhase section */
		808A3E7E26C2E8EC003F9CEF /* Sources */ = {
			isa = PBXSourcesBuildPhase;
			buildActionMask = 2147483647;
			files = (
				808A3E8A26C2E8EC003F9CEF /* ViewController.swift in Sources */,
				808A3E8626C2E8EC003F9CEF /* AppDelegate.swift in Sources */,
				808A3E8826C2E8EC003F9CEF /* SceneDelegate.swift in Sources */,
			);
			runOnlyForDeploymentPostprocessing = 0;
		};
/* End PBXSourcesBuildPhase section */

/* Begin PBXVariantGroup section */
		808A3E8B26C2E8EC003F9CEF /* Main.storyboard */ = {
			isa = PBXVariantGroup;
			children = (
				808A3E8C26C2E8EC003F9CEF /* Base */,
			);
			name = Main.storyboard;
			sourceTree = "<group>";
		};
		808A3E9026C2E8EE003F9CEF /* LaunchScreen.storyboard */ = {
			isa = PBXVariantGroup;
			children = (
				808A3E9126C2E8EE003F9CEF /* Base */,
			);
			name = LaunchScreen.storyboard;
			sourceTree = "<group>";
		};
/* End PBXVariantGroup section */

/* Begin XCBuildConfiguration section */
		808A3E9426C2E8EE003F9CEF /* Debug */ = {
			isa = XCBuildConfiguration;
			buildSettings = {
				ALWAYS_SEARCH_USER_PATHS = NO;
				CLANG_ANALYZER_NONNULL = YES;
				CLANG_ANALYZER_NUMBER_OBJECT_CONVERSION = YES_AGGRESSIVE;
				CLANG_CXX_LANGUAGE_STANDARD = "gnu++14";
				CLANG_CXX_LIBRARY = "libc++";
				CLANG_ENABLE_MODULES = YES;
				CLANG_ENABLE_OBJC_ARC = YES;
				CLANG_ENABLE_OBJC_WEAK = YES;
				CLANG_WARN_BLOCK_CAPTURE_AUTORELEASING = YES;
				CLANG_WARN_BOOL_CONVERSION = YES;
				CLANG_WARN_COMMA = YES;
				CLANG_WARN_CONSTANT_CONVERSION = YES;
				CLANG_WARN_DEPRECATED_OBJC_IMPLEMENTATIONS = YES;
				CLANG_WARN_DIRECT_OBJC_ISA_USAGE = YES_ERROR;
				CLANG_WARN_DOCUMENTATION_COMMENTS = YES;
				CLANG_WARN_EMPTY_BODY = YES;
				CLANG_WARN_ENUM_CONVERSION = YES;
				CLANG_WARN_INFINITE_RECURSION = YES;
				CLANG_WARN_INT_CONVERSION = YES;
				CLANG_WARN_NON_LITERAL_NULL_CONVERSION = YES;
				CLANG_WARN_OBJC_IMPLICIT_RETAIN_SELF = YES;
				CLANG_WARN_OBJC_LITERAL_CONVERSION = YES;
				CLANG_WARN_OBJC_ROOT_CLASS = YES_ERROR;
				CLANG_WARN_QUOTED_INCLUDE_IN_FRAMEWORK_HEADER = YES;
				CLANG_WARN_RANGE_LOOP_ANALYSIS = YES;
				CLANG_WARN_STRICT_PROTOTYPES = YES;
				CLANG_WARN_SUSPICIOUS_MOVE = YES;
				CLANG_WARN_UNGUARDED_AVAILABILITY = YES_AGGRESSIVE;
				CLANG_WARN_UNREACHABLE_CODE = YES;
				CLANG_WARN__DUPLICATE_METHOD_MATCH = YES;
				COPY_PHASE_STRIP = NO;
				DEBUG_INFORMATION_FORMAT = dwarf;
				ENABLE_STRICT_OBJC_MSGSEND = YES;
				ENABLE_TESTABILITY = YES;
				GCC_C_LANGUAGE_STANDARD = gnu11;
				GCC_DYNAMIC_NO_PIC = NO;
				GCC_NO_COMMON_BLOCKS = YES;
				GCC_OPTIMIZATION_LEVEL = 0;
				GCC_PREPROCESSOR_DEFINITIONS = (
					"DEBUG=1",
					"$(inherited)",
				);
				GCC_WARN_64_TO_32_BIT_CONVERSION = YES;
				GCC_WARN_ABOUT_RETURN_TYPE = YES_ERROR;
				GCC_WARN_UNDECLARED_SELECTOR = YES;
				GCC_WARN_UNINITIALIZED_AUTOS = YES_AGGRESSIVE;
				GCC_WARN_UNUSED_FUNCTION = YES;
				GCC_WARN_UNUSED_VARIABLE = YES;
				IPHONEOS_DEPLOYMENT_TARGET = 12.0;
				MTL_ENABLE_DEBUG_INFO = INCLUDE_SOURCE;
				MTL_FAST_MATH = YES;
				ONLY_ACTIVE_ARCH = YES;
				SDKROOT = iphoneos;
				SWIFT_ACTIVE_COMPILATION_CONDITIONS = DEBUG;
				SWIFT_OPTIMIZATION_LEVEL = "-Onone";
			};
			name = Debug;
		};
		808A3E9526C2E8EE003F9CEF /* Release */ = {
			isa = XCBuildConfiguration;
			buildSettings = {
				ALWAYS_SEARCH_USER_PATHS = NO;
				CLANG_ANALYZER_NONNULL = YES;
				CLANG_ANALYZER_NUMBER_OBJECT_CONVERSION = YES_AGGRESSIVE;
				CLANG_CXX_LANGUAGE_STANDARD = "gnu++14";
				CLANG_CXX_LIBRARY = "libc++";
				CLANG_ENABLE_MODULES = YES;
				CLANG_ENABLE_OBJC_ARC = YES;
				CLANG_ENABLE_OBJC_WEAK = YES;
				CLANG_WARN_BLOCK_CAPTURE_AUTORELEASING = YES;
				CLANG_WARN_BOOL_CONVERSION = YES;
				CLANG_WARN_COMMA = YES;
				CLANG_WARN_CONSTANT_CONVERSION = YES;
				CLANG_WARN_DEPRECATED_OBJC_IMPLEMENTATIONS = YES;
				CLANG_WARN_DIRECT_OBJC_ISA_USAGE = YES_ERROR;
				CLANG_WARN_DOCUMENTATION_COMMENTS = YES;
				CLANG_WARN_EMPTY_BODY = YES;
				CLANG_WARN_ENUM_CONVERSION = YES;
				CLANG_WARN_INFINITE_RECURSION = YES;
				CLANG_WARN_INT_CONVERSION = YES;
				CLANG_WARN_NON_LITERAL_NULL_CONVERSION = YES;
				CLANG_WARN_OBJC_IMPLICIT_RETAIN_SELF = YES;
				CLANG_WARN_OBJC_LITERAL_CONVERSION = YES;
				CLANG_WARN_OBJC_ROOT_CLASS = YES_ERROR;
				CLANG_WARN_QUOTED_INCLUDE_IN_FRAMEWORK_HEADER = YES;
				CLANG_WARN_RANGE_LOOP_ANALYSIS = YES;
				CLANG_WARN_STRICT_PROTOTYPES = YES;
				CLANG_WARN_SUSPICIOUS_MOVE = YES;
				CLANG_WARN_UNGUARDED_AVAILABILITY = YES_AGGRESSIVE;
				CLANG_WARN_UNREACHABLE_CODE = YES;
				CLANG_WARN__DUPLICATE_METHOD_MATCH = YES;
				COPY_PHASE_STRIP = NO;
				DEBUG_INFORMATION_FORMAT = "dwarf-with-dsym";
				ENABLE_NS_ASSERTIONS = NO;
				ENABLE_STRICT_OBJC_MSGSEND = YES;
				GCC_C_LANGUAGE_STANDARD = gnu11;
				GCC_NO_COMMON_BLOCKS = YES;
				GCC_WARN_64_TO_32_BIT_CONVERSION = YES;
				GCC_WARN_ABOUT_RETURN_TYPE = YES_ERROR;
				GCC_WARN_UNDECLARED_SELECTOR = YES;
				GCC_WARN_UNINITIALIZED_AUTOS = YES_AGGRESSIVE;
				GCC_WARN_UNUSED_FUNCTION = YES;
				GCC_WARN_UNUSED_VARIABLE = YES;
				IPHONEOS_DEPLOYMENT_TARGET = 12.0;
				MTL_ENABLE_DEBUG_INFO = NO;
				MTL_FAST_MATH = YES;
				SDKROOT = iphoneos;
				SWIFT_COMPILATION_MODE = wholemodule;
				SWIFT_OPTIMIZATION_LEVEL = "-O";
				VALIDATE_PRODUCT = YES;
			};
			name = Release;
		};
		808A3E9726C2E8EE003F9CEF /* Debug */ = {
			isa = XCBuildConfiguration;
			baseConfigurationReference = E7B700C74C606FFEE92282DB /* Pods-Recommendations.debug.xcconfig */;
			buildSettings = {
				ASSETCATALOG_COMPILER_APPICON_NAME = AppIcon;
				ASSETCATALOG_COMPILER_GLOBAL_ACCENT_COLOR_NAME = AccentColor;
				CODE_SIGN_STYLE = Automatic;
				INFOPLIST_FILE = Recommendations/Info.plist;
				IPHONEOS_DEPLOYMENT_TARGET = 12.0;
				LD_RUNPATH_SEARCH_PATHS = (
					"$(inherited)",
					"@executable_path/Frameworks",
				);
				PRODUCT_BUNDLE_IDENTIFIER = com.jwplayer.Recommendations;
				PRODUCT_NAME = "$(TARGET_NAME)";
				SWIFT_VERSION = 5.0;
				TARGETED_DEVICE_FAMILY = "1,2";
			};
			name = Debug;
		};
		808A3E9826C2E8EE003F9CEF /* Release */ = {
			isa = XCBuildConfiguration;
			baseConfigurationReference = 73B6CDF70BA108C73ACE3607 /* Pods-Recommendations.release.xcconfig */;
			buildSettings = {
				ASSETCATALOG_COMPILER_APPICON_NAME = AppIcon;
				ASSETCATALOG_COMPILER_GLOBAL_ACCENT_COLOR_NAME = AccentColor;
				CODE_SIGN_STYLE = Automatic;
				INFOPLIST_FILE = Recommendations/Info.plist;
				IPHONEOS_DEPLOYMENT_TARGET = 12.0;
				LD_RUNPATH_SEARCH_PATHS = (
					"$(inherited)",
					"@executable_path/Frameworks",
				);
				PRODUCT_BUNDLE_IDENTIFIER = com.jwplayer.Recommendations;
				PRODUCT_NAME = "$(TARGET_NAME)";
				SWIFT_VERSION = 5.0;
				TARGETED_DEVICE_FAMILY = "1,2";
			};
			name = Release;
		};
/* End XCBuildConfiguration section */

/* Begin XCConfigurationList section */
		808A3E7D26C2E8EC003F9CEF /* Build configuration list for PBXProject "Recommendations" */ = {
			isa = XCConfigurationList;
			buildConfigurations = (
				808A3E9426C2E8EE003F9CEF /* Debug */,
				808A3E9526C2E8EE003F9CEF /* Release */,
			);
			defaultConfigurationIsVisible = 0;
			defaultConfigurationName = Release;
		};
		808A3E9626C2E8EE003F9CEF /* Build configuration list for PBXNativeTarget "Recommendations" */ = {
			isa = XCConfigurationList;
			buildConfigurations = (
				808A3E9726C2E8EE003F9CEF /* Debug */,
				808A3E9826C2E8EE003F9CEF /* Release */,
			);
			defaultConfigurationIsVisible = 0;
			defaultConfigurationName = Release;
		};
/* End XCConfigurationList section */
	};
	rootObject = 808A3E7A26C2E8EC003F9CEF /* Project object */;
}
