// !$*UTF8*$!
{
	archiveVersion = 1;
	classes = {
	};
	objectVersion = 56;
	objects = {

/* Begin PBXBuildFile section */
		79101CA2298B382700FA78F6 /* AppDelegate.swift in Sources */ = {isa = PBXBuildFile; fileRef = 79101CA1298B382700FA78F6 /* AppDelegate.swift */; };
		79101CA4298B382700FA78F6 /* SceneDelegate.swift in Sources */ = {isa = PBXBuildFile; fileRef = 79101CA3298B382700FA78F6 /* SceneDelegate.swift */; };
		79101CA6298B382700FA78F6 /* ViewController.swift in Sources */ = {isa = PBXBuildFile; fileRef = 79101CA5298B382700FA78F6 /* ViewController.swift */; };
		79101CA9298B382700FA78F6 /* Main.storyboard in Resources */ = {isa = PBXBuildFile; fileRef = 79101CA7298B382700FA78F6 /* Main.storyboard */; };
		79101CAB298B382800FA78F6 /* Assets.xcassets in Resources */ = {isa = PBXBuildFile; fileRef = 79101CAA298B382800FA78F6 /* Assets.xcassets */; };
		79101CAE298B382800FA78F6 /* LaunchScreen.storyboard in Resources */ = {isa = PBXBuildFile; fileRef = 79101CAC298B382800FA78F6 /* LaunchScreen.storyboard */; };
		79117013298C6FDD00566481 /* PlayerViewController.swift in Sources */ = {isa = PBXBuildFile; fileRef = 79117012298C6FDD00566481 /* PlayerViewController.swift */; };
		79117015298C742200566481 /* README.md in Resources */ = {isa = PBXBuildFile; fileRef = 79117014298C742200566481 /* README.md */; };
		79CB3B7E2A40C72700F74707 /* SharedAssets.xcassets in Resources */ = {isa = PBXBuildFile; fileRef = 79CB3B7D2A40C72700F74707 /* SharedAssets.xcassets */; };
		904D4A373FE4E96955DF49F5 /* Pods_Google_IMA_Companion_Ads.framework in Frameworks */ = {isa = PBXBuildFile; fileRef = 70DA28E97C07BAC31CACAD73 /* Pods_Google_IMA_Companion_Ads.framework */; };
/* End PBXBuildFile section */

/* Begin PBXCopyFilesBuildPhase section */
		79117011298C677B00566481 /* Embed Frameworks */ = {
			isa = PBXCopyFilesBuildPhase;
			buildActionMask = 2147483647;
			dstPath = "";
			dstSubfolderSpec = 10;
			files = (
			);
			name = "Embed Frameworks";
			runOnlyForDeploymentPostprocessing = 0;
		};
/* End PBXCopyFilesBuildPhase section */

/* Begin PBXFileReference section */
		34480B5E4C129A86F7D3A5D3 /* Pods-Google IMA Companion Ads.debug.xcconfig */ = {isa = PBXFileReference; includeInIndex = 1; lastKnownFileType = text.xcconfig; name = "Pods-Google IMA Companion Ads.debug.xcconfig"; path = "Target Support Files/Pods-Google IMA Companion Ads/Pods-Google IMA Companion Ads.debug.xcconfig"; sourceTree = "<group>"; };
		65FE4BA4E4014F3A7D873DB7 /* Pods-Google IMA Companion Ads.release.xcconfig */ = {isa = PBXFileReference; includeInIndex = 1; lastKnownFileType = text.xcconfig; name = "Pods-Google IMA Companion Ads.release.xcconfig"; path = "Target Support Files/Pods-Google IMA Companion Ads/Pods-Google IMA Companion Ads.release.xcconfig"; sourceTree = "<group>"; };
		70DA28E97C07BAC31CACAD73 /* Pods_Google_IMA_Companion_Ads.framework */ = {isa = PBXFileReference; explicitFileType = wrapper.framework; includeInIndex = 0; path = Pods_Google_IMA_Companion_Ads.framework; sourceTree = BUILT_PRODUCTS_DIR; };
		79101C9E298B382700FA78F6 /* Google IMA Companion Ads.app */ = {isa = PBXFileReference; explicitFileType = wrapper.application; includeInIndex = 0; path = "Google IMA Companion Ads.app"; sourceTree = BUILT_PRODUCTS_DIR; };
		79101CA1298B382700FA78F6 /* AppDelegate.swift */ = {isa = PBXFileReference; lastKnownFileType = sourcecode.swift; path = AppDelegate.swift; sourceTree = "<group>"; };
		79101CA3298B382700FA78F6 /* SceneDelegate.swift */ = {isa = PBXFileReference; lastKnownFileType = sourcecode.swift; path = SceneDelegate.swift; sourceTree = "<group>"; };
		79101CA5298B382700FA78F6 /* ViewController.swift */ = {isa = PBXFileReference; lastKnownFileType = sourcecode.swift; path = ViewController.swift; sourceTree = "<group>"; };
		79101CA8298B382700FA78F6 /* Base */ = {isa = PBXFileReference; lastKnownFileType = file.storyboard; name = Base; path = Base.lproj/Main.storyboard; sourceTree = "<group>"; };
		79101CAA298B382800FA78F6 /* Assets.xcassets */ = {isa = PBXFileReference; lastKnownFileType = folder.assetcatalog; path = Assets.xcassets; sourceTree = "<group>"; };
		79101CAD298B382800FA78F6 /* Base */ = {isa = PBXFileReference; lastKnownFileType = file.storyboard; name = Base; path = Base.lproj/LaunchScreen.storyboard; sourceTree = "<group>"; };
		79101CAF298B382800FA78F6 /* Info.plist */ = {isa = PBXFileReference; lastKnownFileType = text.plist.xml; path = Info.plist; sourceTree = "<group>"; };
		79117012298C6FDD00566481 /* PlayerViewController.swift */ = {isa = PBXFileReference; lastKnownFileType = sourcecode.swift; path = PlayerViewController.swift; sourceTree = "<group>"; };
		79117014298C742200566481 /* README.md */ = {isa = PBXFileReference; fileEncoding = 4; lastKnownFileType = net.daringfireball.markdown; path = README.md; sourceTree = "<group>"; };
		79117016298C749300566481 /* GoogleInteractiveMediaAds.framework */ = {isa = PBXFileReference; lastKnownFileType = wrapper.framework; name = GoogleInteractiveMediaAds.framework; path = "../Pods/GoogleAds-IMA-iOS-SDK/GoogleInteractiveMediaAds.framework"; sourceTree = "<group>"; };
		79CB3B7D2A40C72700F74707 /* SharedAssets.xcassets */ = {isa = PBXFileReference; lastKnownFileType = folder.assetcatalog; name = SharedAssets.xcassets; path = ../../SharedAssets.xcassets; sourceTree = "<group>"; };
/* End PBXFileReference section */

/* Begin PBXFrameworksBuildPhase section */
		79101C9B298B382700FA78F6 /* Frameworks */ = {
			isa = PBXFrameworksBuildPhase;
			buildActionMask = 2147483647;
			files = (
				904D4A373FE4E96955DF49F5 /* Pods_Google_IMA_Companion_Ads.framework in Frameworks */,
			);
			runOnlyForDeploymentPostprocessing = 0;
		};
/* End PBXFrameworksBuildPhase section */

/* Begin PBXGroup section */
		43C68CB753E40B1BB03A1244 /* Pods */ = {
			isa = PBXGroup;
			children = (
				34480B5E4C129A86F7D3A5D3 /* Pods-Google IMA Companion Ads.debug.xcconfig */,
				65FE4BA4E4014F3A7D873DB7 /* Pods-Google IMA Companion Ads.release.xcconfig */,
			);
			name = Pods;
			path = ../Pods;
			sourceTree = "<group>";
		};
		79101C95298B382700FA78F6 = {
			isa = PBXGroup;
			children = (
				79117014298C742200566481 /* README.md */,
				79101CA0298B382700FA78F6 /* Google IMA Companion Ads */,
				79101C9F298B382700FA78F6 /* Products */,
				7911700E298C677B00566481 /* Frameworks */,
				43C68CB753E40B1BB03A1244 /* Pods */,
			);
			sourceTree = "<group>";
		};
		79101C9F298B382700FA78F6 /* Products */ = {
			isa = PBXGroup;
			children = (
				79101C9E298B382700FA78F6 /* Google IMA Companion Ads.app */,
			);
			name = Products;
			sourceTree = "<group>";
		};
		79101CA0298B382700FA78F6 /* Google IMA Companion Ads */ = {
			isa = PBXGroup;
			children = (
				79101CA1298B382700FA78F6 /* AppDelegate.swift */,
				79101CA3298B382700FA78F6 /* SceneDelegate.swift */,
				79101CA5298B382700FA78F6 /* ViewController.swift */,
				79117012298C6FDD00566481 /* PlayerViewController.swift */,
				79101CA7298B382700FA78F6 /* Main.storyboard */,
				79101CAA298B382800FA78F6 /* Assets.xcassets */,
				79CB3B7D2A40C72700F74707 /* SharedAssets.xcassets */,
				79101CAC298B382800FA78F6 /* LaunchScreen.storyboard */,
				79101CAF298B382800FA78F6 /* Info.plist */,
			);
			path = "Google IMA Companion Ads";
			sourceTree = "<group>";
		};
		7911700E298C677B00566481 /* Frameworks */ = {
			isa = PBXGroup;
			children = (
				79117016298C749300566481 /* GoogleInteractiveMediaAds.framework */,
				70DA28E97C07BAC31CACAD73 /* Pods_Google_IMA_Companion_Ads.framework */,
			);
			name = Frameworks;
			sourceTree = "<group>";
		};
/* End PBXGroup section */

/* Begin PBXNativeTarget section */
		79101C9D298B382700FA78F6 /* Google IMA Companion Ads */ = {
			isa = PBXNativeTarget;
			buildConfigurationList = 79101CB2298B382800FA78F6 /* Build configuration list for PBXNativeTarget "Google IMA Companion Ads" */;
			buildPhases = (
				C0FAA3DAE853CEECF6184CD7 /* [CP] Check Pods Manifest.lock */,
				79101C9A298B382700FA78F6 /* Sources */,
				79101C9B298B382700FA78F6 /* Frameworks */,
				79101C9C298B382700FA78F6 /* Resources */,
				79117011298C677B00566481 /* Embed Frameworks */,
				11A130A0A2FD7E40A23D466E /* [CP] Embed Pods Frameworks */,
			);
			buildRules = (
			);
			dependencies = (
			);
			name = "Google IMA Companion Ads";
			productName = "Google IMA companion ads";
			productReference = 79101C9E298B382700FA78F6 /* Google IMA Companion Ads.app */;
			productType = "com.apple.product-type.application";
		};
/* End PBXNativeTarget section */

/* Begin PBXProject section */
		79101C96298B382700FA78F6 /* Project object */ = {
			isa = PBXProject;
			attributes = {
				BuildIndependentTargetsInParallel = 1;
				LastSwiftUpdateCheck = 1420;
				LastUpgradeCheck = 1420;
				TargetAttributes = {
					79101C9D298B382700FA78F6 = {
						CreatedOnToolsVersion = 14.2;
					};
				};
			};
			buildConfigurationList = 79101C99298B382700FA78F6 /* Build configuration list for PBXProject "Google IMA Companion Ads" */;
			compatibilityVersion = "Xcode 14.0";
			developmentRegion = en;
			hasScannedForEncodings = 0;
			knownRegions = (
				en,
				Base,
			);
			mainGroup = 79101C95298B382700FA78F6;
			productRefGroup = 79101C9F298B382700FA78F6 /* Products */;
			projectDirPath = "";
			projectRoot = "";
			targets = (
				79101C9D298B382700FA78F6 /* Google IMA Companion Ads */,
			);
		};
/* End PBXProject section */

/* Begin PBXResourcesBuildPhase section */
		79101C9C298B382700FA78F6 /* Resources */ = {
			isa = PBXResourcesBuildPhase;
			buildActionMask = 2147483647;
			files = (
				79CB3B7E2A40C72700F74707 /* SharedAssets.xcassets in Resources */,
				79101CAE298B382800FA78F6 /* LaunchScreen.storyboard in Resources */,
				79101CAB298B382800FA78F6 /* Assets.xcassets in Resources */,
				79117015298C742200566481 /* README.md in Resources */,
				79101CA9298B382700FA78F6 /* Main.storyboard in Resources */,
			);
			runOnlyForDeploymentPostprocessing = 0;
		};
/* End PBXResourcesBuildPhase section */

/* Begin PBXShellScriptBuildPhase section */
		11A130A0A2FD7E40A23D466E /* [CP] Embed Pods Frameworks */ = {
			isa = PBXShellScriptBuildPhase;
			buildActionMask = 2147483647;
			files = (
			);
			inputFileListPaths = (
				"${PODS_ROOT}/Target Support Files/Pods-Google IMA Companion Ads/Pods-Google IMA Companion Ads-frameworks-${CONFIGURATION}-input-files.xcfilelist",
			);
			name = "[CP] Embed Pods Frameworks";
			outputFileListPaths = (
				"${PODS_ROOT}/Target Support Files/Pods-Google IMA Companion Ads/Pods-Google IMA Companion Ads-frameworks-${CONFIGURATION}-output-files.xcfilelist",
			);
			runOnlyForDeploymentPostprocessing = 0;
			shellPath = /bin/sh;
			shellScript = "\"${PODS_ROOT}/Target Support Files/Pods-Google IMA Companion Ads/Pods-Google IMA Companion Ads-frameworks.sh\"\n";
			showEnvVarsInLog = 0;
		};
		C0FAA3DAE853CEECF6184CD7 /* [CP] Check Pods Manifest.lock */ = {
			isa = PBXShellScriptBuildPhase;
			buildActionMask = 2147483647;
			files = (
			);
			inputFileListPaths = (
			);
			inputPaths = (
				"${PODS_PODFILE_DIR_PATH}/Podfile.lock",
				"${PODS_ROOT}/Manifest.lock",
			);
			name = "[CP] Check Pods Manifest.lock";
			outputFileListPaths = (
			);
			outputPaths = (
				"$(DERIVED_FILE_DIR)/Pods-Google IMA Companion Ads-checkManifestLockResult.txt",
			);
			runOnlyForDeploymentPostprocessing = 0;
			shellPath = /bin/sh;
			shellScript = "diff \"${PODS_PODFILE_DIR_PATH}/Podfile.lock\" \"${PODS_ROOT}/Manifest.lock\" > /dev/null\nif [ $? != 0 ] ; then\n    # print error to STDERR\n    echo \"error: The sandbox is not in sync with the Podfile.lock. Run 'pod install' or update your CocoaPods installation.\" >&2\n    exit 1\nfi\n# This output is used by Xcode 'outputs' to avoid re-running this script phase.\necho \"SUCCESS\" > \"${SCRIPT_OUTPUT_FILE_0}\"\n";
			showEnvVarsInLog = 0;
		};
/* End PBXShellScriptBuildPhase section */

/* Begin PBXSourcesBuildPhase section */
		79101C9A298B382700FA78F6 /* Sources */ = {
			isa = PBXSourcesBuildPhase;
			buildActionMask = 2147483647;
			files = (
				79101CA6298B382700FA78F6 /* ViewController.swift in Sources */,
				79117013298C6FDD00566481 /* PlayerViewController.swift in Sources */,
				79101CA2298B382700FA78F6 /* AppDelegate.swift in Sources */,
				79101CA4298B382700FA78F6 /* SceneDelegate.swift in Sources */,
			);
			runOnlyForDeploymentPostprocessing = 0;
		};
/* End PBXSourcesBuildPhase section */

/* Begin PBXVariantGroup section */
		79101CA7298B382700FA78F6 /* Main.storyboard */ = {
			isa = PBXVariantGroup;
			children = (
				79101CA8298B382700FA78F6 /* Base */,
			);
			name = Main.storyboard;
			sourceTree = "<group>";
		};
		79101CAC298B382800FA78F6 /* LaunchScreen.storyboard */ = {
			isa = PBXVariantGroup;
			children = (
				79101CAD298B382800FA78F6 /* Base */,
			);
			name = LaunchScreen.storyboard;
			sourceTree = "<group>";
		};
/* End PBXVariantGroup section */

/* Begin XCBuildConfiguration section */
		79101CB0298B382800FA78F6 /* Debug */ = {
			isa = XCBuildConfiguration;
			buildSettings = {
				ALWAYS_SEARCH_USER_PATHS = NO;
				CLANG_ANALYZER_NONNULL = YES;
				CLANG_ANALYZER_NUMBER_OBJECT_CONVERSION = YES_AGGRESSIVE;
				CLANG_CXX_LANGUAGE_STANDARD = "gnu++20";
				CLANG_ENABLE_MODULES = YES;
				CLANG_ENABLE_OBJC_ARC = YES;
				CLANG_ENABLE_OBJC_WEAK = YES;
				CLANG_WARN_BLOCK_CAPTURE_AUTORELEASING = YES;
				CLANG_WARN_BOOL_CONVERSION = YES;
				CLANG_WARN_COMMA = YES;
				CLANG_WARN_CONSTANT_CONVERSION = YES;
				CLANG_WARN_DEPRECATED_OBJC_IMPLEMENTATIONS = YES;
				CLANG_WARN_DIRECT_OBJC_ISA_USAGE = YES_ERROR;
				CLANG_WARN_DOCUMENTATION_COMMENTS = YES;
				CLANG_WARN_EMPTY_BODY = YES;
				CLANG_WARN_ENUM_CONVERSION = YES;
				CLANG_WARN_INFINITE_RECURSION = YES;
				CLANG_WARN_INT_CONVERSION = YES;
				CLANG_WARN_NON_LITERAL_NULL_CONVERSION = YES;
				CLANG_WARN_OBJC_IMPLICIT_RETAIN_SELF = YES;
				CLANG_WARN_OBJC_LITERAL_CONVERSION = YES;
				CLANG_WARN_OBJC_ROOT_CLASS = YES_ERROR;
				CLANG_WARN_QUOTED_INCLUDE_IN_FRAMEWORK_HEADER = YES;
				CLANG_WARN_RANGE_LOOP_ANALYSIS = YES;
				CLANG_WARN_STRICT_PROTOTYPES = YES;
				CLANG_WARN_SUSPICIOUS_MOVE = YES;
				CLANG_WARN_UNGUARDED_AVAILABILITY = YES_AGGRESSIVE;
				CLANG_WARN_UNREACHABLE_CODE = YES;
				CLANG_WARN__DUPLICATE_METHOD_MATCH = YES;
				COPY_PHASE_STRIP = NO;
				DEBUG_INFORMATION_FORMAT = dwarf;
				ENABLE_STRICT_OBJC_MSGSEND = YES;
				ENABLE_TESTABILITY = YES;
				GCC_C_LANGUAGE_STANDARD = gnu11;
				GCC_DYNAMIC_NO_PIC = NO;
				GCC_NO_COMMON_BLOCKS = YES;
				GCC_OPTIMIZATION_LEVEL = 0;
				GCC_PREPROCESSOR_DEFINITIONS = (
					"DEBUG=1",
					"$(inherited)",
				);
				GCC_WARN_64_TO_32_BIT_CONVERSION = YES;
				GCC_WARN_ABOUT_RETURN_TYPE = YES_ERROR;
				GCC_WARN_UNDECLARED_SELECTOR = YES;
				GCC_WARN_UNINITIALIZED_AUTOS = YES_AGGRESSIVE;
				GCC_WARN_UNUSED_FUNCTION = YES;
				GCC_WARN_UNUSED_VARIABLE = YES;
				IPHONEOS_DEPLOYMENT_TARGET = 14.0;
				MTL_ENABLE_DEBUG_INFO = INCLUDE_SOURCE;
				MTL_FAST_MATH = YES;
				ONLY_ACTIVE_ARCH = YES;
				SDKROOT = iphoneos;
				SWIFT_ACTIVE_COMPILATION_CONDITIONS = DEBUG;
				SWIFT_OPTIMIZATION_LEVEL = "-Onone";
			};
			name = Debug;
		};
		79101CB1298B382800FA78F6 /* Release */ = {
			isa = XCBuildConfiguration;
			buildSettings = {
				ALWAYS_SEARCH_USER_PATHS = NO;
				CLANG_ANALYZER_NONNULL = YES;
				CLANG_ANALYZER_NUMBER_OBJECT_CONVERSION = YES_AGGRESSIVE;
				CLANG_CXX_LANGUAGE_STANDARD = "gnu++20";
				CLANG_ENABLE_MODULES = YES;
				CLANG_ENABLE_OBJC_ARC = YES;
				CLANG_ENABLE_OBJC_WEAK = YES;
				CLANG_WARN_BLOCK_CAPTURE_AUTORELEASING = YES;
				CLANG_WARN_BOOL_CONVERSION = YES;
				CLANG_WARN_COMMA = YES;
				CLANG_WARN_CONSTANT_CONVERSION = YES;
				CLANG_WARN_DEPRECATED_OBJC_IMPLEMENTATIONS = YES;
				CLANG_WARN_DIRECT_OBJC_ISA_USAGE = YES_ERROR;
				CLANG_WARN_DOCUMENTATION_COMMENTS = YES;
				CLANG_WARN_EMPTY_BODY = YES;
				CLANG_WARN_ENUM_CONVERSION = YES;
				CLANG_WARN_INFINITE_RECURSION = YES;
				CLANG_WARN_INT_CONVERSION = YES;
				CLANG_WARN_NON_LITERAL_NULL_CONVERSION = YES;
				CLANG_WARN_OBJC_IMPLICIT_RETAIN_SELF = YES;
				CLANG_WARN_OBJC_LITERAL_CONVERSION = YES;
				CLANG_WARN_OBJC_ROOT_CLASS = YES_ERROR;
				CLANG_WARN_QUOTED_INCLUDE_IN_FRAMEWORK_HEADER = YES;
				CLANG_WARN_RANGE_LOOP_ANALYSIS = YES;
				CLANG_WARN_STRICT_PROTOTYPES = YES;
				CLANG_WARN_SUSPICIOUS_MOVE = YES;
				CLANG_WARN_UNGUARDED_AVAILABILITY = YES_AGGRESSIVE;
				CLANG_WARN_UNREACHABLE_CODE = YES;
				CLANG_WARN__DUPLICATE_METHOD_MATCH = YES;
				COPY_PHASE_STRIP = NO;
				DEBUG_INFORMATION_FORMAT = "dwarf-with-dsym";
				ENABLE_NS_ASSERTIONS = NO;
				ENABLE_STRICT_OBJC_MSGSEND = YES;
				GCC_C_LANGUAGE_STANDARD = gnu11;
				GCC_NO_COMMON_BLOCKS = YES;
				GCC_WARN_64_TO_32_BIT_CONVERSION = YES;
				GCC_WARN_ABOUT_RETURN_TYPE = YES_ERROR;
				GCC_WARN_UNDECLARED_SELECTOR = YES;
				GCC_WARN_UNINITIALIZED_AUTOS = YES_AGGRESSIVE;
				GCC_WARN_UNUSED_FUNCTION = YES;
				GCC_WARN_UNUSED_VARIABLE = YES;
				IPHONEOS_DEPLOYMENT_TARGET = 14.0;
				MTL_ENABLE_DEBUG_INFO = NO;
				MTL_FAST_MATH = YES;
				SDKROOT = iphoneos;
				SWIFT_COMPILATION_MODE = wholemodule;
				SWIFT_OPTIMIZATION_LEVEL = "-O";
				VALIDATE_PRODUCT = YES;
			};
			name = Release;
		};
		79101CB3298B382800FA78F6 /* Debug */ = {
			isa = XCBuildConfiguration;
			baseConfigurationReference = 34480B5E4C129A86F7D3A5D3 /* Pods-Google IMA Companion Ads.debug.xcconfig */;
			buildSettings = {
				ASSETCATALOG_COMPILER_APPICON_NAME = AppIcon;
				ASSETCATALOG_COMPILER_GLOBAL_ACCENT_COLOR_NAME = AccentColor;
				CODE_SIGN_STYLE = Automatic;
				CURRENT_PROJECT_VERSION = 1;
				FRAMEWORK_SEARCH_PATHS = (
					"$(inherited)",
					"$(PROJECT_DIR)",
				);
				GENERATE_INFOPLIST_FILE = YES;
				INFOPLIST_FILE = "Google IMA companion ads/Info.plist";
				INFOPLIST_KEY_UIApplicationSupportsIndirectInputEvents = YES;
				INFOPLIST_KEY_UILaunchStoryboardName = LaunchScreen;
				INFOPLIST_KEY_UIMainStoryboardFile = Main;
				INFOPLIST_KEY_UISupportedInterfaceOrientations_iPad = "UIInterfaceOrientationPortrait UIInterfaceOrientationPortraitUpsideDown UIInterfaceOrientationLandscapeLeft UIInterfaceOrientationLandscapeRight";
				INFOPLIST_KEY_UISupportedInterfaceOrientations_iPhone = "UIInterfaceOrientationPortrait UIInterfaceOrientationLandscapeLeft UIInterfaceOrientationLandscapeRight";
				LD_RUNPATH_SEARCH_PATHS = (
					"$(inherited)",
					"@executable_path/Frameworks",
				);
				MARKETING_VERSION = 1.0;
				PRODUCT_BUNDLE_IDENTIFIER = "com.jwplayer.Google-IMA-Companion-Ads";
				PRODUCT_NAME = "$(TARGET_NAME)";
				SWIFT_EMIT_LOC_STRINGS = YES;
				SWIFT_VERSION = 5.0;
				TARGETED_DEVICE_FAMILY = "1,2";
			};
			name = Debug;
		};
		79101CB4298B382800FA78F6 /* Release */ = {
			isa = XCBuildConfiguration;
			baseConfigurationReference = 65FE4BA4E4014F3A7D873DB7 /* Pods-Google IMA Companion Ads.release.xcconfig */;
			buildSettings = {
				ASSETCATALOG_COMPILER_APPICON_NAME = AppIcon;
				ASSETCATALOG_COMPILER_GLOBAL_ACCENT_COLOR_NAME = AccentColor;
				CODE_SIGN_STYLE = Automatic;
				CURRENT_PROJECT_VERSION = 1;
				FRAMEWORK_SEARCH_PATHS = (
					"$(inherited)",
					"$(PROJECT_DIR)",
				);
				GENERATE_INFOPLIST_FILE = YES;
				INFOPLIST_FILE = "Google IMA companion ads/Info.plist";
				INFOPLIST_KEY_UIApplicationSupportsIndirectInputEvents = YES;
				INFOPLIST_KEY_UILaunchStoryboardName = LaunchScreen;
				INFOPLIST_KEY_UIMainStoryboardFile = Main;
				INFOPLIST_KEY_UISupportedInterfaceOrientations_iPad = "UIInterfaceOrientationPortrait UIInterfaceOrientationPortraitUpsideDown UIInterfaceOrientationLandscapeLeft UIInterfaceOrientationLandscapeRight";
				INFOPLIST_KEY_UISupportedInterfaceOrientations_iPhone = "UIInterfaceOrientationPortrait UIInterfaceOrientationLandscapeLeft UIInterfaceOrientationLandscapeRight";
				LD_RUNPATH_SEARCH_PATHS = (
					"$(inherited)",
					"@executable_path/Frameworks",
				);
				MARKETING_VERSION = 1.0;
				PRODUCT_BUNDLE_IDENTIFIER = "com.jwplayer.Google-IMA-Companion-Ads";
				PRODUCT_NAME = "$(TARGET_NAME)";
				SWIFT_EMIT_LOC_STRINGS = YES;
				SWIFT_VERSION = 5.0;
				TARGETED_DEVICE_FAMILY = "1,2";
			};
			name = Release;
		};
/* End XCBuildConfiguration section */

/* Begin XCConfigurationList section */
		79101C99298B382700FA78F6 /* Build configuration list for PBXProject "Google IMA Companion Ads" */ = {
			isa = XCConfigurationList;
			buildConfigurations = (
				79101CB0298B382800FA78F6 /* Debug */,
				79101CB1298B382800FA78F6 /* Release */,
			);
			defaultConfigurationIsVisible = 0;
			defaultConfigurationName = Release;
		};
		79101CB2298B382800FA78F6 /* Build configuration list for PBXNativeTarget "Google IMA Companion Ads" */ = {
			isa = XCConfigurationList;
			buildConfigurations = (
				79101CB3298B382800FA78F6 /* Debug */,
				79101CB4298B382800FA78F6 /* Release */,
			);
			defaultConfigurationIsVisible = 0;
			defaultConfigurationName = Release;
		};
/* End XCConfigurationList section */
	};
	rootObject = 79101C96298B382700FA78F6 /* Project object */;
}
